
Microsoft Visual Studio Solution File, Format Version 12.00
# Visual Studio Version 17
VisualStudioVersion = 17.1.32414.318
MinimumVisualStudioVersion = 10.0.40219.1
Project("{D954291E-2A0B-460D-934E-DC6B0785DB48}") = "HelloWorld.Shared", "src\HelloWorld.Shared\HelloWorld.Shared.shproj", "{6279C845-92F8-4333-AB99-3D213163593C}"
EndProject
Project("{2150E333-8FDC-42A3-9474-1A3956D46DE8}") = "Platforms", "Platforms", "{5EF7CAD3-B839-44E4-9D62-B25C0D32B589}"
EndProject
Project("{FAE04EC0-301F-11D3-BF4B-00C04F79EFBC}") = "HelloWorld.Droid", "src\HelloWorld.Droid\HelloWorld.Droid.csproj", "{2E8C060F-67C3-4EC7-9891-752575BF6427}"
EndProject
Project("{FAE04EC0-301F-11D3-BF4B-00C04F79EFBC}") = "HelloWorld.iOS", "src\HelloWorld.iOS\HelloWorld.iOS.csproj", "{642E5A60-4224-413B-8DEE-DA3044081BBE}"
EndProject
Project("{FAE04EC0-301F-11D3-BF4B-00C04F79EFBC}") = "HelloWorld.UWP", "src\HelloWorld.UWP\HelloWorld.UWP.csproj", "{57A287D9-2C97-4ED1-BBE1-99C931DDFE04}"
EndProject
Project("{9A19103F-16F7-4668-BE54-9A1E7A4F7556}") = "HelloWorld.Wasm", "src\HelloWorld.Wasm\HelloWorld.Wasm.csproj", "{B8296FB3-084E-4C3C-8D78-A9F842DB1CE5}"
EndProject
Project("{FAE04EC0-301F-11D3-BF4B-00C04F79EFBC}") = "HelloWorld.macOS", "src\HelloWorld.macOS\HelloWorld.macOS.csproj", "{1A79C7BF-C92E-4009-A340-CDC937E0E620}"
EndProject
Project("{9A19103F-16F7-4668-BE54-9A1E7A4F7556}") = "HelloWorld.Skia.Wpf.Host", "src\HelloWorld.Skia.Wpf.Host\HelloWorld.Skia.Wpf.Host.csproj", "{D6E69EEF-FB6E-433E-BED4-70AC4A91F510}"
EndProject
Project("{9A19103F-16F7-4668-BE54-9A1E7A4F7556}") = "HelloWorld.Skia.Wpf", "src\HelloWorld.Skia.Wpf\HelloWorld.Skia.Wpf.csproj", "{5758FDFA-23AF-4464-9E5F-1DB7862A1092}"
EndProject
Project("{9A19103F-16F7-4668-BE54-9A1E7A4F7556}") = "HelloWorld.Skia.Gtk", "src\HelloWorld.Skia.Gtk\HelloWorld.Skia.Gtk.csproj", "{7782EDFB-5F37-46F8-8D06-A30241E99A59}"
EndProject
Project("{9A19103F-16F7-4668-BE54-9A1E7A4F7556}") = "HelloWorld.Skia.Tizen", "src\HelloWorld.Skia.Tizen\HelloWorld.Skia.Tizen.csproj", "{6A82F22C-EB75-40D8-9FC6-CF2B497C3299}"
EndProject
Project("{2150E333-8FDC-42A3-9474-1A3956D46DE8}") = "Prism", "Prism", "{93D68E43-9939-49AF-A7AE-113DDF70EEAF}"
EndProject
Project("{2150E333-8FDC-42A3-9474-1A3956D46DE8}") = "Sample", "Sample", "{2B7E4639-D606-4615-84E5-32BCFD2BE7DA}"
EndProject
Project("{9A19103F-16F7-4668-BE54-9A1E7A4F7556}") = "Prism.Core", "..\..\src\Prism.Core\Prism.Core.csproj", "{00E9F364-ABBF-4906-88CB-65735054F2B1}"
EndProject
Project("{9A19103F-16F7-4668-BE54-9A1E7A4F7556}") = "Prism.Uno", "..\..\src\Uno\Prism.Uno\Prism.Uno.csproj", "{80A4C39A-A6B4-494D-801C-75EB4AEB803E}"
EndProject
Project("{9A19103F-16F7-4668-BE54-9A1E7A4F7556}") = "Prism.DryIoc.Uno", "..\..\src\Uno\Prism.DryIoc.Uno\Prism.DryIoc.Uno.csproj", "{2FA7AE0E-B3CE-4742-B40B-449B6527055B}"
EndProject
Project("{FAE04EC0-301F-11D3-BF4B-00C04F79EFBC}") = "ModuleA", "src\ModuleA\ModuleA.csproj", "{DAC1CB86-83F2-4896-BF55-883D2FE28F1F}"
EndProject
Project("{2150E333-8FDC-42A3-9474-1A3956D46DE8}") = "Modules", "Modules", "{D6D40C4E-21EE-436E-845E-AC1871BDCCE9}"
EndProject
Global
	GlobalSection(SharedMSBuildProjectFiles) = preSolution
		src\HelloWorld.Shared\HelloWorld.Shared.projitems*{1a79c7bf-c92e-4009-a340-cdc937e0e620}*SharedItemsImports = 4
		src\HelloWorld.Shared\HelloWorld.Shared.projitems*{2e8c060f-67c3-4ec7-9891-752575bf6427}*SharedItemsImports = 4
		..\..\src\Containers\Prism.DryIoc.Shared\Prism.DryIoc.Shared.projitems*{2fa7ae0e-b3ce-4742-b40b-449b6527055b}*SharedItemsImports = 5
		src\HelloWorld.Shared\HelloWorld.Shared.projitems*{5758fdfa-23af-4464-9e5f-1db7862a1092}*SharedItemsImports = 5
		src\HelloWorld.Shared\HelloWorld.Shared.projitems*{57a287d9-2c97-4ed1-bbe1-99c931ddfe04}*SharedItemsImports = 4
		src\HelloWorld.Shared\HelloWorld.Shared.projitems*{6279c845-92f8-4333-ab99-3d213163593c}*SharedItemsImports = 13
		src\HelloWorld.Shared\HelloWorld.Shared.projitems*{642e5a60-4224-413b-8dee-da3044081bbe}*SharedItemsImports = 4
		src\HelloWorld.Shared\HelloWorld.Shared.projitems*{6a82f22c-eb75-40d8-9fc6-cf2b497c3299}*SharedItemsImports = 5
		src\HelloWorld.Shared\HelloWorld.Shared.projitems*{7782edfb-5f37-46f8-8d06-a30241e99a59}*SharedItemsImports = 5
		src\HelloWorld.Shared\HelloWorld.Shared.projitems*{b8296fb3-084e-4c3c-8d78-a9f842db1ce5}*SharedItemsImports = 5
	EndGlobalSection
	GlobalSection(SolutionConfigurationPlatforms) = preSolution
		Ad-Hoc|Any CPU = Ad-Hoc|Any CPU
		Ad-Hoc|ARM = Ad-Hoc|ARM
		Ad-Hoc|ARM64 = Ad-Hoc|ARM64
		Ad-Hoc|iPhone = Ad-Hoc|iPhone
		Ad-Hoc|iPhoneSimulator = Ad-Hoc|iPhoneSimulator
		Ad-Hoc|x64 = Ad-Hoc|x64
		Ad-Hoc|x86 = Ad-Hoc|x86
		AppStore|Any CPU = AppStore|Any CPU
		AppStore|ARM = AppStore|ARM
		AppStore|ARM64 = AppStore|ARM64
		AppStore|iPhone = AppStore|iPhone
		AppStore|iPhoneSimulator = AppStore|iPhoneSimulator
		AppStore|x64 = AppStore|x64
		AppStore|x86 = AppStore|x86
		Debug|Any CPU = Debug|Any CPU
		Debug|ARM = Debug|ARM
		Debug|ARM64 = Debug|ARM64
		Debug|iPhone = Debug|iPhone
		Debug|iPhoneSimulator = Debug|iPhoneSimulator
		Debug|x64 = Debug|x64
		Debug|x86 = Debug|x86
		Release|Any CPU = Release|Any CPU
		Release|ARM = Release|ARM
		Release|ARM64 = Release|ARM64
		Release|iPhone = Release|iPhone
		Release|iPhoneSimulator = Release|iPhoneSimulator
		Release|x64 = Release|x64
		Release|x86 = Release|x86
	EndGlobalSection
	GlobalSection(ProjectConfigurationPlatforms) = postSolution
		{2E8C060F-67C3-4EC7-9891-752575BF6427}.Ad-Hoc|Any CPU.ActiveCfg = Debug|Any CPU
		{2E8C060F-67C3-4EC7-9891-752575BF6427}.Ad-Hoc|Any CPU.Build.0 = Debug|Any CPU
		{2E8C060F-67C3-4EC7-9891-752575BF6427}.Ad-Hoc|Any CPU.Deploy.0 = Debug|Any CPU
		{2E8C060F-67C3-4EC7-9891-752575BF6427}.Ad-Hoc|ARM.ActiveCfg = Debug|Any CPU
		{2E8C060F-67C3-4EC7-9891-752575BF6427}.Ad-Hoc|ARM.Build.0 = Debug|Any CPU
		{2E8C060F-67C3-4EC7-9891-752575BF6427}.Ad-Hoc|ARM.Deploy.0 = Debug|Any CPU
		{2E8C060F-67C3-4EC7-9891-752575BF6427}.Ad-Hoc|ARM64.ActiveCfg = Debug|Any CPU
		{2E8C060F-67C3-4EC7-9891-752575BF6427}.Ad-Hoc|ARM64.Build.0 = Debug|Any CPU
		{2E8C060F-67C3-4EC7-9891-752575BF6427}.Ad-Hoc|ARM64.Deploy.0 = Debug|Any CPU
		{2E8C060F-67C3-4EC7-9891-752575BF6427}.Ad-Hoc|iPhone.ActiveCfg = Debug|Any CPU
		{2E8C060F-67C3-4EC7-9891-752575BF6427}.Ad-Hoc|iPhone.Build.0 = Debug|Any CPU
		{2E8C060F-67C3-4EC7-9891-752575BF6427}.Ad-Hoc|iPhone.Deploy.0 = Debug|Any CPU
		{2E8C060F-67C3-4EC7-9891-752575BF6427}.Ad-Hoc|iPhoneSimulator.ActiveCfg = Debug|Any CPU
		{2E8C060F-67C3-4EC7-9891-752575BF6427}.Ad-Hoc|iPhoneSimulator.Build.0 = Debug|Any CPU
		{2E8C060F-67C3-4EC7-9891-752575BF6427}.Ad-Hoc|iPhoneSimulator.Deploy.0 = Debug|Any CPU
		{2E8C060F-67C3-4EC7-9891-752575BF6427}.Ad-Hoc|x64.ActiveCfg = Debug|Any CPU
		{2E8C060F-67C3-4EC7-9891-752575BF6427}.Ad-Hoc|x64.Build.0 = Debug|Any CPU
		{2E8C060F-67C3-4EC7-9891-752575BF6427}.Ad-Hoc|x64.Deploy.0 = Debug|Any CPU
		{2E8C060F-67C3-4EC7-9891-752575BF6427}.Ad-Hoc|x86.ActiveCfg = Debug|Any CPU
		{2E8C060F-67C3-4EC7-9891-752575BF6427}.Ad-Hoc|x86.Build.0 = Debug|Any CPU
		{2E8C060F-67C3-4EC7-9891-752575BF6427}.Ad-Hoc|x86.Deploy.0 = Debug|Any CPU
		{2E8C060F-67C3-4EC7-9891-752575BF6427}.AppStore|Any CPU.ActiveCfg = Debug|Any CPU
		{2E8C060F-67C3-4EC7-9891-752575BF6427}.AppStore|Any CPU.Build.0 = Debug|Any CPU
		{2E8C060F-67C3-4EC7-9891-752575BF6427}.AppStore|Any CPU.Deploy.0 = Debug|Any CPU
		{2E8C060F-67C3-4EC7-9891-752575BF6427}.AppStore|ARM.ActiveCfg = Debug|Any CPU
		{2E8C060F-67C3-4EC7-9891-752575BF6427}.AppStore|ARM.Build.0 = Debug|Any CPU
		{2E8C060F-67C3-4EC7-9891-752575BF6427}.AppStore|ARM.Deploy.0 = Debug|Any CPU
		{2E8C060F-67C3-4EC7-9891-752575BF6427}.AppStore|ARM64.ActiveCfg = Debug|Any CPU
		{2E8C060F-67C3-4EC7-9891-752575BF6427}.AppStore|ARM64.Build.0 = Debug|Any CPU
		{2E8C060F-67C3-4EC7-9891-752575BF6427}.AppStore|ARM64.Deploy.0 = Debug|Any CPU
		{2E8C060F-67C3-4EC7-9891-752575BF6427}.AppStore|iPhone.ActiveCfg = Debug|Any CPU
		{2E8C060F-67C3-4EC7-9891-752575BF6427}.AppStore|iPhone.Build.0 = Debug|Any CPU
		{2E8C060F-67C3-4EC7-9891-752575BF6427}.AppStore|iPhone.Deploy.0 = Debug|Any CPU
		{2E8C060F-67C3-4EC7-9891-752575BF6427}.AppStore|iPhoneSimulator.ActiveCfg = Debug|Any CPU
		{2E8C060F-67C3-4EC7-9891-752575BF6427}.AppStore|iPhoneSimulator.Build.0 = Debug|Any CPU
		{2E8C060F-67C3-4EC7-9891-752575BF6427}.AppStore|iPhoneSimulator.Deploy.0 = Debug|Any CPU
		{2E8C060F-67C3-4EC7-9891-752575BF6427}.AppStore|x64.ActiveCfg = Debug|Any CPU
		{2E8C060F-67C3-4EC7-9891-752575BF6427}.AppStore|x64.Build.0 = Debug|Any CPU
		{2E8C060F-67C3-4EC7-9891-752575BF6427}.AppStore|x64.Deploy.0 = Debug|Any CPU
		{2E8C060F-67C3-4EC7-9891-752575BF6427}.AppStore|x86.ActiveCfg = Debug|Any CPU
		{2E8C060F-67C3-4EC7-9891-752575BF6427}.AppStore|x86.Build.0 = Debug|Any CPU
		{2E8C060F-67C3-4EC7-9891-752575BF6427}.AppStore|x86.Deploy.0 = Debug|Any CPU
		{2E8C060F-67C3-4EC7-9891-752575BF6427}.Debug|Any CPU.ActiveCfg = Debug|Any CPU
		{2E8C060F-67C3-4EC7-9891-752575BF6427}.Debug|Any CPU.Build.0 = Debug|Any CPU
		{2E8C060F-67C3-4EC7-9891-752575BF6427}.Debug|Any CPU.Deploy.0 = Debug|Any CPU
		{2E8C060F-67C3-4EC7-9891-752575BF6427}.Debug|ARM.ActiveCfg = Debug|Any CPU
		{2E8C060F-67C3-4EC7-9891-752575BF6427}.Debug|ARM.Build.0 = Debug|Any CPU
		{2E8C060F-67C3-4EC7-9891-752575BF6427}.Debug|ARM.Deploy.0 = Debug|Any CPU
		{2E8C060F-67C3-4EC7-9891-752575BF6427}.Debug|ARM64.ActiveCfg = Debug|Any CPU
		{2E8C060F-67C3-4EC7-9891-752575BF6427}.Debug|ARM64.Build.0 = Debug|Any CPU
		{2E8C060F-67C3-4EC7-9891-752575BF6427}.Debug|ARM64.Deploy.0 = Debug|Any CPU
		{2E8C060F-67C3-4EC7-9891-752575BF6427}.Debug|iPhone.ActiveCfg = Debug|Any CPU
		{2E8C060F-67C3-4EC7-9891-752575BF6427}.Debug|iPhone.Build.0 = Debug|Any CPU
		{2E8C060F-67C3-4EC7-9891-752575BF6427}.Debug|iPhone.Deploy.0 = Debug|Any CPU
		{2E8C060F-67C3-4EC7-9891-752575BF6427}.Debug|iPhoneSimulator.ActiveCfg = Debug|Any CPU
		{2E8C060F-67C3-4EC7-9891-752575BF6427}.Debug|iPhoneSimulator.Build.0 = Debug|Any CPU
		{2E8C060F-67C3-4EC7-9891-752575BF6427}.Debug|iPhoneSimulator.Deploy.0 = Debug|Any CPU
		{2E8C060F-67C3-4EC7-9891-752575BF6427}.Debug|x64.ActiveCfg = Debug|Any CPU
		{2E8C060F-67C3-4EC7-9891-752575BF6427}.Debug|x64.Build.0 = Debug|Any CPU
		{2E8C060F-67C3-4EC7-9891-752575BF6427}.Debug|x64.Deploy.0 = Debug|Any CPU
		{2E8C060F-67C3-4EC7-9891-752575BF6427}.Debug|x86.ActiveCfg = Debug|Any CPU
		{2E8C060F-67C3-4EC7-9891-752575BF6427}.Debug|x86.Build.0 = Debug|Any CPU
		{2E8C060F-67C3-4EC7-9891-752575BF6427}.Debug|x86.Deploy.0 = Debug|Any CPU
		{2E8C060F-67C3-4EC7-9891-752575BF6427}.Release|Any CPU.ActiveCfg = Release|Any CPU
		{2E8C060F-67C3-4EC7-9891-752575BF6427}.Release|Any CPU.Build.0 = Release|Any CPU
		{2E8C060F-67C3-4EC7-9891-752575BF6427}.Release|Any CPU.Deploy.0 = Release|Any CPU
		{2E8C060F-67C3-4EC7-9891-752575BF6427}.Release|ARM.ActiveCfg = Release|Any CPU
		{2E8C060F-67C3-4EC7-9891-752575BF6427}.Release|ARM.Build.0 = Release|Any CPU
		{2E8C060F-67C3-4EC7-9891-752575BF6427}.Release|ARM.Deploy.0 = Release|Any CPU
		{2E8C060F-67C3-4EC7-9891-752575BF6427}.Release|ARM64.ActiveCfg = Release|Any CPU
		{2E8C060F-67C3-4EC7-9891-752575BF6427}.Release|ARM64.Build.0 = Release|Any CPU
		{2E8C060F-67C3-4EC7-9891-752575BF6427}.Release|ARM64.Deploy.0 = Release|Any CPU
		{2E8C060F-67C3-4EC7-9891-752575BF6427}.Release|iPhone.ActiveCfg = Release|Any CPU
		{2E8C060F-67C3-4EC7-9891-752575BF6427}.Release|iPhone.Build.0 = Release|Any CPU
		{2E8C060F-67C3-4EC7-9891-752575BF6427}.Release|iPhone.Deploy.0 = Release|Any CPU
		{2E8C060F-67C3-4EC7-9891-752575BF6427}.Release|iPhoneSimulator.ActiveCfg = Release|Any CPU
		{2E8C060F-67C3-4EC7-9891-752575BF6427}.Release|iPhoneSimulator.Build.0 = Release|Any CPU
		{2E8C060F-67C3-4EC7-9891-752575BF6427}.Release|iPhoneSimulator.Deploy.0 = Release|Any CPU
		{2E8C060F-67C3-4EC7-9891-752575BF6427}.Release|x64.ActiveCfg = Release|Any CPU
		{2E8C060F-67C3-4EC7-9891-752575BF6427}.Release|x64.Build.0 = Release|Any CPU
		{2E8C060F-67C3-4EC7-9891-752575BF6427}.Release|x64.Deploy.0 = Release|Any CPU
		{2E8C060F-67C3-4EC7-9891-752575BF6427}.Release|x86.ActiveCfg = Release|Any CPU
		{2E8C060F-67C3-4EC7-9891-752575BF6427}.Release|x86.Build.0 = Release|Any CPU
		{2E8C060F-67C3-4EC7-9891-752575BF6427}.Release|x86.Deploy.0 = Release|Any CPU
		{642E5A60-4224-413B-8DEE-DA3044081BBE}.Ad-Hoc|Any CPU.ActiveCfg = Ad-Hoc|iPhoneSimulator
		{642E5A60-4224-413B-8DEE-DA3044081BBE}.Ad-Hoc|Any CPU.Build.0 = Ad-Hoc|iPhoneSimulator
		{642E5A60-4224-413B-8DEE-DA3044081BBE}.Ad-Hoc|ARM.ActiveCfg = Ad-Hoc|iPhoneSimulator
		{642E5A60-4224-413B-8DEE-DA3044081BBE}.Ad-Hoc|ARM.Build.0 = Ad-Hoc|iPhoneSimulator
		{642E5A60-4224-413B-8DEE-DA3044081BBE}.Ad-Hoc|ARM64.ActiveCfg = Ad-Hoc|iPhoneSimulator
		{642E5A60-4224-413B-8DEE-DA3044081BBE}.Ad-Hoc|ARM64.Build.0 = Ad-Hoc|iPhoneSimulator
		{642E5A60-4224-413B-8DEE-DA3044081BBE}.Ad-Hoc|iPhone.ActiveCfg = Ad-Hoc|iPhone
		{642E5A60-4224-413B-8DEE-DA3044081BBE}.Ad-Hoc|iPhone.Build.0 = Ad-Hoc|iPhone
		{642E5A60-4224-413B-8DEE-DA3044081BBE}.Ad-Hoc|iPhoneSimulator.ActiveCfg = Ad-Hoc|iPhoneSimulator
		{642E5A60-4224-413B-8DEE-DA3044081BBE}.Ad-Hoc|iPhoneSimulator.Build.0 = Ad-Hoc|iPhoneSimulator
		{642E5A60-4224-413B-8DEE-DA3044081BBE}.Ad-Hoc|x64.ActiveCfg = Ad-Hoc|iPhoneSimulator
		{642E5A60-4224-413B-8DEE-DA3044081BBE}.Ad-Hoc|x64.Build.0 = Ad-Hoc|iPhoneSimulator
		{642E5A60-4224-413B-8DEE-DA3044081BBE}.Ad-Hoc|x86.ActiveCfg = Ad-Hoc|iPhoneSimulator
		{642E5A60-4224-413B-8DEE-DA3044081BBE}.Ad-Hoc|x86.Build.0 = Ad-Hoc|iPhoneSimulator
		{642E5A60-4224-413B-8DEE-DA3044081BBE}.AppStore|Any CPU.ActiveCfg = AppStore|iPhoneSimulator
		{642E5A60-4224-413B-8DEE-DA3044081BBE}.AppStore|Any CPU.Build.0 = AppStore|iPhoneSimulator
		{642E5A60-4224-413B-8DEE-DA3044081BBE}.AppStore|ARM.ActiveCfg = AppStore|iPhoneSimulator
		{642E5A60-4224-413B-8DEE-DA3044081BBE}.AppStore|ARM.Build.0 = AppStore|iPhoneSimulator
		{642E5A60-4224-413B-8DEE-DA3044081BBE}.AppStore|ARM64.ActiveCfg = AppStore|iPhoneSimulator
		{642E5A60-4224-413B-8DEE-DA3044081BBE}.AppStore|ARM64.Build.0 = AppStore|iPhoneSimulator
		{642E5A60-4224-413B-8DEE-DA3044081BBE}.AppStore|iPhone.ActiveCfg = AppStore|iPhone
		{642E5A60-4224-413B-8DEE-DA3044081BBE}.AppStore|iPhone.Build.0 = AppStore|iPhone
		{642E5A60-4224-413B-8DEE-DA3044081BBE}.AppStore|iPhoneSimulator.ActiveCfg = AppStore|iPhoneSimulator
		{642E5A60-4224-413B-8DEE-DA3044081BBE}.AppStore|iPhoneSimulator.Build.0 = AppStore|iPhoneSimulator
		{642E5A60-4224-413B-8DEE-DA3044081BBE}.AppStore|x64.ActiveCfg = AppStore|iPhoneSimulator
		{642E5A60-4224-413B-8DEE-DA3044081BBE}.AppStore|x64.Build.0 = AppStore|iPhoneSimulator
		{642E5A60-4224-413B-8DEE-DA3044081BBE}.AppStore|x86.ActiveCfg = AppStore|iPhoneSimulator
		{642E5A60-4224-413B-8DEE-DA3044081BBE}.AppStore|x86.Build.0 = AppStore|iPhoneSimulator
		{642E5A60-4224-413B-8DEE-DA3044081BBE}.Debug|Any CPU.ActiveCfg = Debug|iPhoneSimulator
		{642E5A60-4224-413B-8DEE-DA3044081BBE}.Debug|Any CPU.Build.0 = Debug|iPhoneSimulator
		{642E5A60-4224-413B-8DEE-DA3044081BBE}.Debug|ARM.ActiveCfg = Debug|iPhoneSimulator
		{642E5A60-4224-413B-8DEE-DA3044081BBE}.Debug|ARM.Build.0 = Debug|iPhoneSimulator
		{642E5A60-4224-413B-8DEE-DA3044081BBE}.Debug|ARM64.ActiveCfg = Debug|iPhoneSimulator
		{642E5A60-4224-413B-8DEE-DA3044081BBE}.Debug|ARM64.Build.0 = Debug|iPhoneSimulator
		{642E5A60-4224-413B-8DEE-DA3044081BBE}.Debug|iPhone.ActiveCfg = Debug|iPhone
		{642E5A60-4224-413B-8DEE-DA3044081BBE}.Debug|iPhone.Build.0 = Debug|iPhone
		{642E5A60-4224-413B-8DEE-DA3044081BBE}.Debug|iPhoneSimulator.ActiveCfg = Debug|iPhoneSimulator
		{642E5A60-4224-413B-8DEE-DA3044081BBE}.Debug|iPhoneSimulator.Build.0 = Debug|iPhoneSimulator
		{642E5A60-4224-413B-8DEE-DA3044081BBE}.Debug|x64.ActiveCfg = Debug|iPhoneSimulator
		{642E5A60-4224-413B-8DEE-DA3044081BBE}.Debug|x64.Build.0 = Debug|iPhoneSimulator
		{642E5A60-4224-413B-8DEE-DA3044081BBE}.Debug|x86.ActiveCfg = Debug|iPhoneSimulator
		{642E5A60-4224-413B-8DEE-DA3044081BBE}.Debug|x86.Build.0 = Debug|iPhoneSimulator
		{642E5A60-4224-413B-8DEE-DA3044081BBE}.Release|Any CPU.ActiveCfg = Release|iPhoneSimulator
		{642E5A60-4224-413B-8DEE-DA3044081BBE}.Release|Any CPU.Build.0 = Release|iPhoneSimulator
		{642E5A60-4224-413B-8DEE-DA3044081BBE}.Release|ARM.ActiveCfg = Release|iPhoneSimulator
		{642E5A60-4224-413B-8DEE-DA3044081BBE}.Release|ARM.Build.0 = Release|iPhoneSimulator
		{642E5A60-4224-413B-8DEE-DA3044081BBE}.Release|ARM64.ActiveCfg = Release|iPhoneSimulator
		{642E5A60-4224-413B-8DEE-DA3044081BBE}.Release|ARM64.Build.0 = Release|iPhoneSimulator
		{642E5A60-4224-413B-8DEE-DA3044081BBE}.Release|iPhone.ActiveCfg = Release|iPhone
		{642E5A60-4224-413B-8DEE-DA3044081BBE}.Release|iPhone.Build.0 = Release|iPhone
		{642E5A60-4224-413B-8DEE-DA3044081BBE}.Release|iPhoneSimulator.ActiveCfg = Release|iPhoneSimulator
		{642E5A60-4224-413B-8DEE-DA3044081BBE}.Release|iPhoneSimulator.Build.0 = Release|iPhoneSimulator
		{642E5A60-4224-413B-8DEE-DA3044081BBE}.Release|x64.ActiveCfg = Release|iPhoneSimulator
		{642E5A60-4224-413B-8DEE-DA3044081BBE}.Release|x64.Build.0 = Release|iPhoneSimulator
		{642E5A60-4224-413B-8DEE-DA3044081BBE}.Release|x86.ActiveCfg = Release|iPhoneSimulator
		{642E5A60-4224-413B-8DEE-DA3044081BBE}.Release|x86.Build.0 = Release|iPhoneSimulator
		{57A287D9-2C97-4ED1-BBE1-99C931DDFE04}.Ad-Hoc|Any CPU.ActiveCfg = Debug|x86
		{57A287D9-2C97-4ED1-BBE1-99C931DDFE04}.Ad-Hoc|Any CPU.Build.0 = Debug|x86
		{57A287D9-2C97-4ED1-BBE1-99C931DDFE04}.Ad-Hoc|Any CPU.Deploy.0 = Debug|x86
		{57A287D9-2C97-4ED1-BBE1-99C931DDFE04}.Ad-Hoc|ARM.ActiveCfg = Debug|ARM
		{57A287D9-2C97-4ED1-BBE1-99C931DDFE04}.Ad-Hoc|ARM.Build.0 = Debug|ARM
		{57A287D9-2C97-4ED1-BBE1-99C931DDFE04}.Ad-Hoc|ARM.Deploy.0 = Debug|ARM
		{57A287D9-2C97-4ED1-BBE1-99C931DDFE04}.Ad-Hoc|ARM64.ActiveCfg = Debug|ARM64
		{57A287D9-2C97-4ED1-BBE1-99C931DDFE04}.Ad-Hoc|ARM64.Build.0 = Debug|ARM64
		{57A287D9-2C97-4ED1-BBE1-99C931DDFE04}.Ad-Hoc|ARM64.Deploy.0 = Debug|ARM64
		{57A287D9-2C97-4ED1-BBE1-99C931DDFE04}.Ad-Hoc|iPhone.ActiveCfg = Debug|x86
		{57A287D9-2C97-4ED1-BBE1-99C931DDFE04}.Ad-Hoc|iPhone.Build.0 = Debug|x86
		{57A287D9-2C97-4ED1-BBE1-99C931DDFE04}.Ad-Hoc|iPhone.Deploy.0 = Debug|x86
		{57A287D9-2C97-4ED1-BBE1-99C931DDFE04}.Ad-Hoc|iPhoneSimulator.ActiveCfg = Debug|x86
		{57A287D9-2C97-4ED1-BBE1-99C931DDFE04}.Ad-Hoc|iPhoneSimulator.Build.0 = Debug|x86
		{57A287D9-2C97-4ED1-BBE1-99C931DDFE04}.Ad-Hoc|iPhoneSimulator.Deploy.0 = Debug|x86
		{57A287D9-2C97-4ED1-BBE1-99C931DDFE04}.Ad-Hoc|x64.ActiveCfg = Debug|x64
		{57A287D9-2C97-4ED1-BBE1-99C931DDFE04}.Ad-Hoc|x64.Build.0 = Debug|x64
		{57A287D9-2C97-4ED1-BBE1-99C931DDFE04}.Ad-Hoc|x64.Deploy.0 = Debug|x64
		{57A287D9-2C97-4ED1-BBE1-99C931DDFE04}.Ad-Hoc|x86.ActiveCfg = Debug|x86
		{57A287D9-2C97-4ED1-BBE1-99C931DDFE04}.Ad-Hoc|x86.Build.0 = Debug|x86
		{57A287D9-2C97-4ED1-BBE1-99C931DDFE04}.Ad-Hoc|x86.Deploy.0 = Debug|x86
		{57A287D9-2C97-4ED1-BBE1-99C931DDFE04}.AppStore|Any CPU.ActiveCfg = Debug|x86
		{57A287D9-2C97-4ED1-BBE1-99C931DDFE04}.AppStore|Any CPU.Build.0 = Debug|x86
		{57A287D9-2C97-4ED1-BBE1-99C931DDFE04}.AppStore|Any CPU.Deploy.0 = Debug|x86
		{57A287D9-2C97-4ED1-BBE1-99C931DDFE04}.AppStore|ARM.ActiveCfg = Debug|ARM
		{57A287D9-2C97-4ED1-BBE1-99C931DDFE04}.AppStore|ARM.Build.0 = Debug|ARM
		{57A287D9-2C97-4ED1-BBE1-99C931DDFE04}.AppStore|ARM.Deploy.0 = Debug|ARM
		{57A287D9-2C97-4ED1-BBE1-99C931DDFE04}.AppStore|ARM64.ActiveCfg = Debug|ARM64
		{57A287D9-2C97-4ED1-BBE1-99C931DDFE04}.AppStore|ARM64.Build.0 = Debug|ARM64
		{57A287D9-2C97-4ED1-BBE1-99C931DDFE04}.AppStore|ARM64.Deploy.0 = Debug|ARM64
		{57A287D9-2C97-4ED1-BBE1-99C931DDFE04}.AppStore|iPhone.ActiveCfg = Debug|x86
		{57A287D9-2C97-4ED1-BBE1-99C931DDFE04}.AppStore|iPhone.Build.0 = Debug|x86
		{57A287D9-2C97-4ED1-BBE1-99C931DDFE04}.AppStore|iPhone.Deploy.0 = Debug|x86
		{57A287D9-2C97-4ED1-BBE1-99C931DDFE04}.AppStore|iPhoneSimulator.ActiveCfg = Debug|x86
		{57A287D9-2C97-4ED1-BBE1-99C931DDFE04}.AppStore|iPhoneSimulator.Build.0 = Debug|x86
		{57A287D9-2C97-4ED1-BBE1-99C931DDFE04}.AppStore|iPhoneSimulator.Deploy.0 = Debug|x86
		{57A287D9-2C97-4ED1-BBE1-99C931DDFE04}.AppStore|x64.ActiveCfg = Debug|x64
		{57A287D9-2C97-4ED1-BBE1-99C931DDFE04}.AppStore|x64.Build.0 = Debug|x64
		{57A287D9-2C97-4ED1-BBE1-99C931DDFE04}.AppStore|x64.Deploy.0 = Debug|x64
		{57A287D9-2C97-4ED1-BBE1-99C931DDFE04}.AppStore|x86.ActiveCfg = Debug|x86
		{57A287D9-2C97-4ED1-BBE1-99C931DDFE04}.AppStore|x86.Build.0 = Debug|x86
		{57A287D9-2C97-4ED1-BBE1-99C931DDFE04}.AppStore|x86.Deploy.0 = Debug|x86
		{57A287D9-2C97-4ED1-BBE1-99C931DDFE04}.Debug|Any CPU.ActiveCfg = Debug|x64
		{57A287D9-2C97-4ED1-BBE1-99C931DDFE04}.Debug|Any CPU.Build.0 = Debug|x64
		{57A287D9-2C97-4ED1-BBE1-99C931DDFE04}.Debug|Any CPU.Deploy.0 = Debug|x64
		{57A287D9-2C97-4ED1-BBE1-99C931DDFE04}.Debug|ARM.ActiveCfg = Debug|ARM
		{57A287D9-2C97-4ED1-BBE1-99C931DDFE04}.Debug|ARM.Build.0 = Debug|ARM
		{57A287D9-2C97-4ED1-BBE1-99C931DDFE04}.Debug|ARM.Deploy.0 = Debug|ARM
		{57A287D9-2C97-4ED1-BBE1-99C931DDFE04}.Debug|ARM64.ActiveCfg = Debug|ARM64
		{57A287D9-2C97-4ED1-BBE1-99C931DDFE04}.Debug|ARM64.Build.0 = Debug|ARM64
		{57A287D9-2C97-4ED1-BBE1-99C931DDFE04}.Debug|ARM64.Deploy.0 = Debug|ARM64
		{57A287D9-2C97-4ED1-BBE1-99C931DDFE04}.Debug|iPhone.ActiveCfg = Debug|x64
		{57A287D9-2C97-4ED1-BBE1-99C931DDFE04}.Debug|iPhone.Build.0 = Debug|x64
		{57A287D9-2C97-4ED1-BBE1-99C931DDFE04}.Debug|iPhone.Deploy.0 = Debug|x64
		{57A287D9-2C97-4ED1-BBE1-99C931DDFE04}.Debug|iPhoneSimulator.ActiveCfg = Debug|x64
		{57A287D9-2C97-4ED1-BBE1-99C931DDFE04}.Debug|iPhoneSimulator.Build.0 = Debug|x64
		{57A287D9-2C97-4ED1-BBE1-99C931DDFE04}.Debug|iPhoneSimulator.Deploy.0 = Debug|x64
		{57A287D9-2C97-4ED1-BBE1-99C931DDFE04}.Debug|x64.ActiveCfg = Debug|x64
		{57A287D9-2C97-4ED1-BBE1-99C931DDFE04}.Debug|x64.Build.0 = Debug|x64
		{57A287D9-2C97-4ED1-BBE1-99C931DDFE04}.Debug|x64.Deploy.0 = Debug|x64
		{57A287D9-2C97-4ED1-BBE1-99C931DDFE04}.Debug|x86.ActiveCfg = Debug|x86
		{57A287D9-2C97-4ED1-BBE1-99C931DDFE04}.Debug|x86.Build.0 = Debug|x86
		{57A287D9-2C97-4ED1-BBE1-99C931DDFE04}.Debug|x86.Deploy.0 = Debug|x86
		{57A287D9-2C97-4ED1-BBE1-99C931DDFE04}.Release|Any CPU.ActiveCfg = Release|x64
		{57A287D9-2C97-4ED1-BBE1-99C931DDFE04}.Release|Any CPU.Build.0 = Release|x64
		{57A287D9-2C97-4ED1-BBE1-99C931DDFE04}.Release|Any CPU.Deploy.0 = Release|x64
		{57A287D9-2C97-4ED1-BBE1-99C931DDFE04}.Release|ARM.ActiveCfg = Release|ARM
		{57A287D9-2C97-4ED1-BBE1-99C931DDFE04}.Release|ARM.Build.0 = Release|ARM
		{57A287D9-2C97-4ED1-BBE1-99C931DDFE04}.Release|ARM.Deploy.0 = Release|ARM
		{57A287D9-2C97-4ED1-BBE1-99C931DDFE04}.Release|ARM64.ActiveCfg = Release|ARM64
		{57A287D9-2C97-4ED1-BBE1-99C931DDFE04}.Release|ARM64.Build.0 = Release|ARM64
		{57A287D9-2C97-4ED1-BBE1-99C931DDFE04}.Release|ARM64.Deploy.0 = Release|ARM64
		{57A287D9-2C97-4ED1-BBE1-99C931DDFE04}.Release|iPhone.ActiveCfg = Release|x64
		{57A287D9-2C97-4ED1-BBE1-99C931DDFE04}.Release|iPhone.Build.0 = Release|x64
		{57A287D9-2C97-4ED1-BBE1-99C931DDFE04}.Release|iPhone.Deploy.0 = Release|x64
		{57A287D9-2C97-4ED1-BBE1-99C931DDFE04}.Release|iPhoneSimulator.ActiveCfg = Release|x64
		{57A287D9-2C97-4ED1-BBE1-99C931DDFE04}.Release|iPhoneSimulator.Build.0 = Release|x64
		{57A287D9-2C97-4ED1-BBE1-99C931DDFE04}.Release|iPhoneSimulator.Deploy.0 = Release|x64
		{57A287D9-2C97-4ED1-BBE1-99C931DDFE04}.Release|x64.ActiveCfg = Release|x64
		{57A287D9-2C97-4ED1-BBE1-99C931DDFE04}.Release|x64.Build.0 = Release|x64
		{57A287D9-2C97-4ED1-BBE1-99C931DDFE04}.Release|x64.Deploy.0 = Release|x64
		{57A287D9-2C97-4ED1-BBE1-99C931DDFE04}.Release|x86.ActiveCfg = Release|x86
		{57A287D9-2C97-4ED1-BBE1-99C931DDFE04}.Release|x86.Build.0 = Release|x86
		{57A287D9-2C97-4ED1-BBE1-99C931DDFE04}.Release|x86.Deploy.0 = Release|x86
		{B8296FB3-084E-4C3C-8D78-A9F842DB1CE5}.Ad-Hoc|Any CPU.ActiveCfg = Debug|Any CPU
		{B8296FB3-084E-4C3C-8D78-A9F842DB1CE5}.Ad-Hoc|Any CPU.Build.0 = Debug|Any CPU
		{B8296FB3-084E-4C3C-8D78-A9F842DB1CE5}.Ad-Hoc|ARM.ActiveCfg = Debug|Any CPU
		{B8296FB3-084E-4C3C-8D78-A9F842DB1CE5}.Ad-Hoc|ARM.Build.0 = Debug|Any CPU
		{B8296FB3-084E-4C3C-8D78-A9F842DB1CE5}.Ad-Hoc|ARM64.ActiveCfg = Debug|Any CPU
		{B8296FB3-084E-4C3C-8D78-A9F842DB1CE5}.Ad-Hoc|ARM64.Build.0 = Debug|Any CPU
		{B8296FB3-084E-4C3C-8D78-A9F842DB1CE5}.Ad-Hoc|iPhone.ActiveCfg = Debug|Any CPU
		{B8296FB3-084E-4C3C-8D78-A9F842DB1CE5}.Ad-Hoc|iPhone.Build.0 = Debug|Any CPU
		{B8296FB3-084E-4C3C-8D78-A9F842DB1CE5}.Ad-Hoc|iPhoneSimulator.ActiveCfg = Debug|Any CPU
		{B8296FB3-084E-4C3C-8D78-A9F842DB1CE5}.Ad-Hoc|iPhoneSimulator.Build.0 = Debug|Any CPU
		{B8296FB3-084E-4C3C-8D78-A9F842DB1CE5}.Ad-Hoc|x64.ActiveCfg = Debug|Any CPU
		{B8296FB3-084E-4C3C-8D78-A9F842DB1CE5}.Ad-Hoc|x64.Build.0 = Debug|Any CPU
		{B8296FB3-084E-4C3C-8D78-A9F842DB1CE5}.Ad-Hoc|x86.ActiveCfg = Debug|Any CPU
		{B8296FB3-084E-4C3C-8D78-A9F842DB1CE5}.Ad-Hoc|x86.Build.0 = Debug|Any CPU
		{B8296FB3-084E-4C3C-8D78-A9F842DB1CE5}.AppStore|Any CPU.ActiveCfg = Debug|Any CPU
		{B8296FB3-084E-4C3C-8D78-A9F842DB1CE5}.AppStore|Any CPU.Build.0 = Debug|Any CPU
		{B8296FB3-084E-4C3C-8D78-A9F842DB1CE5}.AppStore|ARM.ActiveCfg = Debug|Any CPU
		{B8296FB3-084E-4C3C-8D78-A9F842DB1CE5}.AppStore|ARM.Build.0 = Debug|Any CPU
		{B8296FB3-084E-4C3C-8D78-A9F842DB1CE5}.AppStore|ARM64.ActiveCfg = Debug|Any CPU
		{B8296FB3-084E-4C3C-8D78-A9F842DB1CE5}.AppStore|ARM64.Build.0 = Debug|Any CPU
		{B8296FB3-084E-4C3C-8D78-A9F842DB1CE5}.AppStore|iPhone.ActiveCfg = Debug|Any CPU
		{B8296FB3-084E-4C3C-8D78-A9F842DB1CE5}.AppStore|iPhone.Build.0 = Debug|Any CPU
		{B8296FB3-084E-4C3C-8D78-A9F842DB1CE5}.AppStore|iPhoneSimulator.ActiveCfg = Debug|Any CPU
		{B8296FB3-084E-4C3C-8D78-A9F842DB1CE5}.AppStore|iPhoneSimulator.Build.0 = Debug|Any CPU
		{B8296FB3-084E-4C3C-8D78-A9F842DB1CE5}.AppStore|x64.ActiveCfg = Debug|Any CPU
		{B8296FB3-084E-4C3C-8D78-A9F842DB1CE5}.AppStore|x64.Build.0 = Debug|Any CPU
		{B8296FB3-084E-4C3C-8D78-A9F842DB1CE5}.AppStore|x86.ActiveCfg = Debug|Any CPU
		{B8296FB3-084E-4C3C-8D78-A9F842DB1CE5}.AppStore|x86.Build.0 = Debug|Any CPU
		{B8296FB3-084E-4C3C-8D78-A9F842DB1CE5}.Debug|Any CPU.ActiveCfg = Debug|Any CPU
		{B8296FB3-084E-4C3C-8D78-A9F842DB1CE5}.Debug|Any CPU.Build.0 = Debug|Any CPU
		{B8296FB3-084E-4C3C-8D78-A9F842DB1CE5}.Debug|ARM.ActiveCfg = Debug|Any CPU
		{B8296FB3-084E-4C3C-8D78-A9F842DB1CE5}.Debug|ARM.Build.0 = Debug|Any CPU
		{B8296FB3-084E-4C3C-8D78-A9F842DB1CE5}.Debug|ARM64.ActiveCfg = Debug|Any CPU
		{B8296FB3-084E-4C3C-8D78-A9F842DB1CE5}.Debug|ARM64.Build.0 = Debug|Any CPU
		{B8296FB3-084E-4C3C-8D78-A9F842DB1CE5}.Debug|iPhone.ActiveCfg = Debug|Any CPU
		{B8296FB3-084E-4C3C-8D78-A9F842DB1CE5}.Debug|iPhone.Build.0 = Debug|Any CPU
		{B8296FB3-084E-4C3C-8D78-A9F842DB1CE5}.Debug|iPhoneSimulator.ActiveCfg = Debug|Any CPU
		{B8296FB3-084E-4C3C-8D78-A9F842DB1CE5}.Debug|iPhoneSimulator.Build.0 = Debug|Any CPU
		{B8296FB3-084E-4C3C-8D78-A9F842DB1CE5}.Debug|x64.ActiveCfg = Debug|Any CPU
		{B8296FB3-084E-4C3C-8D78-A9F842DB1CE5}.Debug|x64.Build.0 = Debug|Any CPU
		{B8296FB3-084E-4C3C-8D78-A9F842DB1CE5}.Debug|x86.ActiveCfg = Debug|Any CPU
		{B8296FB3-084E-4C3C-8D78-A9F842DB1CE5}.Debug|x86.Build.0 = Debug|Any CPU
		{B8296FB3-084E-4C3C-8D78-A9F842DB1CE5}.Release|Any CPU.ActiveCfg = Release|Any CPU
		{B8296FB3-084E-4C3C-8D78-A9F842DB1CE5}.Release|Any CPU.Build.0 = Release|Any CPU
		{B8296FB3-084E-4C3C-8D78-A9F842DB1CE5}.Release|ARM.ActiveCfg = Release|Any CPU
		{B8296FB3-084E-4C3C-8D78-A9F842DB1CE5}.Release|ARM.Build.0 = Release|Any CPU
		{B8296FB3-084E-4C3C-8D78-A9F842DB1CE5}.Release|ARM64.ActiveCfg = Release|Any CPU
		{B8296FB3-084E-4C3C-8D78-A9F842DB1CE5}.Release|ARM64.Build.0 = Release|Any CPU
		{B8296FB3-084E-4C3C-8D78-A9F842DB1CE5}.Release|iPhone.ActiveCfg = Release|Any CPU
		{B8296FB3-084E-4C3C-8D78-A9F842DB1CE5}.Release|iPhone.Build.0 = Release|Any CPU
		{B8296FB3-084E-4C3C-8D78-A9F842DB1CE5}.Release|iPhoneSimulator.ActiveCfg = Release|Any CPU
		{B8296FB3-084E-4C3C-8D78-A9F842DB1CE5}.Release|iPhoneSimulator.Build.0 = Release|Any CPU
		{B8296FB3-084E-4C3C-8D78-A9F842DB1CE5}.Release|x64.ActiveCfg = Release|Any CPU
		{B8296FB3-084E-4C3C-8D78-A9F842DB1CE5}.Release|x64.Build.0 = Release|Any CPU
		{B8296FB3-084E-4C3C-8D78-A9F842DB1CE5}.Release|x86.ActiveCfg = Release|Any CPU
		{B8296FB3-084E-4C3C-8D78-A9F842DB1CE5}.Release|x86.Build.0 = Release|Any CPU
		{1A79C7BF-C92E-4009-A340-CDC937E0E620}.Ad-Hoc|Any CPU.ActiveCfg = Debug|iPhoneSimulator
		{1A79C7BF-C92E-4009-A340-CDC937E0E620}.Ad-Hoc|Any CPU.Build.0 = Debug|iPhoneSimulator
		{1A79C7BF-C92E-4009-A340-CDC937E0E620}.Ad-Hoc|ARM.ActiveCfg = Debug|iPhoneSimulator
		{1A79C7BF-C92E-4009-A340-CDC937E0E620}.Ad-Hoc|ARM.Build.0 = Debug|iPhoneSimulator
		{1A79C7BF-C92E-4009-A340-CDC937E0E620}.Ad-Hoc|ARM64.ActiveCfg = Debug|iPhoneSimulator
		{1A79C7BF-C92E-4009-A340-CDC937E0E620}.Ad-Hoc|ARM64.Build.0 = Debug|iPhoneSimulator
		{1A79C7BF-C92E-4009-A340-CDC937E0E620}.Ad-Hoc|iPhone.ActiveCfg = Debug|iPhoneSimulator
		{1A79C7BF-C92E-4009-A340-CDC937E0E620}.Ad-Hoc|iPhone.Build.0 = Debug|iPhoneSimulator
		{1A79C7BF-C92E-4009-A340-CDC937E0E620}.Ad-Hoc|iPhoneSimulator.ActiveCfg = Debug|iPhoneSimulator
		{1A79C7BF-C92E-4009-A340-CDC937E0E620}.Ad-Hoc|iPhoneSimulator.Build.0 = Debug|iPhoneSimulator
		{1A79C7BF-C92E-4009-A340-CDC937E0E620}.Ad-Hoc|x64.ActiveCfg = Debug|iPhoneSimulator
		{1A79C7BF-C92E-4009-A340-CDC937E0E620}.Ad-Hoc|x64.Build.0 = Debug|iPhoneSimulator
		{1A79C7BF-C92E-4009-A340-CDC937E0E620}.Ad-Hoc|x86.ActiveCfg = Debug|iPhoneSimulator
		{1A79C7BF-C92E-4009-A340-CDC937E0E620}.Ad-Hoc|x86.Build.0 = Debug|iPhoneSimulator
		{1A79C7BF-C92E-4009-A340-CDC937E0E620}.AppStore|Any CPU.ActiveCfg = Debug|iPhoneSimulator
		{1A79C7BF-C92E-4009-A340-CDC937E0E620}.AppStore|Any CPU.Build.0 = Debug|iPhoneSimulator
		{1A79C7BF-C92E-4009-A340-CDC937E0E620}.AppStore|ARM.ActiveCfg = Debug|iPhoneSimulator
		{1A79C7BF-C92E-4009-A340-CDC937E0E620}.AppStore|ARM.Build.0 = Debug|iPhoneSimulator
		{1A79C7BF-C92E-4009-A340-CDC937E0E620}.AppStore|ARM64.ActiveCfg = Debug|iPhoneSimulator
		{1A79C7BF-C92E-4009-A340-CDC937E0E620}.AppStore|ARM64.Build.0 = Debug|iPhoneSimulator
		{1A79C7BF-C92E-4009-A340-CDC937E0E620}.AppStore|iPhone.ActiveCfg = Debug|iPhoneSimulator
		{1A79C7BF-C92E-4009-A340-CDC937E0E620}.AppStore|iPhone.Build.0 = Debug|iPhoneSimulator
		{1A79C7BF-C92E-4009-A340-CDC937E0E620}.AppStore|iPhoneSimulator.ActiveCfg = Debug|iPhoneSimulator
		{1A79C7BF-C92E-4009-A340-CDC937E0E620}.AppStore|iPhoneSimulator.Build.0 = Debug|iPhoneSimulator
		{1A79C7BF-C92E-4009-A340-CDC937E0E620}.AppStore|x64.ActiveCfg = Debug|iPhoneSimulator
		{1A79C7BF-C92E-4009-A340-CDC937E0E620}.AppStore|x64.Build.0 = Debug|iPhoneSimulator
		{1A79C7BF-C92E-4009-A340-CDC937E0E620}.AppStore|x86.ActiveCfg = Debug|iPhoneSimulator
		{1A79C7BF-C92E-4009-A340-CDC937E0E620}.AppStore|x86.Build.0 = Debug|iPhoneSimulator
		{1A79C7BF-C92E-4009-A340-CDC937E0E620}.Debug|Any CPU.ActiveCfg = Debug|iPhoneSimulator
		{1A79C7BF-C92E-4009-A340-CDC937E0E620}.Debug|Any CPU.Build.0 = Debug|iPhoneSimulator
		{1A79C7BF-C92E-4009-A340-CDC937E0E620}.Debug|ARM.ActiveCfg = Debug|iPhoneSimulator
		{1A79C7BF-C92E-4009-A340-CDC937E0E620}.Debug|ARM.Build.0 = Debug|iPhoneSimulator
		{1A79C7BF-C92E-4009-A340-CDC937E0E620}.Debug|ARM64.ActiveCfg = Debug|iPhoneSimulator
		{1A79C7BF-C92E-4009-A340-CDC937E0E620}.Debug|ARM64.Build.0 = Debug|iPhoneSimulator
		{1A79C7BF-C92E-4009-A340-CDC937E0E620}.Debug|iPhone.ActiveCfg = Debug|iPhoneSimulator
		{1A79C7BF-C92E-4009-A340-CDC937E0E620}.Debug|iPhone.Build.0 = Debug|iPhoneSimulator
		{1A79C7BF-C92E-4009-A340-CDC937E0E620}.Debug|iPhoneSimulator.ActiveCfg = Debug|iPhoneSimulator
		{1A79C7BF-C92E-4009-A340-CDC937E0E620}.Debug|iPhoneSimulator.Build.0 = Debug|iPhoneSimulator
		{1A79C7BF-C92E-4009-A340-CDC937E0E620}.Debug|x64.ActiveCfg = Debug|iPhoneSimulator
		{1A79C7BF-C92E-4009-A340-CDC937E0E620}.Debug|x64.Build.0 = Debug|iPhoneSimulator
		{1A79C7BF-C92E-4009-A340-CDC937E0E620}.Debug|x86.ActiveCfg = Debug|iPhoneSimulator
		{1A79C7BF-C92E-4009-A340-CDC937E0E620}.Debug|x86.Build.0 = Debug|iPhoneSimulator
		{1A79C7BF-C92E-4009-A340-CDC937E0E620}.Release|Any CPU.ActiveCfg = Release|iPhoneSimulator
		{1A79C7BF-C92E-4009-A340-CDC937E0E620}.Release|Any CPU.Build.0 = Release|iPhoneSimulator
		{1A79C7BF-C92E-4009-A340-CDC937E0E620}.Release|ARM.ActiveCfg = Release|iPhoneSimulator
		{1A79C7BF-C92E-4009-A340-CDC937E0E620}.Release|ARM.Build.0 = Release|iPhoneSimulator
		{1A79C7BF-C92E-4009-A340-CDC937E0E620}.Release|ARM64.ActiveCfg = Release|iPhoneSimulator
		{1A79C7BF-C92E-4009-A340-CDC937E0E620}.Release|ARM64.Build.0 = Release|iPhoneSimulator
		{1A79C7BF-C92E-4009-A340-CDC937E0E620}.Release|iPhone.ActiveCfg = Release|iPhoneSimulator
		{1A79C7BF-C92E-4009-A340-CDC937E0E620}.Release|iPhone.Build.0 = Release|iPhoneSimulator
		{1A79C7BF-C92E-4009-A340-CDC937E0E620}.Release|iPhoneSimulator.ActiveCfg = Release|iPhoneSimulator
		{1A79C7BF-C92E-4009-A340-CDC937E0E620}.Release|iPhoneSimulator.Build.0 = Release|iPhoneSimulator
		{1A79C7BF-C92E-4009-A340-CDC937E0E620}.Release|x64.ActiveCfg = Release|iPhoneSimulator
		{1A79C7BF-C92E-4009-A340-CDC937E0E620}.Release|x64.Build.0 = Release|iPhoneSimulator
		{1A79C7BF-C92E-4009-A340-CDC937E0E620}.Release|x86.ActiveCfg = Release|iPhoneSimulator
		{1A79C7BF-C92E-4009-A340-CDC937E0E620}.Release|x86.Build.0 = Release|iPhoneSimulator
		{D6E69EEF-FB6E-433E-BED4-70AC4A91F510}.Ad-Hoc|Any CPU.ActiveCfg = Debug|Any CPU
		{D6E69EEF-FB6E-433E-BED4-70AC4A91F510}.Ad-Hoc|Any CPU.Build.0 = Debug|Any CPU
		{D6E69EEF-FB6E-433E-BED4-70AC4A91F510}.Ad-Hoc|ARM.ActiveCfg = Debug|Any CPU
		{D6E69EEF-FB6E-433E-BED4-70AC4A91F510}.Ad-Hoc|ARM.Build.0 = Debug|Any CPU
		{D6E69EEF-FB6E-433E-BED4-70AC4A91F510}.Ad-Hoc|ARM64.ActiveCfg = Debug|Any CPU
		{D6E69EEF-FB6E-433E-BED4-70AC4A91F510}.Ad-Hoc|ARM64.Build.0 = Debug|Any CPU
		{D6E69EEF-FB6E-433E-BED4-70AC4A91F510}.Ad-Hoc|iPhone.ActiveCfg = Debug|Any CPU
		{D6E69EEF-FB6E-433E-BED4-70AC4A91F510}.Ad-Hoc|iPhone.Build.0 = Debug|Any CPU
		{D6E69EEF-FB6E-433E-BED4-70AC4A91F510}.Ad-Hoc|iPhoneSimulator.ActiveCfg = Debug|Any CPU
		{D6E69EEF-FB6E-433E-BED4-70AC4A91F510}.Ad-Hoc|iPhoneSimulator.Build.0 = Debug|Any CPU
		{D6E69EEF-FB6E-433E-BED4-70AC4A91F510}.Ad-Hoc|x64.ActiveCfg = Debug|Any CPU
		{D6E69EEF-FB6E-433E-BED4-70AC4A91F510}.Ad-Hoc|x64.Build.0 = Debug|Any CPU
		{D6E69EEF-FB6E-433E-BED4-70AC4A91F510}.Ad-Hoc|x86.ActiveCfg = Debug|Any CPU
		{D6E69EEF-FB6E-433E-BED4-70AC4A91F510}.Ad-Hoc|x86.Build.0 = Debug|Any CPU
		{D6E69EEF-FB6E-433E-BED4-70AC4A91F510}.AppStore|Any CPU.ActiveCfg = Debug|Any CPU
		{D6E69EEF-FB6E-433E-BED4-70AC4A91F510}.AppStore|Any CPU.Build.0 = Debug|Any CPU
		{D6E69EEF-FB6E-433E-BED4-70AC4A91F510}.AppStore|ARM.ActiveCfg = Debug|Any CPU
		{D6E69EEF-FB6E-433E-BED4-70AC4A91F510}.AppStore|ARM.Build.0 = Debug|Any CPU
		{D6E69EEF-FB6E-433E-BED4-70AC4A91F510}.AppStore|ARM64.ActiveCfg = Debug|Any CPU
		{D6E69EEF-FB6E-433E-BED4-70AC4A91F510}.AppStore|ARM64.Build.0 = Debug|Any CPU
		{D6E69EEF-FB6E-433E-BED4-70AC4A91F510}.AppStore|iPhone.ActiveCfg = Debug|Any CPU
		{D6E69EEF-FB6E-433E-BED4-70AC4A91F510}.AppStore|iPhone.Build.0 = Debug|Any CPU
		{D6E69EEF-FB6E-433E-BED4-70AC4A91F510}.AppStore|iPhoneSimulator.ActiveCfg = Debug|Any CPU
		{D6E69EEF-FB6E-433E-BED4-70AC4A91F510}.AppStore|iPhoneSimulator.Build.0 = Debug|Any CPU
		{D6E69EEF-FB6E-433E-BED4-70AC4A91F510}.AppStore|x64.ActiveCfg = Debug|Any CPU
		{D6E69EEF-FB6E-433E-BED4-70AC4A91F510}.AppStore|x64.Build.0 = Debug|Any CPU
		{D6E69EEF-FB6E-433E-BED4-70AC4A91F510}.AppStore|x86.ActiveCfg = Debug|Any CPU
		{D6E69EEF-FB6E-433E-BED4-70AC4A91F510}.AppStore|x86.Build.0 = Debug|Any CPU
		{D6E69EEF-FB6E-433E-BED4-70AC4A91F510}.Debug|Any CPU.ActiveCfg = Debug|Any CPU
		{D6E69EEF-FB6E-433E-BED4-70AC4A91F510}.Debug|Any CPU.Build.0 = Debug|Any CPU
		{D6E69EEF-FB6E-433E-BED4-70AC4A91F510}.Debug|ARM.ActiveCfg = Debug|Any CPU
		{D6E69EEF-FB6E-433E-BED4-70AC4A91F510}.Debug|ARM.Build.0 = Debug|Any CPU
		{D6E69EEF-FB6E-433E-BED4-70AC4A91F510}.Debug|ARM64.ActiveCfg = Debug|Any CPU
		{D6E69EEF-FB6E-433E-BED4-70AC4A91F510}.Debug|ARM64.Build.0 = Debug|Any CPU
		{D6E69EEF-FB6E-433E-BED4-70AC4A91F510}.Debug|iPhone.ActiveCfg = Debug|Any CPU
		{D6E69EEF-FB6E-433E-BED4-70AC4A91F510}.Debug|iPhone.Build.0 = Debug|Any CPU
		{D6E69EEF-FB6E-433E-BED4-70AC4A91F510}.Debug|iPhoneSimulator.ActiveCfg = Debug|Any CPU
		{D6E69EEF-FB6E-433E-BED4-70AC4A91F510}.Debug|iPhoneSimulator.Build.0 = Debug|Any CPU
		{D6E69EEF-FB6E-433E-BED4-70AC4A91F510}.Debug|x64.ActiveCfg = Debug|Any CPU
		{D6E69EEF-FB6E-433E-BED4-70AC4A91F510}.Debug|x64.Build.0 = Debug|Any CPU
		{D6E69EEF-FB6E-433E-BED4-70AC4A91F510}.Debug|x86.ActiveCfg = Debug|Any CPU
		{D6E69EEF-FB6E-433E-BED4-70AC4A91F510}.Debug|x86.Build.0 = Debug|Any CPU
		{D6E69EEF-FB6E-433E-BED4-70AC4A91F510}.Release|Any CPU.ActiveCfg = Release|Any CPU
		{D6E69EEF-FB6E-433E-BED4-70AC4A91F510}.Release|Any CPU.Build.0 = Release|Any CPU
		{D6E69EEF-FB6E-433E-BED4-70AC4A91F510}.Release|ARM.ActiveCfg = Release|Any CPU
		{D6E69EEF-FB6E-433E-BED4-70AC4A91F510}.Release|ARM.Build.0 = Release|Any CPU
		{D6E69EEF-FB6E-433E-BED4-70AC4A91F510}.Release|ARM64.ActiveCfg = Release|Any CPU
		{D6E69EEF-FB6E-433E-BED4-70AC4A91F510}.Release|ARM64.Build.0 = Release|Any CPU
		{D6E69EEF-FB6E-433E-BED4-70AC4A91F510}.Release|iPhone.ActiveCfg = Release|Any CPU
		{D6E69EEF-FB6E-433E-BED4-70AC4A91F510}.Release|iPhone.Build.0 = Release|Any CPU
		{D6E69EEF-FB6E-433E-BED4-70AC4A91F510}.Release|iPhoneSimulator.ActiveCfg = Release|Any CPU
		{D6E69EEF-FB6E-433E-BED4-70AC4A91F510}.Release|iPhoneSimulator.Build.0 = Release|Any CPU
		{D6E69EEF-FB6E-433E-BED4-70AC4A91F510}.Release|x64.ActiveCfg = Release|Any CPU
		{D6E69EEF-FB6E-433E-BED4-70AC4A91F510}.Release|x64.Build.0 = Release|Any CPU
		{D6E69EEF-FB6E-433E-BED4-70AC4A91F510}.Release|x86.ActiveCfg = Release|Any CPU
		{D6E69EEF-FB6E-433E-BED4-70AC4A91F510}.Release|x86.Build.0 = Release|Any CPU
		{5758FDFA-23AF-4464-9E5F-1DB7862A1092}.Ad-Hoc|Any CPU.ActiveCfg = Debug|Any CPU
		{5758FDFA-23AF-4464-9E5F-1DB7862A1092}.Ad-Hoc|Any CPU.Build.0 = Debug|Any CPU
		{5758FDFA-23AF-4464-9E5F-1DB7862A1092}.Ad-Hoc|ARM.ActiveCfg = Debug|Any CPU
		{5758FDFA-23AF-4464-9E5F-1DB7862A1092}.Ad-Hoc|ARM.Build.0 = Debug|Any CPU
		{5758FDFA-23AF-4464-9E5F-1DB7862A1092}.Ad-Hoc|ARM64.ActiveCfg = Debug|Any CPU
		{5758FDFA-23AF-4464-9E5F-1DB7862A1092}.Ad-Hoc|ARM64.Build.0 = Debug|Any CPU
		{5758FDFA-23AF-4464-9E5F-1DB7862A1092}.Ad-Hoc|iPhone.ActiveCfg = Debug|Any CPU
		{5758FDFA-23AF-4464-9E5F-1DB7862A1092}.Ad-Hoc|iPhone.Build.0 = Debug|Any CPU
		{5758FDFA-23AF-4464-9E5F-1DB7862A1092}.Ad-Hoc|iPhoneSimulator.ActiveCfg = Debug|Any CPU
		{5758FDFA-23AF-4464-9E5F-1DB7862A1092}.Ad-Hoc|iPhoneSimulator.Build.0 = Debug|Any CPU
		{5758FDFA-23AF-4464-9E5F-1DB7862A1092}.Ad-Hoc|x64.ActiveCfg = Debug|Any CPU
		{5758FDFA-23AF-4464-9E5F-1DB7862A1092}.Ad-Hoc|x64.Build.0 = Debug|Any CPU
		{5758FDFA-23AF-4464-9E5F-1DB7862A1092}.Ad-Hoc|x86.ActiveCfg = Debug|Any CPU
		{5758FDFA-23AF-4464-9E5F-1DB7862A1092}.Ad-Hoc|x86.Build.0 = Debug|Any CPU
		{5758FDFA-23AF-4464-9E5F-1DB7862A1092}.AppStore|Any CPU.ActiveCfg = Debug|Any CPU
		{5758FDFA-23AF-4464-9E5F-1DB7862A1092}.AppStore|Any CPU.Build.0 = Debug|Any CPU
		{5758FDFA-23AF-4464-9E5F-1DB7862A1092}.AppStore|ARM.ActiveCfg = Debug|Any CPU
		{5758FDFA-23AF-4464-9E5F-1DB7862A1092}.AppStore|ARM.Build.0 = Debug|Any CPU
		{5758FDFA-23AF-4464-9E5F-1DB7862A1092}.AppStore|ARM64.ActiveCfg = Debug|Any CPU
		{5758FDFA-23AF-4464-9E5F-1DB7862A1092}.AppStore|ARM64.Build.0 = Debug|Any CPU
		{5758FDFA-23AF-4464-9E5F-1DB7862A1092}.AppStore|iPhone.ActiveCfg = Debug|Any CPU
		{5758FDFA-23AF-4464-9E5F-1DB7862A1092}.AppStore|iPhone.Build.0 = Debug|Any CPU
		{5758FDFA-23AF-4464-9E5F-1DB7862A1092}.AppStore|iPhoneSimulator.ActiveCfg = Debug|Any CPU
		{5758FDFA-23AF-4464-9E5F-1DB7862A1092}.AppStore|iPhoneSimulator.Build.0 = Debug|Any CPU
		{5758FDFA-23AF-4464-9E5F-1DB7862A1092}.AppStore|x64.ActiveCfg = Debug|Any CPU
		{5758FDFA-23AF-4464-9E5F-1DB7862A1092}.AppStore|x64.Build.0 = Debug|Any CPU
		{5758FDFA-23AF-4464-9E5F-1DB7862A1092}.AppStore|x86.ActiveCfg = Debug|Any CPU
		{5758FDFA-23AF-4464-9E5F-1DB7862A1092}.AppStore|x86.Build.0 = Debug|Any CPU
		{5758FDFA-23AF-4464-9E5F-1DB7862A1092}.Debug|Any CPU.ActiveCfg = Debug|Any CPU
		{5758FDFA-23AF-4464-9E5F-1DB7862A1092}.Debug|Any CPU.Build.0 = Debug|Any CPU
		{5758FDFA-23AF-4464-9E5F-1DB7862A1092}.Debug|ARM.ActiveCfg = Debug|Any CPU
		{5758FDFA-23AF-4464-9E5F-1DB7862A1092}.Debug|ARM.Build.0 = Debug|Any CPU
		{5758FDFA-23AF-4464-9E5F-1DB7862A1092}.Debug|ARM64.ActiveCfg = Debug|Any CPU
		{5758FDFA-23AF-4464-9E5F-1DB7862A1092}.Debug|ARM64.Build.0 = Debug|Any CPU
		{5758FDFA-23AF-4464-9E5F-1DB7862A1092}.Debug|iPhone.ActiveCfg = Debug|Any CPU
		{5758FDFA-23AF-4464-9E5F-1DB7862A1092}.Debug|iPhone.Build.0 = Debug|Any CPU
		{5758FDFA-23AF-4464-9E5F-1DB7862A1092}.Debug|iPhoneSimulator.ActiveCfg = Debug|Any CPU
		{5758FDFA-23AF-4464-9E5F-1DB7862A1092}.Debug|iPhoneSimulator.Build.0 = Debug|Any CPU
		{5758FDFA-23AF-4464-9E5F-1DB7862A1092}.Debug|x64.ActiveCfg = Debug|Any CPU
		{5758FDFA-23AF-4464-9E5F-1DB7862A1092}.Debug|x64.Build.0 = Debug|Any CPU
		{5758FDFA-23AF-4464-9E5F-1DB7862A1092}.Debug|x86.ActiveCfg = Debug|Any CPU
		{5758FDFA-23AF-4464-9E5F-1DB7862A1092}.Debug|x86.Build.0 = Debug|Any CPU
		{5758FDFA-23AF-4464-9E5F-1DB7862A1092}.Release|Any CPU.ActiveCfg = Release|Any CPU
		{5758FDFA-23AF-4464-9E5F-1DB7862A1092}.Release|Any CPU.Build.0 = Release|Any CPU
		{5758FDFA-23AF-4464-9E5F-1DB7862A1092}.Release|ARM.ActiveCfg = Release|Any CPU
		{5758FDFA-23AF-4464-9E5F-1DB7862A1092}.Release|ARM.Build.0 = Release|Any CPU
		{5758FDFA-23AF-4464-9E5F-1DB7862A1092}.Release|ARM64.ActiveCfg = Release|Any CPU
		{5758FDFA-23AF-4464-9E5F-1DB7862A1092}.Release|ARM64.Build.0 = Release|Any CPU
		{5758FDFA-23AF-4464-9E5F-1DB7862A1092}.Release|iPhone.ActiveCfg = Release|Any CPU
		{5758FDFA-23AF-4464-9E5F-1DB7862A1092}.Release|iPhone.Build.0 = Release|Any CPU
		{5758FDFA-23AF-4464-9E5F-1DB7862A1092}.Release|iPhoneSimulator.ActiveCfg = Release|Any CPU
		{5758FDFA-23AF-4464-9E5F-1DB7862A1092}.Release|iPhoneSimulator.Build.0 = Release|Any CPU
		{5758FDFA-23AF-4464-9E5F-1DB7862A1092}.Release|x64.ActiveCfg = Release|Any CPU
		{5758FDFA-23AF-4464-9E5F-1DB7862A1092}.Release|x64.Build.0 = Release|Any CPU
		{5758FDFA-23AF-4464-9E5F-1DB7862A1092}.Release|x86.ActiveCfg = Release|Any CPU
		{5758FDFA-23AF-4464-9E5F-1DB7862A1092}.Release|x86.Build.0 = Release|Any CPU
		{7782EDFB-5F37-46F8-8D06-A30241E99A59}.Ad-Hoc|Any CPU.ActiveCfg = Debug|Any CPU
		{7782EDFB-5F37-46F8-8D06-A30241E99A59}.Ad-Hoc|Any CPU.Build.0 = Debug|Any CPU
		{7782EDFB-5F37-46F8-8D06-A30241E99A59}.Ad-Hoc|ARM.ActiveCfg = Debug|Any CPU
		{7782EDFB-5F37-46F8-8D06-A30241E99A59}.Ad-Hoc|ARM.Build.0 = Debug|Any CPU
		{7782EDFB-5F37-46F8-8D06-A30241E99A59}.Ad-Hoc|ARM64.ActiveCfg = Debug|Any CPU
		{7782EDFB-5F37-46F8-8D06-A30241E99A59}.Ad-Hoc|ARM64.Build.0 = Debug|Any CPU
		{7782EDFB-5F37-46F8-8D06-A30241E99A59}.Ad-Hoc|iPhone.ActiveCfg = Debug|Any CPU
		{7782EDFB-5F37-46F8-8D06-A30241E99A59}.Ad-Hoc|iPhone.Build.0 = Debug|Any CPU
		{7782EDFB-5F37-46F8-8D06-A30241E99A59}.Ad-Hoc|iPhoneSimulator.ActiveCfg = Debug|Any CPU
		{7782EDFB-5F37-46F8-8D06-A30241E99A59}.Ad-Hoc|iPhoneSimulator.Build.0 = Debug|Any CPU
		{7782EDFB-5F37-46F8-8D06-A30241E99A59}.Ad-Hoc|x64.ActiveCfg = Debug|Any CPU
		{7782EDFB-5F37-46F8-8D06-A30241E99A59}.Ad-Hoc|x64.Build.0 = Debug|Any CPU
		{7782EDFB-5F37-46F8-8D06-A30241E99A59}.Ad-Hoc|x86.ActiveCfg = Debug|Any CPU
		{7782EDFB-5F37-46F8-8D06-A30241E99A59}.Ad-Hoc|x86.Build.0 = Debug|Any CPU
		{7782EDFB-5F37-46F8-8D06-A30241E99A59}.AppStore|Any CPU.ActiveCfg = Debug|Any CPU
		{7782EDFB-5F37-46F8-8D06-A30241E99A59}.AppStore|Any CPU.Build.0 = Debug|Any CPU
		{7782EDFB-5F37-46F8-8D06-A30241E99A59}.AppStore|ARM.ActiveCfg = Debug|Any CPU
		{7782EDFB-5F37-46F8-8D06-A30241E99A59}.AppStore|ARM.Build.0 = Debug|Any CPU
		{7782EDFB-5F37-46F8-8D06-A30241E99A59}.AppStore|ARM64.ActiveCfg = Debug|Any CPU
		{7782EDFB-5F37-46F8-8D06-A30241E99A59}.AppStore|ARM64.Build.0 = Debug|Any CPU
		{7782EDFB-5F37-46F8-8D06-A30241E99A59}.AppStore|iPhone.ActiveCfg = Debug|Any CPU
		{7782EDFB-5F37-46F8-8D06-A30241E99A59}.AppStore|iPhone.Build.0 = Debug|Any CPU
		{7782EDFB-5F37-46F8-8D06-A30241E99A59}.AppStore|iPhoneSimulator.ActiveCfg = Debug|Any CPU
		{7782EDFB-5F37-46F8-8D06-A30241E99A59}.AppStore|iPhoneSimulator.Build.0 = Debug|Any CPU
		{7782EDFB-5F37-46F8-8D06-A30241E99A59}.AppStore|x64.ActiveCfg = Debug|Any CPU
		{7782EDFB-5F37-46F8-8D06-A30241E99A59}.AppStore|x64.Build.0 = Debug|Any CPU
		{7782EDFB-5F37-46F8-8D06-A30241E99A59}.AppStore|x86.ActiveCfg = Debug|Any CPU
		{7782EDFB-5F37-46F8-8D06-A30241E99A59}.AppStore|x86.Build.0 = Debug|Any CPU
		{7782EDFB-5F37-46F8-8D06-A30241E99A59}.Debug|Any CPU.ActiveCfg = Debug|Any CPU
		{7782EDFB-5F37-46F8-8D06-A30241E99A59}.Debug|Any CPU.Build.0 = Debug|Any CPU
		{7782EDFB-5F37-46F8-8D06-A30241E99A59}.Debug|ARM.ActiveCfg = Debug|Any CPU
		{7782EDFB-5F37-46F8-8D06-A30241E99A59}.Debug|ARM.Build.0 = Debug|Any CPU
		{7782EDFB-5F37-46F8-8D06-A30241E99A59}.Debug|ARM64.ActiveCfg = Debug|Any CPU
		{7782EDFB-5F37-46F8-8D06-A30241E99A59}.Debug|ARM64.Build.0 = Debug|Any CPU
		{7782EDFB-5F37-46F8-8D06-A30241E99A59}.Debug|iPhone.ActiveCfg = Debug|Any CPU
		{7782EDFB-5F37-46F8-8D06-A30241E99A59}.Debug|iPhone.Build.0 = Debug|Any CPU
		{7782EDFB-5F37-46F8-8D06-A30241E99A59}.Debug|iPhoneSimulator.ActiveCfg = Debug|Any CPU
		{7782EDFB-5F37-46F8-8D06-A30241E99A59}.Debug|iPhoneSimulator.Build.0 = Debug|Any CPU
		{7782EDFB-5F37-46F8-8D06-A30241E99A59}.Debug|x64.ActiveCfg = Debug|Any CPU
		{7782EDFB-5F37-46F8-8D06-A30241E99A59}.Debug|x64.Build.0 = Debug|Any CPU
		{7782EDFB-5F37-46F8-8D06-A30241E99A59}.Debug|x86.ActiveCfg = Debug|Any CPU
		{7782EDFB-5F37-46F8-8D06-A30241E99A59}.Debug|x86.Build.0 = Debug|Any CPU
		{7782EDFB-5F37-46F8-8D06-A30241E99A59}.Release|Any CPU.ActiveCfg = Release|Any CPU
		{7782EDFB-5F37-46F8-8D06-A30241E99A59}.Release|Any CPU.Build.0 = Release|Any CPU
		{7782EDFB-5F37-46F8-8D06-A30241E99A59}.Release|ARM.ActiveCfg = Release|Any CPU
		{7782EDFB-5F37-46F8-8D06-A30241E99A59}.Release|ARM.Build.0 = Release|Any CPU
		{7782EDFB-5F37-46F8-8D06-A30241E99A59}.Release|ARM64.ActiveCfg = Release|Any CPU
		{7782EDFB-5F37-46F8-8D06-A30241E99A59}.Release|ARM64.Build.0 = Release|Any CPU
		{7782EDFB-5F37-46F8-8D06-A30241E99A59}.Release|iPhone.ActiveCfg = Release|Any CPU
		{7782EDFB-5F37-46F8-8D06-A30241E99A59}.Release|iPhone.Build.0 = Release|Any CPU
		{7782EDFB-5F37-46F8-8D06-A30241E99A59}.Release|iPhoneSimulator.ActiveCfg = Release|Any CPU
		{7782EDFB-5F37-46F8-8D06-A30241E99A59}.Release|iPhoneSimulator.Build.0 = Release|Any CPU
		{7782EDFB-5F37-46F8-8D06-A30241E99A59}.Release|x64.ActiveCfg = Release|Any CPU
		{7782EDFB-5F37-46F8-8D06-A30241E99A59}.Release|x64.Build.0 = Release|Any CPU
		{7782EDFB-5F37-46F8-8D06-A30241E99A59}.Release|x86.ActiveCfg = Release|Any CPU
		{7782EDFB-5F37-46F8-8D06-A30241E99A59}.Release|x86.Build.0 = Release|Any CPU
		{6A82F22C-EB75-40D8-9FC6-CF2B497C3299}.Ad-Hoc|Any CPU.ActiveCfg = Debug|Any CPU
		{6A82F22C-EB75-40D8-9FC6-CF2B497C3299}.Ad-Hoc|Any CPU.Build.0 = Debug|Any CPU
		{6A82F22C-EB75-40D8-9FC6-CF2B497C3299}.Ad-Hoc|ARM.ActiveCfg = Debug|Any CPU
		{6A82F22C-EB75-40D8-9FC6-CF2B497C3299}.Ad-Hoc|ARM.Build.0 = Debug|Any CPU
		{6A82F22C-EB75-40D8-9FC6-CF2B497C3299}.Ad-Hoc|ARM64.ActiveCfg = Debug|Any CPU
		{6A82F22C-EB75-40D8-9FC6-CF2B497C3299}.Ad-Hoc|ARM64.Build.0 = Debug|Any CPU
		{6A82F22C-EB75-40D8-9FC6-CF2B497C3299}.Ad-Hoc|iPhone.ActiveCfg = Debug|Any CPU
		{6A82F22C-EB75-40D8-9FC6-CF2B497C3299}.Ad-Hoc|iPhone.Build.0 = Debug|Any CPU
		{6A82F22C-EB75-40D8-9FC6-CF2B497C3299}.Ad-Hoc|iPhoneSimulator.ActiveCfg = Debug|Any CPU
		{6A82F22C-EB75-40D8-9FC6-CF2B497C3299}.Ad-Hoc|iPhoneSimulator.Build.0 = Debug|Any CPU
		{6A82F22C-EB75-40D8-9FC6-CF2B497C3299}.Ad-Hoc|x64.ActiveCfg = Debug|Any CPU
		{6A82F22C-EB75-40D8-9FC6-CF2B497C3299}.Ad-Hoc|x64.Build.0 = Debug|Any CPU
		{6A82F22C-EB75-40D8-9FC6-CF2B497C3299}.Ad-Hoc|x86.ActiveCfg = Debug|Any CPU
		{6A82F22C-EB75-40D8-9FC6-CF2B497C3299}.Ad-Hoc|x86.Build.0 = Debug|Any CPU
		{6A82F22C-EB75-40D8-9FC6-CF2B497C3299}.AppStore|Any CPU.ActiveCfg = Debug|Any CPU
		{6A82F22C-EB75-40D8-9FC6-CF2B497C3299}.AppStore|Any CPU.Build.0 = Debug|Any CPU
		{6A82F22C-EB75-40D8-9FC6-CF2B497C3299}.AppStore|ARM.ActiveCfg = Debug|Any CPU
		{6A82F22C-EB75-40D8-9FC6-CF2B497C3299}.AppStore|ARM.Build.0 = Debug|Any CPU
		{6A82F22C-EB75-40D8-9FC6-CF2B497C3299}.AppStore|ARM64.ActiveCfg = Debug|Any CPU
		{6A82F22C-EB75-40D8-9FC6-CF2B497C3299}.AppStore|ARM64.Build.0 = Debug|Any CPU
		{6A82F22C-EB75-40D8-9FC6-CF2B497C3299}.AppStore|iPhone.ActiveCfg = Debug|Any CPU
		{6A82F22C-EB75-40D8-9FC6-CF2B497C3299}.AppStore|iPhone.Build.0 = Debug|Any CPU
		{6A82F22C-EB75-40D8-9FC6-CF2B497C3299}.AppStore|iPhoneSimulator.ActiveCfg = Debug|Any CPU
		{6A82F22C-EB75-40D8-9FC6-CF2B497C3299}.AppStore|iPhoneSimulator.Build.0 = Debug|Any CPU
		{6A82F22C-EB75-40D8-9FC6-CF2B497C3299}.AppStore|x64.ActiveCfg = Debug|Any CPU
		{6A82F22C-EB75-40D8-9FC6-CF2B497C3299}.AppStore|x64.Build.0 = Debug|Any CPU
		{6A82F22C-EB75-40D8-9FC6-CF2B497C3299}.AppStore|x86.ActiveCfg = Debug|Any CPU
		{6A82F22C-EB75-40D8-9FC6-CF2B497C3299}.AppStore|x86.Build.0 = Debug|Any CPU
		{6A82F22C-EB75-40D8-9FC6-CF2B497C3299}.Debug|Any CPU.ActiveCfg = Debug|Any CPU
		{6A82F22C-EB75-40D8-9FC6-CF2B497C3299}.Debug|Any CPU.Build.0 = Debug|Any CPU
		{6A82F22C-EB75-40D8-9FC6-CF2B497C3299}.Debug|ARM.ActiveCfg = Debug|Any CPU
		{6A82F22C-EB75-40D8-9FC6-CF2B497C3299}.Debug|ARM.Build.0 = Debug|Any CPU
		{6A82F22C-EB75-40D8-9FC6-CF2B497C3299}.Debug|ARM64.ActiveCfg = Debug|Any CPU
		{6A82F22C-EB75-40D8-9FC6-CF2B497C3299}.Debug|ARM64.Build.0 = Debug|Any CPU
		{6A82F22C-EB75-40D8-9FC6-CF2B497C3299}.Debug|iPhone.ActiveCfg = Debug|Any CPU
		{6A82F22C-EB75-40D8-9FC6-CF2B497C3299}.Debug|iPhone.Build.0 = Debug|Any CPU
		{6A82F22C-EB75-40D8-9FC6-CF2B497C3299}.Debug|iPhoneSimulator.ActiveCfg = Debug|Any CPU
		{6A82F22C-EB75-40D8-9FC6-CF2B497C3299}.Debug|iPhoneSimulator.Build.0 = Debug|Any CPU
		{6A82F22C-EB75-40D8-9FC6-CF2B497C3299}.Debug|x64.ActiveCfg = Debug|Any CPU
		{6A82F22C-EB75-40D8-9FC6-CF2B497C3299}.Debug|x64.Build.0 = Debug|Any CPU
		{6A82F22C-EB75-40D8-9FC6-CF2B497C3299}.Debug|x86.ActiveCfg = Debug|Any CPU
		{6A82F22C-EB75-40D8-9FC6-CF2B497C3299}.Debug|x86.Build.0 = Debug|Any CPU
		{6A82F22C-EB75-40D8-9FC6-CF2B497C3299}.Release|Any CPU.ActiveCfg = Release|Any CPU
		{6A82F22C-EB75-40D8-9FC6-CF2B497C3299}.Release|Any CPU.Build.0 = Release|Any CPU
		{6A82F22C-EB75-40D8-9FC6-CF2B497C3299}.Release|ARM.ActiveCfg = Release|Any CPU
		{6A82F22C-EB75-40D8-9FC6-CF2B497C3299}.Release|ARM.Build.0 = Release|Any CPU
		{6A82F22C-EB75-40D8-9FC6-CF2B497C3299}.Release|ARM64.ActiveCfg = Release|Any CPU
		{6A82F22C-EB75-40D8-9FC6-CF2B497C3299}.Release|ARM64.Build.0 = Release|Any CPU
		{6A82F22C-EB75-40D8-9FC6-CF2B497C3299}.Release|iPhone.ActiveCfg = Release|Any CPU
		{6A82F22C-EB75-40D8-9FC6-CF2B497C3299}.Release|iPhone.Build.0 = Release|Any CPU
		{6A82F22C-EB75-40D8-9FC6-CF2B497C3299}.Release|iPhoneSimulator.ActiveCfg = Release|Any CPU
		{6A82F22C-EB75-40D8-9FC6-CF2B497C3299}.Release|iPhoneSimulator.Build.0 = Release|Any CPU
		{6A82F22C-EB75-40D8-9FC6-CF2B497C3299}.Release|x64.ActiveCfg = Release|Any CPU
		{6A82F22C-EB75-40D8-9FC6-CF2B497C3299}.Release|x64.Build.0 = Release|Any CPU
		{6A82F22C-EB75-40D8-9FC6-CF2B497C3299}.Release|x86.ActiveCfg = Release|Any CPU
		{6A82F22C-EB75-40D8-9FC6-CF2B497C3299}.Release|x86.Build.0 = Release|Any CPU
		{00E9F364-ABBF-4906-88CB-65735054F2B1}.Ad-Hoc|Any CPU.ActiveCfg = Debug|Any CPU
		{00E9F364-ABBF-4906-88CB-65735054F2B1}.Ad-Hoc|Any CPU.Build.0 = Debug|Any CPU
		{00E9F364-ABBF-4906-88CB-65735054F2B1}.Ad-Hoc|ARM.ActiveCfg = Debug|Any CPU
		{00E9F364-ABBF-4906-88CB-65735054F2B1}.Ad-Hoc|ARM.Build.0 = Debug|Any CPU
		{00E9F364-ABBF-4906-88CB-65735054F2B1}.Ad-Hoc|ARM64.ActiveCfg = Debug|Any CPU
		{00E9F364-ABBF-4906-88CB-65735054F2B1}.Ad-Hoc|ARM64.Build.0 = Debug|Any CPU
		{00E9F364-ABBF-4906-88CB-65735054F2B1}.Ad-Hoc|iPhone.ActiveCfg = Debug|Any CPU
		{00E9F364-ABBF-4906-88CB-65735054F2B1}.Ad-Hoc|iPhone.Build.0 = Debug|Any CPU
		{00E9F364-ABBF-4906-88CB-65735054F2B1}.Ad-Hoc|iPhoneSimulator.ActiveCfg = Debug|Any CPU
		{00E9F364-ABBF-4906-88CB-65735054F2B1}.Ad-Hoc|iPhoneSimulator.Build.0 = Debug|Any CPU
		{00E9F364-ABBF-4906-88CB-65735054F2B1}.Ad-Hoc|x64.ActiveCfg = Debug|Any CPU
		{00E9F364-ABBF-4906-88CB-65735054F2B1}.Ad-Hoc|x64.Build.0 = Debug|Any CPU
		{00E9F364-ABBF-4906-88CB-65735054F2B1}.Ad-Hoc|x86.ActiveCfg = Debug|Any CPU
		{00E9F364-ABBF-4906-88CB-65735054F2B1}.Ad-Hoc|x86.Build.0 = Debug|Any CPU
		{00E9F364-ABBF-4906-88CB-65735054F2B1}.AppStore|Any CPU.ActiveCfg = Debug|Any CPU
		{00E9F364-ABBF-4906-88CB-65735054F2B1}.AppStore|Any CPU.Build.0 = Debug|Any CPU
		{00E9F364-ABBF-4906-88CB-65735054F2B1}.AppStore|ARM.ActiveCfg = Debug|Any CPU
		{00E9F364-ABBF-4906-88CB-65735054F2B1}.AppStore|ARM.Build.0 = Debug|Any CPU
		{00E9F364-ABBF-4906-88CB-65735054F2B1}.AppStore|ARM64.ActiveCfg = Debug|Any CPU
		{00E9F364-ABBF-4906-88CB-65735054F2B1}.AppStore|ARM64.Build.0 = Debug|Any CPU
		{00E9F364-ABBF-4906-88CB-65735054F2B1}.AppStore|iPhone.ActiveCfg = Debug|Any CPU
		{00E9F364-ABBF-4906-88CB-65735054F2B1}.AppStore|iPhone.Build.0 = Debug|Any CPU
		{00E9F364-ABBF-4906-88CB-65735054F2B1}.AppStore|iPhoneSimulator.ActiveCfg = Debug|Any CPU
		{00E9F364-ABBF-4906-88CB-65735054F2B1}.AppStore|iPhoneSimulator.Build.0 = Debug|Any CPU
		{00E9F364-ABBF-4906-88CB-65735054F2B1}.AppStore|x64.ActiveCfg = Debug|Any CPU
		{00E9F364-ABBF-4906-88CB-65735054F2B1}.AppStore|x64.Build.0 = Debug|Any CPU
		{00E9F364-ABBF-4906-88CB-65735054F2B1}.AppStore|x86.ActiveCfg = Debug|Any CPU
		{00E9F364-ABBF-4906-88CB-65735054F2B1}.AppStore|x86.Build.0 = Debug|Any CPU
		{00E9F364-ABBF-4906-88CB-65735054F2B1}.Debug|Any CPU.ActiveCfg = Debug|Any CPU
		{00E9F364-ABBF-4906-88CB-65735054F2B1}.Debug|Any CPU.Build.0 = Debug|Any CPU
		{00E9F364-ABBF-4906-88CB-65735054F2B1}.Debug|ARM.ActiveCfg = Debug|Any CPU
		{00E9F364-ABBF-4906-88CB-65735054F2B1}.Debug|ARM.Build.0 = Debug|Any CPU
		{00E9F364-ABBF-4906-88CB-65735054F2B1}.Debug|ARM64.ActiveCfg = Debug|Any CPU
		{00E9F364-ABBF-4906-88CB-65735054F2B1}.Debug|ARM64.Build.0 = Debug|Any CPU
		{00E9F364-ABBF-4906-88CB-65735054F2B1}.Debug|iPhone.ActiveCfg = Debug|Any CPU
		{00E9F364-ABBF-4906-88CB-65735054F2B1}.Debug|iPhone.Build.0 = Debug|Any CPU
		{00E9F364-ABBF-4906-88CB-65735054F2B1}.Debug|iPhoneSimulator.ActiveCfg = Debug|Any CPU
		{00E9F364-ABBF-4906-88CB-65735054F2B1}.Debug|iPhoneSimulator.Build.0 = Debug|Any CPU
		{00E9F364-ABBF-4906-88CB-65735054F2B1}.Debug|x64.ActiveCfg = Debug|Any CPU
		{00E9F364-ABBF-4906-88CB-65735054F2B1}.Debug|x64.Build.0 = Debug|Any CPU
		{00E9F364-ABBF-4906-88CB-65735054F2B1}.Debug|x86.ActiveCfg = Debug|Any CPU
		{00E9F364-ABBF-4906-88CB-65735054F2B1}.Debug|x86.Build.0 = Debug|Any CPU
		{00E9F364-ABBF-4906-88CB-65735054F2B1}.Release|Any CPU.ActiveCfg = Release|Any CPU
		{00E9F364-ABBF-4906-88CB-65735054F2B1}.Release|Any CPU.Build.0 = Release|Any CPU
		{00E9F364-ABBF-4906-88CB-65735054F2B1}.Release|ARM.ActiveCfg = Release|Any CPU
		{00E9F364-ABBF-4906-88CB-65735054F2B1}.Release|ARM.Build.0 = Release|Any CPU
		{00E9F364-ABBF-4906-88CB-65735054F2B1}.Release|ARM64.ActiveCfg = Release|Any CPU
		{00E9F364-ABBF-4906-88CB-65735054F2B1}.Release|ARM64.Build.0 = Release|Any CPU
		{00E9F364-ABBF-4906-88CB-65735054F2B1}.Release|iPhone.ActiveCfg = Release|Any CPU
		{00E9F364-ABBF-4906-88CB-65735054F2B1}.Release|iPhone.Build.0 = Release|Any CPU
		{00E9F364-ABBF-4906-88CB-65735054F2B1}.Release|iPhoneSimulator.ActiveCfg = Release|Any CPU
		{00E9F364-ABBF-4906-88CB-65735054F2B1}.Release|iPhoneSimulator.Build.0 = Release|Any CPU
		{00E9F364-ABBF-4906-88CB-65735054F2B1}.Release|x64.ActiveCfg = Release|Any CPU
		{00E9F364-ABBF-4906-88CB-65735054F2B1}.Release|x64.Build.0 = Release|Any CPU
		{00E9F364-ABBF-4906-88CB-65735054F2B1}.Release|x86.ActiveCfg = Release|Any CPU
		{00E9F364-ABBF-4906-88CB-65735054F2B1}.Release|x86.Build.0 = Release|Any CPU
		{80A4C39A-A6B4-494D-801C-75EB4AEB803E}.Ad-Hoc|Any CPU.ActiveCfg = Debug|Any CPU
		{80A4C39A-A6B4-494D-801C-75EB4AEB803E}.Ad-Hoc|Any CPU.Build.0 = Debug|Any CPU
		{80A4C39A-A6B4-494D-801C-75EB4AEB803E}.Ad-Hoc|ARM.ActiveCfg = Debug|Any CPU
		{80A4C39A-A6B4-494D-801C-75EB4AEB803E}.Ad-Hoc|ARM.Build.0 = Debug|Any CPU
		{80A4C39A-A6B4-494D-801C-75EB4AEB803E}.Ad-Hoc|ARM64.ActiveCfg = Debug|Any CPU
		{80A4C39A-A6B4-494D-801C-75EB4AEB803E}.Ad-Hoc|ARM64.Build.0 = Debug|Any CPU
		{80A4C39A-A6B4-494D-801C-75EB4AEB803E}.Ad-Hoc|iPhone.ActiveCfg = Debug|Any CPU
		{80A4C39A-A6B4-494D-801C-75EB4AEB803E}.Ad-Hoc|iPhone.Build.0 = Debug|Any CPU
		{80A4C39A-A6B4-494D-801C-75EB4AEB803E}.Ad-Hoc|iPhoneSimulator.ActiveCfg = Debug|Any CPU
		{80A4C39A-A6B4-494D-801C-75EB4AEB803E}.Ad-Hoc|iPhoneSimulator.Build.0 = Debug|Any CPU
		{80A4C39A-A6B4-494D-801C-75EB4AEB803E}.Ad-Hoc|x64.ActiveCfg = Debug|Any CPU
		{80A4C39A-A6B4-494D-801C-75EB4AEB803E}.Ad-Hoc|x64.Build.0 = Debug|Any CPU
		{80A4C39A-A6B4-494D-801C-75EB4AEB803E}.Ad-Hoc|x86.ActiveCfg = Debug|Any CPU
		{80A4C39A-A6B4-494D-801C-75EB4AEB803E}.Ad-Hoc|x86.Build.0 = Debug|Any CPU
		{80A4C39A-A6B4-494D-801C-75EB4AEB803E}.AppStore|Any CPU.ActiveCfg = Debug|Any CPU
		{80A4C39A-A6B4-494D-801C-75EB4AEB803E}.AppStore|Any CPU.Build.0 = Debug|Any CPU
		{80A4C39A-A6B4-494D-801C-75EB4AEB803E}.AppStore|ARM.ActiveCfg = Debug|Any CPU
		{80A4C39A-A6B4-494D-801C-75EB4AEB803E}.AppStore|ARM.Build.0 = Debug|Any CPU
		{80A4C39A-A6B4-494D-801C-75EB4AEB803E}.AppStore|ARM64.ActiveCfg = Debug|Any CPU
		{80A4C39A-A6B4-494D-801C-75EB4AEB803E}.AppStore|ARM64.Build.0 = Debug|Any CPU
		{80A4C39A-A6B4-494D-801C-75EB4AEB803E}.AppStore|iPhone.ActiveCfg = Debug|Any CPU
		{80A4C39A-A6B4-494D-801C-75EB4AEB803E}.AppStore|iPhone.Build.0 = Debug|Any CPU
		{80A4C39A-A6B4-494D-801C-75EB4AEB803E}.AppStore|iPhoneSimulator.ActiveCfg = Debug|Any CPU
		{80A4C39A-A6B4-494D-801C-75EB4AEB803E}.AppStore|iPhoneSimulator.Build.0 = Debug|Any CPU
		{80A4C39A-A6B4-494D-801C-75EB4AEB803E}.AppStore|x64.ActiveCfg = Debug|Any CPU
		{80A4C39A-A6B4-494D-801C-75EB4AEB803E}.AppStore|x64.Build.0 = Debug|Any CPU
		{80A4C39A-A6B4-494D-801C-75EB4AEB803E}.AppStore|x86.ActiveCfg = Debug|Any CPU
		{80A4C39A-A6B4-494D-801C-75EB4AEB803E}.AppStore|x86.Build.0 = Debug|Any CPU
		{80A4C39A-A6B4-494D-801C-75EB4AEB803E}.Debug|Any CPU.ActiveCfg = Debug|Any CPU
		{80A4C39A-A6B4-494D-801C-75EB4AEB803E}.Debug|Any CPU.Build.0 = Debug|Any CPU
		{80A4C39A-A6B4-494D-801C-75EB4AEB803E}.Debug|ARM.ActiveCfg = Debug|Any CPU
		{80A4C39A-A6B4-494D-801C-75EB4AEB803E}.Debug|ARM.Build.0 = Debug|Any CPU
		{80A4C39A-A6B4-494D-801C-75EB4AEB803E}.Debug|ARM64.ActiveCfg = Debug|Any CPU
		{80A4C39A-A6B4-494D-801C-75EB4AEB803E}.Debug|ARM64.Build.0 = Debug|Any CPU
		{80A4C39A-A6B4-494D-801C-75EB4AEB803E}.Debug|iPhone.ActiveCfg = Debug|Any CPU
		{80A4C39A-A6B4-494D-801C-75EB4AEB803E}.Debug|iPhone.Build.0 = Debug|Any CPU
		{80A4C39A-A6B4-494D-801C-75EB4AEB803E}.Debug|iPhoneSimulator.ActiveCfg = Debug|Any CPU
		{80A4C39A-A6B4-494D-801C-75EB4AEB803E}.Debug|iPhoneSimulator.Build.0 = Debug|Any CPU
		{80A4C39A-A6B4-494D-801C-75EB4AEB803E}.Debug|x64.ActiveCfg = Debug|Any CPU
		{80A4C39A-A6B4-494D-801C-75EB4AEB803E}.Debug|x64.Build.0 = Debug|Any CPU
		{80A4C39A-A6B4-494D-801C-75EB4AEB803E}.Debug|x86.ActiveCfg = Debug|Any CPU
		{80A4C39A-A6B4-494D-801C-75EB4AEB803E}.Debug|x86.Build.0 = Debug|Any CPU
		{80A4C39A-A6B4-494D-801C-75EB4AEB803E}.Release|Any CPU.ActiveCfg = Release|Any CPU
		{80A4C39A-A6B4-494D-801C-75EB4AEB803E}.Release|Any CPU.Build.0 = Release|Any CPU
		{80A4C39A-A6B4-494D-801C-75EB4AEB803E}.Release|ARM.ActiveCfg = Release|Any CPU
		{80A4C39A-A6B4-494D-801C-75EB4AEB803E}.Release|ARM.Build.0 = Release|Any CPU
		{80A4C39A-A6B4-494D-801C-75EB4AEB803E}.Release|ARM64.ActiveCfg = Release|Any CPU
		{80A4C39A-A6B4-494D-801C-75EB4AEB803E}.Release|ARM64.Build.0 = Release|Any CPU
		{80A4C39A-A6B4-494D-801C-75EB4AEB803E}.Release|iPhone.ActiveCfg = Release|Any CPU
		{80A4C39A-A6B4-494D-801C-75EB4AEB803E}.Release|iPhone.Build.0 = Release|Any CPU
		{80A4C39A-A6B4-494D-801C-75EB4AEB803E}.Release|iPhoneSimulator.ActiveCfg = Release|Any CPU
		{80A4C39A-A6B4-494D-801C-75EB4AEB803E}.Release|iPhoneSimulator.Build.0 = Release|Any CPU
		{80A4C39A-A6B4-494D-801C-75EB4AEB803E}.Release|x64.ActiveCfg = Release|Any CPU
		{80A4C39A-A6B4-494D-801C-75EB4AEB803E}.Release|x64.Build.0 = Release|Any CPU
		{80A4C39A-A6B4-494D-801C-75EB4AEB803E}.Release|x86.ActiveCfg = Release|Any CPU
		{80A4C39A-A6B4-494D-801C-75EB4AEB803E}.Release|x86.Build.0 = Release|Any CPU
		{2FA7AE0E-B3CE-4742-B40B-449B6527055B}.Ad-Hoc|Any CPU.ActiveCfg = Debug|Any CPU
		{2FA7AE0E-B3CE-4742-B40B-449B6527055B}.Ad-Hoc|Any CPU.Build.0 = Debug|Any CPU
		{2FA7AE0E-B3CE-4742-B40B-449B6527055B}.Ad-Hoc|ARM.ActiveCfg = Debug|Any CPU
		{2FA7AE0E-B3CE-4742-B40B-449B6527055B}.Ad-Hoc|ARM.Build.0 = Debug|Any CPU
		{2FA7AE0E-B3CE-4742-B40B-449B6527055B}.Ad-Hoc|ARM64.ActiveCfg = Debug|Any CPU
		{2FA7AE0E-B3CE-4742-B40B-449B6527055B}.Ad-Hoc|ARM64.Build.0 = Debug|Any CPU
		{2FA7AE0E-B3CE-4742-B40B-449B6527055B}.Ad-Hoc|iPhone.ActiveCfg = Debug|Any CPU
		{2FA7AE0E-B3CE-4742-B40B-449B6527055B}.Ad-Hoc|iPhone.Build.0 = Debug|Any CPU
		{2FA7AE0E-B3CE-4742-B40B-449B6527055B}.Ad-Hoc|iPhoneSimulator.ActiveCfg = Debug|Any CPU
		{2FA7AE0E-B3CE-4742-B40B-449B6527055B}.Ad-Hoc|iPhoneSimulator.Build.0 = Debug|Any CPU
		{2FA7AE0E-B3CE-4742-B40B-449B6527055B}.Ad-Hoc|x64.ActiveCfg = Debug|Any CPU
		{2FA7AE0E-B3CE-4742-B40B-449B6527055B}.Ad-Hoc|x64.Build.0 = Debug|Any CPU
		{2FA7AE0E-B3CE-4742-B40B-449B6527055B}.Ad-Hoc|x86.ActiveCfg = Debug|Any CPU
		{2FA7AE0E-B3CE-4742-B40B-449B6527055B}.Ad-Hoc|x86.Build.0 = Debug|Any CPU
		{2FA7AE0E-B3CE-4742-B40B-449B6527055B}.AppStore|Any CPU.ActiveCfg = Debug|Any CPU
		{2FA7AE0E-B3CE-4742-B40B-449B6527055B}.AppStore|Any CPU.Build.0 = Debug|Any CPU
		{2FA7AE0E-B3CE-4742-B40B-449B6527055B}.AppStore|ARM.ActiveCfg = Debug|Any CPU
		{2FA7AE0E-B3CE-4742-B40B-449B6527055B}.AppStore|ARM.Build.0 = Debug|Any CPU
		{2FA7AE0E-B3CE-4742-B40B-449B6527055B}.AppStore|ARM64.ActiveCfg = Debug|Any CPU
		{2FA7AE0E-B3CE-4742-B40B-449B6527055B}.AppStore|ARM64.Build.0 = Debug|Any CPU
		{2FA7AE0E-B3CE-4742-B40B-449B6527055B}.AppStore|iPhone.ActiveCfg = Debug|Any CPU
		{2FA7AE0E-B3CE-4742-B40B-449B6527055B}.AppStore|iPhone.Build.0 = Debug|Any CPU
		{2FA7AE0E-B3CE-4742-B40B-449B6527055B}.AppStore|iPhoneSimulator.ActiveCfg = Debug|Any CPU
		{2FA7AE0E-B3CE-4742-B40B-449B6527055B}.AppStore|iPhoneSimulator.Build.0 = Debug|Any CPU
		{2FA7AE0E-B3CE-4742-B40B-449B6527055B}.AppStore|x64.ActiveCfg = Debug|Any CPU
		{2FA7AE0E-B3CE-4742-B40B-449B6527055B}.AppStore|x64.Build.0 = Debug|Any CPU
		{2FA7AE0E-B3CE-4742-B40B-449B6527055B}.AppStore|x86.ActiveCfg = Debug|Any CPU
		{2FA7AE0E-B3CE-4742-B40B-449B6527055B}.AppStore|x86.Build.0 = Debug|Any CPU
		{2FA7AE0E-B3CE-4742-B40B-449B6527055B}.Debug|Any CPU.ActiveCfg = Debug|Any CPU
		{2FA7AE0E-B3CE-4742-B40B-449B6527055B}.Debug|Any CPU.Build.0 = Debug|Any CPU
		{2FA7AE0E-B3CE-4742-B40B-449B6527055B}.Debug|ARM.ActiveCfg = Debug|Any CPU
		{2FA7AE0E-B3CE-4742-B40B-449B6527055B}.Debug|ARM.Build.0 = Debug|Any CPU
		{2FA7AE0E-B3CE-4742-B40B-449B6527055B}.Debug|ARM64.ActiveCfg = Debug|Any CPU
		{2FA7AE0E-B3CE-4742-B40B-449B6527055B}.Debug|ARM64.Build.0 = Debug|Any CPU
		{2FA7AE0E-B3CE-4742-B40B-449B6527055B}.Debug|iPhone.ActiveCfg = Debug|Any CPU
		{2FA7AE0E-B3CE-4742-B40B-449B6527055B}.Debug|iPhone.Build.0 = Debug|Any CPU
		{2FA7AE0E-B3CE-4742-B40B-449B6527055B}.Debug|iPhoneSimulator.ActiveCfg = Debug|Any CPU
		{2FA7AE0E-B3CE-4742-B40B-449B6527055B}.Debug|iPhoneSimulator.Build.0 = Debug|Any CPU
		{2FA7AE0E-B3CE-4742-B40B-449B6527055B}.Debug|x64.ActiveCfg = Debug|Any CPU
		{2FA7AE0E-B3CE-4742-B40B-449B6527055B}.Debug|x64.Build.0 = Debug|Any CPU
		{2FA7AE0E-B3CE-4742-B40B-449B6527055B}.Debug|x86.ActiveCfg = Debug|Any CPU
		{2FA7AE0E-B3CE-4742-B40B-449B6527055B}.Debug|x86.Build.0 = Debug|Any CPU
		{2FA7AE0E-B3CE-4742-B40B-449B6527055B}.Release|Any CPU.ActiveCfg = Release|Any CPU
		{2FA7AE0E-B3CE-4742-B40B-449B6527055B}.Release|Any CPU.Build.0 = Release|Any CPU
		{2FA7AE0E-B3CE-4742-B40B-449B6527055B}.Release|ARM.ActiveCfg = Release|Any CPU
		{2FA7AE0E-B3CE-4742-B40B-449B6527055B}.Release|ARM.Build.0 = Release|Any CPU
		{2FA7AE0E-B3CE-4742-B40B-449B6527055B}.Release|ARM64.ActiveCfg = Release|Any CPU
		{2FA7AE0E-B3CE-4742-B40B-449B6527055B}.Release|ARM64.Build.0 = Release|Any CPU
		{2FA7AE0E-B3CE-4742-B40B-449B6527055B}.Release|iPhone.ActiveCfg = Release|Any CPU
		{2FA7AE0E-B3CE-4742-B40B-449B6527055B}.Release|iPhone.Build.0 = Release|Any CPU
		{2FA7AE0E-B3CE-4742-B40B-449B6527055B}.Release|iPhoneSimulator.ActiveCfg = Release|Any CPU
		{2FA7AE0E-B3CE-4742-B40B-449B6527055B}.Release|iPhoneSimulator.Build.0 = Release|Any CPU
		{2FA7AE0E-B3CE-4742-B40B-449B6527055B}.Release|x64.ActiveCfg = Release|Any CPU
		{2FA7AE0E-B3CE-4742-B40B-449B6527055B}.Release|x64.Build.0 = Release|Any CPU
		{2FA7AE0E-B3CE-4742-B40B-449B6527055B}.Release|x86.ActiveCfg = Release|Any CPU
		{2FA7AE0E-B3CE-4742-B40B-449B6527055B}.Release|x86.Build.0 = Release|Any CPU
		{DAC1CB86-83F2-4896-BF55-883D2FE28F1F}.Ad-Hoc|Any CPU.ActiveCfg = Debug|Any CPU
		{DAC1CB86-83F2-4896-BF55-883D2FE28F1F}.Ad-Hoc|Any CPU.Build.0 = Debug|Any CPU
		{DAC1CB86-83F2-4896-BF55-883D2FE28F1F}.Ad-Hoc|ARM.ActiveCfg = Debug|Any CPU
		{DAC1CB86-83F2-4896-BF55-883D2FE28F1F}.Ad-Hoc|ARM.Build.0 = Debug|Any CPU
		{DAC1CB86-83F2-4896-BF55-883D2FE28F1F}.Ad-Hoc|ARM64.ActiveCfg = Debug|Any CPU
		{DAC1CB86-83F2-4896-BF55-883D2FE28F1F}.Ad-Hoc|ARM64.Build.0 = Debug|Any CPU
		{DAC1CB86-83F2-4896-BF55-883D2FE28F1F}.Ad-Hoc|iPhone.ActiveCfg = Debug|Any CPU
		{DAC1CB86-83F2-4896-BF55-883D2FE28F1F}.Ad-Hoc|iPhone.Build.0 = Debug|Any CPU
		{DAC1CB86-83F2-4896-BF55-883D2FE28F1F}.Ad-Hoc|iPhoneSimulator.ActiveCfg = Debug|Any CPU
		{DAC1CB86-83F2-4896-BF55-883D2FE28F1F}.Ad-Hoc|iPhoneSimulator.Build.0 = Debug|Any CPU
		{DAC1CB86-83F2-4896-BF55-883D2FE28F1F}.Ad-Hoc|x64.ActiveCfg = Debug|Any CPU
		{DAC1CB86-83F2-4896-BF55-883D2FE28F1F}.Ad-Hoc|x64.Build.0 = Debug|Any CPU
		{DAC1CB86-83F2-4896-BF55-883D2FE28F1F}.Ad-Hoc|x86.ActiveCfg = Debug|Any CPU
		{DAC1CB86-83F2-4896-BF55-883D2FE28F1F}.Ad-Hoc|x86.Build.0 = Debug|Any CPU
		{DAC1CB86-83F2-4896-BF55-883D2FE28F1F}.AppStore|Any CPU.ActiveCfg = Debug|Any CPU
		{DAC1CB86-83F2-4896-BF55-883D2FE28F1F}.AppStore|Any CPU.Build.0 = Debug|Any CPU
		{DAC1CB86-83F2-4896-BF55-883D2FE28F1F}.AppStore|ARM.ActiveCfg = Debug|Any CPU
		{DAC1CB86-83F2-4896-BF55-883D2FE28F1F}.AppStore|ARM.Build.0 = Debug|Any CPU
		{DAC1CB86-83F2-4896-BF55-883D2FE28F1F}.AppStore|ARM64.ActiveCfg = Debug|Any CPU
		{DAC1CB86-83F2-4896-BF55-883D2FE28F1F}.AppStore|ARM64.Build.0 = Debug|Any CPU
		{DAC1CB86-83F2-4896-BF55-883D2FE28F1F}.AppStore|iPhone.ActiveCfg = Debug|Any CPU
		{DAC1CB86-83F2-4896-BF55-883D2FE28F1F}.AppStore|iPhone.Build.0 = Debug|Any CPU
		{DAC1CB86-83F2-4896-BF55-883D2FE28F1F}.AppStore|iPhoneSimulator.ActiveCfg = Debug|Any CPU
		{DAC1CB86-83F2-4896-BF55-883D2FE28F1F}.AppStore|iPhoneSimulator.Build.0 = Debug|Any CPU
		{DAC1CB86-83F2-4896-BF55-883D2FE28F1F}.AppStore|x64.ActiveCfg = Debug|Any CPU
		{DAC1CB86-83F2-4896-BF55-883D2FE28F1F}.AppStore|x64.Build.0 = Debug|Any CPU
		{DAC1CB86-83F2-4896-BF55-883D2FE28F1F}.AppStore|x86.ActiveCfg = Debug|Any CPU
		{DAC1CB86-83F2-4896-BF55-883D2FE28F1F}.AppStore|x86.Build.0 = Debug|Any CPU
		{DAC1CB86-83F2-4896-BF55-883D2FE28F1F}.Debug|Any CPU.ActiveCfg = Debug|Any CPU
		{DAC1CB86-83F2-4896-BF55-883D2FE28F1F}.Debug|Any CPU.Build.0 = Debug|Any CPU
		{DAC1CB86-83F2-4896-BF55-883D2FE28F1F}.Debug|ARM.ActiveCfg = Debug|Any CPU
		{DAC1CB86-83F2-4896-BF55-883D2FE28F1F}.Debug|ARM.Build.0 = Debug|Any CPU
		{DAC1CB86-83F2-4896-BF55-883D2FE28F1F}.Debug|ARM64.ActiveCfg = Debug|Any CPU
		{DAC1CB86-83F2-4896-BF55-883D2FE28F1F}.Debug|ARM64.Build.0 = Debug|Any CPU
		{DAC1CB86-83F2-4896-BF55-883D2FE28F1F}.Debug|iPhone.ActiveCfg = Debug|Any CPU
		{DAC1CB86-83F2-4896-BF55-883D2FE28F1F}.Debug|iPhone.Build.0 = Debug|Any CPU
		{DAC1CB86-83F2-4896-BF55-883D2FE28F1F}.Debug|iPhoneSimulator.ActiveCfg = Debug|Any CPU
		{DAC1CB86-83F2-4896-BF55-883D2FE28F1F}.Debug|iPhoneSimulator.Build.0 = Debug|Any CPU
		{DAC1CB86-83F2-4896-BF55-883D2FE28F1F}.Debug|x64.ActiveCfg = Debug|Any CPU
		{DAC1CB86-83F2-4896-BF55-883D2FE28F1F}.Debug|x64.Build.0 = Debug|Any CPU
		{DAC1CB86-83F2-4896-BF55-883D2FE28F1F}.Debug|x86.ActiveCfg = Debug|Any CPU
		{DAC1CB86-83F2-4896-BF55-883D2FE28F1F}.Debug|x86.Build.0 = Debug|Any CPU
		{DAC1CB86-83F2-4896-BF55-883D2FE28F1F}.Release|Any CPU.ActiveCfg = Release|Any CPU
		{DAC1CB86-83F2-4896-BF55-883D2FE28F1F}.Release|Any CPU.Build.0 = Release|Any CPU
		{DAC1CB86-83F2-4896-BF55-883D2FE28F1F}.Release|ARM.ActiveCfg = Release|Any CPU
		{DAC1CB86-83F2-4896-BF55-883D2FE28F1F}.Release|ARM.Build.0 = Release|Any CPU
		{DAC1CB86-83F2-4896-BF55-883D2FE28F1F}.Release|ARM64.ActiveCfg = Release|Any CPU
		{DAC1CB86-83F2-4896-BF55-883D2FE28F1F}.Release|ARM64.Build.0 = Release|Any CPU
		{DAC1CB86-83F2-4896-BF55-883D2FE28F1F}.Release|iPhone.ActiveCfg = Release|Any CPU
		{DAC1CB86-83F2-4896-BF55-883D2FE28F1F}.Release|iPhone.Build.0 = Release|Any CPU
		{DAC1CB86-83F2-4896-BF55-883D2FE28F1F}.Release|iPhoneSimulator.ActiveCfg = Release|Any CPU
		{DAC1CB86-83F2-4896-BF55-883D2FE28F1F}.Release|iPhoneSimulator.Build.0 = Release|Any CPU
		{DAC1CB86-83F2-4896-BF55-883D2FE28F1F}.Release|x64.ActiveCfg = Release|Any CPU
		{DAC1CB86-83F2-4896-BF55-883D2FE28F1F}.Release|x64.Build.0 = Release|Any CPU
		{DAC1CB86-83F2-4896-BF55-883D2FE28F1F}.Release|x86.ActiveCfg = Release|Any CPU
		{DAC1CB86-83F2-4896-BF55-883D2FE28F1F}.Release|x86.Build.0 = Release|Any CPU
	EndGlobalSection
	GlobalSection(SolutionProperties) = preSolution
		HideSolutionNode = FALSE
	EndGlobalSection
	GlobalSection(NestedProjects) = preSolution
		{6279C845-92F8-4333-AB99-3D213163593C} = {2B7E4639-D606-4615-84E5-32BCFD2BE7DA}
		{5EF7CAD3-B839-44E4-9D62-B25C0D32B589} = {2B7E4639-D606-4615-84E5-32BCFD2BE7DA}
		{2E8C060F-67C3-4EC7-9891-752575BF6427} = {5EF7CAD3-B839-44E4-9D62-B25C0D32B589}
		{642E5A60-4224-413B-8DEE-DA3044081BBE} = {5EF7CAD3-B839-44E4-9D62-B25C0D32B589}
		{57A287D9-2C97-4ED1-BBE1-99C931DDFE04} = {5EF7CAD3-B839-44E4-9D62-B25C0D32B589}
		{B8296FB3-084E-4C3C-8D78-A9F842DB1CE5} = {5EF7CAD3-B839-44E4-9D62-B25C0D32B589}
		{1A79C7BF-C92E-4009-A340-CDC937E0E620} = {5EF7CAD3-B839-44E4-9D62-B25C0D32B589}
		{D6E69EEF-FB6E-433E-BED4-70AC4A91F510} = {5EF7CAD3-B839-44E4-9D62-B25C0D32B589}
		{5758FDFA-23AF-4464-9E5F-1DB7862A1092} = {5EF7CAD3-B839-44E4-9D62-B25C0D32B589}
		{7782EDFB-5F37-46F8-8D06-A30241E99A59} = {5EF7CAD3-B839-44E4-9D62-B25C0D32B589}
		{6A82F22C-EB75-40D8-9FC6-CF2B497C3299} = {5EF7CAD3-B839-44E4-9D62-B25C0D32B589}
		{00E9F364-ABBF-4906-88CB-65735054F2B1} = {93D68E43-9939-49AF-A7AE-113DDF70EEAF}
		{80A4C39A-A6B4-494D-801C-75EB4AEB803E} = {93D68E43-9939-49AF-A7AE-113DDF70EEAF}
		{2FA7AE0E-B3CE-4742-B40B-449B6527055B} = {93D68E43-9939-49AF-A7AE-113DDF70EEAF}
		{DAC1CB86-83F2-4896-BF55-883D2FE28F1F} = {D6D40C4E-21EE-436E-845E-AC1871BDCCE9}
		{D6D40C4E-21EE-436E-845E-AC1871BDCCE9} = {2B7E4639-D606-4615-84E5-32BCFD2BE7DA}
	EndGlobalSection
	GlobalSection(ExtensibilityGlobals) = postSolution
		SolutionGuid = {529BCED6-0AB3-4552-A9BC-A93749A988DB}
	EndGlobalSection
EndGlobal
