
Microsoft Visual Studio Solution File, Format Version 12.00
# Visual Studio Version 16
VisualStudioVersion = 16.0.28729.10
MinimumVisualStudioVersion = 10.0.40219.1
Project("{9A19103F-16F7-4668-BE54-9A1E7A4F7556}") = "HelloWorld", "HelloWorld\HelloWorld.csproj", "{B03C14CC-8DE9-40EE-9562-12B976E4CEE8}"
EndProject
Project("{9A19103F-16F7-4668-BE54-9A1E7A4F7556}") = "Prism.Core", "..\..\src\Prism.Core\Prism.Core.csproj", "{457AA668-72BB-4701-9A4E-FA86B0C412DE}"
EndProject
Project("{2150E333-8FDC-42A3-9474-1A3956D46DE8}") = "Prism Library", "Prism Library", "{15CF1FE1-D78E-4E3D-A9F8-FA0FCC56A83A}"
EndProject
Project("{9A19103F-16F7-4668-BE54-9A1E7A4F7556}") = "Prism.Wpf", "..\..\src\Wpf\Prism.Wpf\Prism.Wpf.csproj", "{AA8ED3D6-A708-4187-8FAC-00F56E063AD7}"
EndProject
Project("{9A19103F-16F7-4668-BE54-9A1E7A4F7556}") = "Prism.DryIoc.Wpf", "..\..\src\Wpf\Prism.DryIoc.Wpf\Prism.DryIoc.Wpf.csproj", "{A0842858-BFD5-41AE-BDE7-CBD870BC9900}"
EndProject
Project("{9A19103F-16F7-4668-BE54-9A1E7A4F7556}") = "Prism.Unity.Wpf", "..\..\src\Wpf\Prism.Unity.Wpf\Prism.Unity.Wpf.csproj", "{DEBADAAB-5C78-444E-AA77-336A43B49EC3}"
EndProject
Project("{FAE04EC0-301F-11D3-BF4B-00C04F79EFBC}") = "HelloWorld.Bootstrapper", "HelloWorld.Bootstraper\HelloWorld.Bootstrapper.csproj", "{36C11381-D25A-4E40-956F-05E9C440FA86}"
EndProject
Project("{FAE04EC0-301F-11D3-BF4B-00C04F79EFBC}") = "HelloWorld.Modules.ModuleA", "Modules\HelloWorld.Modules.ModuleA\HelloWorld.Modules.ModuleA.csproj", "{D16AADD5-6EAA-446A-83F5-9DFC36DD4108}"
EndProject
Project("{FAE04EC0-301F-11D3-BF4B-00C04F79EFBC}") = "HelloWorld.Core", "HelloWorld.Core\HelloWorld.Core.csproj", "{F9541A8C-42DD-4340-AB57-54C7AAAC1BCC}"
EndProject
Project("{2150E333-8FDC-42A3-9474-1A3956D46DE8}") = "Modules", "Modules", "{63541838-3D6A-4F2E-92EF-AC4953BB9B9B}"
EndProject
Global
	GlobalSection(SharedMSBuildProjectFiles) = preSolution
		..\..\src\Containers\Prism.DryIoc.Shared\Prism.DryIoc.Shared.projitems*{a0842858-bfd5-41ae-bde7-cbd870bc9900}*SharedItemsImports = 5
		..\..\src\Containers\Prism.Unity.Shared\Prism.Unity.Shared.projitems*{debadaab-5c78-444e-aa77-336a43b49ec3}*SharedItemsImports = 5
	EndGlobalSection
	GlobalSection(SolutionConfigurationPlatforms) = preSolution
		Debug|Any CPU = Debug|Any CPU
		Release|Any CPU = Release|Any CPU
	EndGlobalSection
	GlobalSection(ProjectConfigurationPlatforms) = postSolution
		{B03C14CC-8DE9-40EE-9562-12B976E4CEE8}.Debug|Any CPU.ActiveCfg = Debug|Any CPU
		{B03C14CC-8DE9-40EE-9562-12B976E4CEE8}.Debug|Any CPU.Build.0 = Debug|Any CPU
		{B03C14CC-8DE9-40EE-9562-12B976E4CEE8}.Release|Any CPU.ActiveCfg = Release|Any CPU
		{B03C14CC-8DE9-40EE-9562-12B976E4CEE8}.Release|Any CPU.Build.0 = Release|Any CPU
		{457AA668-72BB-4701-9A4E-FA86B0C412DE}.Debug|Any CPU.ActiveCfg = Debug|Any CPU
		{457AA668-72BB-4701-9A4E-FA86B0C412DE}.Debug|Any CPU.Build.0 = Debug|Any CPU
		{457AA668-72BB-4701-9A4E-FA86B0C412DE}.Release|Any CPU.ActiveCfg = Release|Any CPU
		{457AA668-72BB-4701-9A4E-FA86B0C412DE}.Release|Any CPU.Build.0 = Release|Any CPU
		{AA8ED3D6-A708-4187-8FAC-00F56E063AD7}.Debug|Any CPU.ActiveCfg = Debug|Any CPU
		{AA8ED3D6-A708-4187-8FAC-00F56E063AD7}.Debug|Any CPU.Build.0 = Debug|Any CPU
		{AA8ED3D6-A708-4187-8FAC-00F56E063AD7}.Release|Any CPU.ActiveCfg = Release|Any CPU
		{AA8ED3D6-A708-4187-8FAC-00F56E063AD7}.Release|Any CPU.Build.0 = Release|Any CPU
		{A0842858-BFD5-41AE-BDE7-CBD870BC9900}.Debug|Any CPU.ActiveCfg = Debug|Any CPU
		{A0842858-BFD5-41AE-BDE7-CBD870BC9900}.Debug|Any CPU.Build.0 = Debug|Any CPU
		{A0842858-BFD5-41AE-BDE7-CBD870BC9900}.Release|Any CPU.ActiveCfg = Release|Any CPU
		{A0842858-BFD5-41AE-BDE7-CBD870BC9900}.Release|Any CPU.Build.0 = Release|Any CPU
		{DEBADAAB-5C78-444E-AA77-336A43B49EC3}.Debug|Any CPU.ActiveCfg = Debug|Any CPU
		{DEBADAAB-5C78-444E-AA77-336A43B49EC3}.Debug|Any CPU.Build.0 = Debug|Any CPU
		{DEBADAAB-5C78-444E-AA77-336A43B49EC3}.Release|Any CPU.ActiveCfg = Release|Any CPU
		{DEBADAAB-5C78-444E-AA77-336A43B49EC3}.Release|Any CPU.Build.0 = Release|Any CPU
		{36C11381-D25A-4E40-956F-05E9C440FA86}.Debug|Any CPU.ActiveCfg = Debug|Any CPU
		{36C11381-D25A-4E40-956F-05E9C440FA86}.Debug|Any CPU.Build.0 = Debug|Any CPU
		{36C11381-D25A-4E40-956F-05E9C440FA86}.Release|Any CPU.ActiveCfg = Release|Any CPU
		{36C11381-D25A-4E40-956F-05E9C440FA86}.Release|Any CPU.Build.0 = Release|Any CPU
		{D16AADD5-6EAA-446A-83F5-9DFC36DD4108}.Debug|Any CPU.ActiveCfg = Debug|Any CPU
		{D16AADD5-6EAA-446A-83F5-9DFC36DD4108}.Debug|Any CPU.Build.0 = Debug|Any CPU
		{D16AADD5-6EAA-446A-83F5-9DFC36DD4108}.Release|Any CPU.ActiveCfg = Release|Any CPU
		{D16AADD5-6EAA-446A-83F5-9DFC36DD4108}.Release|Any CPU.Build.0 = Release|Any CPU
		{F9541A8C-42DD-4340-AB57-54C7AAAC1BCC}.Debug|Any CPU.ActiveCfg = Debug|Any CPU
		{F9541A8C-42DD-4340-AB57-54C7AAAC1BCC}.Debug|Any CPU.Build.0 = Debug|Any CPU
		{F9541A8C-42DD-4340-AB57-54C7AAAC1BCC}.Release|Any CPU.ActiveCfg = Release|Any CPU
		{F9541A8C-42DD-4340-AB57-54C7AAAC1BCC}.Release|Any CPU.Build.0 = Release|Any CPU
	EndGlobalSection
	GlobalSection(SolutionProperties) = preSolution
		HideSolutionNode = FALSE
	EndGlobalSection
	GlobalSection(NestedProjects) = preSolution
		{457AA668-72BB-4701-9A4E-FA86B0C412DE} = {15CF1FE1-D78E-4E3D-A9F8-FA0FCC56A83A}
		{AA8ED3D6-A708-4187-8FAC-00F56E063AD7} = {15CF1FE1-D78E-4E3D-A9F8-FA0FCC56A83A}
		{A0842858-BFD5-41AE-BDE7-CBD870BC9900} = {15CF1FE1-D78E-4E3D-A9F8-FA0FCC56A83A}
		{DEBADAAB-5C78-444E-AA77-336A43B49EC3} = {15CF1FE1-D78E-4E3D-A9F8-FA0FCC56A83A}
		{D16AADD5-6EAA-446A-83F5-9DFC36DD4108} = {63541838-3D6A-4F2E-92EF-AC4953BB9B9B}
	EndGlobalSection
	GlobalSection(ExtensibilityGlobals) = postSolution
		SolutionGuid = {D877B086-37FD-4AA5-8AB3-CF7E87E27425}
	EndGlobalSection
EndGlobal
