
Microsoft Visual Studio Solution File, Format Version 12.00
# Visual Studio 14
VisualStudioVersion = 14.0.23107.0
MinimumVisualStudioVersion = 10.0.40219.1
Project("{FAE04EC0-301F-11D3-BF4B-00C04F79EFBC}") = "HelloWorld", "HelloWorld\HelloWorld\HelloWorld.csproj", "{94318F08-2F60-4E7F-8C43-86B024BFF115}"
EndProject
Project("{FAE04EC0-301F-11D3-BF4B-00C04F79EFBC}") = "HelloWorld.iOS", "HelloWorld\HelloWorld.iOS\HelloWorld.iOS.csproj", "{0DC35314-73CB-4B86-9623-3D7F2DE8D3BD}"
EndProject
Project("{FAE04EC0-301F-11D3-BF4B-00C04F79EFBC}") = "HelloWorld.Droid", "HelloWorld\HelloWorld.Droid\HelloWorld.Droid.csproj", "{9774D4CB-99CD-470A-85C9-762647381972}"
EndProject
Project("{FAE04EC0-301F-11D3-BF4B-00C04F79EFBC}") = "HelloWorld.WinPhone", "HelloWorld\HelloWorld.WinPhone\HelloWorld.WinPhone.csproj", "{121FF39C-5515-4D99-A369-4EB48F4360A6}"
EndProject
Project("{2150E333-8FDC-42A3-9474-1A3956D46DE8}") = "Prism", "Prism", "{1FFDC467-1594-4138-A3DA-91ABC5D45BFA}"
EndProject
Project("{FAE04EC0-301F-11D3-BF4B-00C04F79EFBC}") = "Prism", "..\..\..\Source\Prism\Prism.csproj", "{E6C50355-D01E-4CAA-884D-D7929861315C}"
EndProject
Project("{FAE04EC0-301F-11D3-BF4B-00C04F79EFBC}") = "Prism.Forms", "..\..\..\Source\Xamarin\Prism.Forms\Prism.Forms.csproj", "{67F9D3A8-F71E-4428-913F-C37AE82CDB24}"
EndProject
Project("{FAE04EC0-301F-11D3-BF4B-00C04F79EFBC}") = "Prism.Unity.Forms", "..\..\..\Source\Xamarin\Prism.Unity.Forms\Prism.Unity.Forms.csproj", "{79EBB8F1-5D80-4EA1-9100-EBDC1EC51CB7}"
EndProject
Project("{FAE04EC0-301F-11D3-BF4B-00C04F79EFBC}") = "Prism.Ninject.Forms", "..\..\..\Source\Xamarin\Prism.Ninject.Forms\Prism.Ninject.Forms.csproj", "{F8424F1D-A7BF-4113-AF23-0F0A7BE6BBB1}"
EndProject
Project("{2150E333-8FDC-42A3-9474-1A3956D46DE8}") = "Unity", "Unity", "{1F38DE96-6945-4467-92C4-20D9DF20121E}"
EndProject
Global
	GlobalSection(SolutionConfigurationPlatforms) = preSolution
		Ad-Hoc|Any CPU = Ad-Hoc|Any CPU
		Ad-Hoc|ARM = Ad-Hoc|ARM
		Ad-Hoc|iPhone = Ad-Hoc|iPhone
		Ad-Hoc|iPhoneSimulator = Ad-Hoc|iPhoneSimulator
		Ad-Hoc|x86 = Ad-Hoc|x86
		AppStore|Any CPU = AppStore|Any CPU
		AppStore|ARM = AppStore|ARM
		AppStore|iPhone = AppStore|iPhone
		AppStore|iPhoneSimulator = AppStore|iPhoneSimulator
		AppStore|x86 = AppStore|x86
		Debug|Any CPU = Debug|Any CPU
		Debug|ARM = Debug|ARM
		Debug|iPhone = Debug|iPhone
		Debug|iPhoneSimulator = Debug|iPhoneSimulator
		Debug|x86 = Debug|x86
		Release|Any CPU = Release|Any CPU
		Release|ARM = Release|ARM
		Release|iPhone = Release|iPhone
		Release|iPhoneSimulator = Release|iPhoneSimulator
		Release|x86 = Release|x86
		Release-Signed|Any CPU = Release-Signed|Any CPU
		Release-Signed|ARM = Release-Signed|ARM
		Release-Signed|iPhone = Release-Signed|iPhone
		Release-Signed|iPhoneSimulator = Release-Signed|iPhoneSimulator
		Release-Signed|x86 = Release-Signed|x86
	EndGlobalSection
	GlobalSection(ProjectConfigurationPlatforms) = postSolution
		{94318F08-2F60-4E7F-8C43-86B024BFF115}.Ad-Hoc|Any CPU.ActiveCfg = Release|Any CPU
		{94318F08-2F60-4E7F-8C43-86B024BFF115}.Ad-Hoc|Any CPU.Build.0 = Release|Any CPU
		{94318F08-2F60-4E7F-8C43-86B024BFF115}.Ad-Hoc|ARM.ActiveCfg = Release|Any CPU
		{94318F08-2F60-4E7F-8C43-86B024BFF115}.Ad-Hoc|ARM.Build.0 = Release|Any CPU
		{94318F08-2F60-4E7F-8C43-86B024BFF115}.Ad-Hoc|iPhone.ActiveCfg = Release|Any CPU
		{94318F08-2F60-4E7F-8C43-86B024BFF115}.Ad-Hoc|iPhone.Build.0 = Release|Any CPU
		{94318F08-2F60-4E7F-8C43-86B024BFF115}.Ad-Hoc|iPhoneSimulator.ActiveCfg = Release|Any CPU
		{94318F08-2F60-4E7F-8C43-86B024BFF115}.Ad-Hoc|iPhoneSimulator.Build.0 = Release|Any CPU
		{94318F08-2F60-4E7F-8C43-86B024BFF115}.Ad-Hoc|x86.ActiveCfg = Release|Any CPU
		{94318F08-2F60-4E7F-8C43-86B024BFF115}.Ad-Hoc|x86.Build.0 = Release|Any CPU
		{94318F08-2F60-4E7F-8C43-86B024BFF115}.AppStore|Any CPU.ActiveCfg = Release|Any CPU
		{94318F08-2F60-4E7F-8C43-86B024BFF115}.AppStore|Any CPU.Build.0 = Release|Any CPU
		{94318F08-2F60-4E7F-8C43-86B024BFF115}.AppStore|ARM.ActiveCfg = Release|Any CPU
		{94318F08-2F60-4E7F-8C43-86B024BFF115}.AppStore|ARM.Build.0 = Release|Any CPU
		{94318F08-2F60-4E7F-8C43-86B024BFF115}.AppStore|iPhone.ActiveCfg = Release|Any CPU
		{94318F08-2F60-4E7F-8C43-86B024BFF115}.AppStore|iPhone.Build.0 = Release|Any CPU
		{94318F08-2F60-4E7F-8C43-86B024BFF115}.AppStore|iPhoneSimulator.ActiveCfg = Release|Any CPU
		{94318F08-2F60-4E7F-8C43-86B024BFF115}.AppStore|iPhoneSimulator.Build.0 = Release|Any CPU
		{94318F08-2F60-4E7F-8C43-86B024BFF115}.AppStore|x86.ActiveCfg = Release|Any CPU
		{94318F08-2F60-4E7F-8C43-86B024BFF115}.AppStore|x86.Build.0 = Release|Any CPU
		{94318F08-2F60-4E7F-8C43-86B024BFF115}.Debug|Any CPU.ActiveCfg = Debug|Any CPU
		{94318F08-2F60-4E7F-8C43-86B024BFF115}.Debug|Any CPU.Build.0 = Debug|Any CPU
		{94318F08-2F60-4E7F-8C43-86B024BFF115}.Debug|ARM.ActiveCfg = Debug|Any CPU
		{94318F08-2F60-4E7F-8C43-86B024BFF115}.Debug|ARM.Build.0 = Debug|Any CPU
		{94318F08-2F60-4E7F-8C43-86B024BFF115}.Debug|iPhone.ActiveCfg = Debug|Any CPU
		{94318F08-2F60-4E7F-8C43-86B024BFF115}.Debug|iPhone.Build.0 = Debug|Any CPU
		{94318F08-2F60-4E7F-8C43-86B024BFF115}.Debug|iPhoneSimulator.ActiveCfg = Debug|Any CPU
		{94318F08-2F60-4E7F-8C43-86B024BFF115}.Debug|iPhoneSimulator.Build.0 = Debug|Any CPU
		{94318F08-2F60-4E7F-8C43-86B024BFF115}.Debug|x86.ActiveCfg = Debug|Any CPU
		{94318F08-2F60-4E7F-8C43-86B024BFF115}.Debug|x86.Build.0 = Debug|Any CPU
		{94318F08-2F60-4E7F-8C43-86B024BFF115}.Release|Any CPU.ActiveCfg = Release|Any CPU
		{94318F08-2F60-4E7F-8C43-86B024BFF115}.Release|Any CPU.Build.0 = Release|Any CPU
		{94318F08-2F60-4E7F-8C43-86B024BFF115}.Release|ARM.ActiveCfg = Release|Any CPU
		{94318F08-2F60-4E7F-8C43-86B024BFF115}.Release|ARM.Build.0 = Release|Any CPU
		{94318F08-2F60-4E7F-8C43-86B024BFF115}.Release|iPhone.ActiveCfg = Release|Any CPU
		{94318F08-2F60-4E7F-8C43-86B024BFF115}.Release|iPhone.Build.0 = Release|Any CPU
		{94318F08-2F60-4E7F-8C43-86B024BFF115}.Release|iPhoneSimulator.ActiveCfg = Release|Any CPU
		{94318F08-2F60-4E7F-8C43-86B024BFF115}.Release|iPhoneSimulator.Build.0 = Release|Any CPU
		{94318F08-2F60-4E7F-8C43-86B024BFF115}.Release|x86.ActiveCfg = Release|Any CPU
		{94318F08-2F60-4E7F-8C43-86B024BFF115}.Release|x86.Build.0 = Release|Any CPU
		{94318F08-2F60-4E7F-8C43-86B024BFF115}.Release-Signed|Any CPU.ActiveCfg = Release|Any CPU
		{94318F08-2F60-4E7F-8C43-86B024BFF115}.Release-Signed|Any CPU.Build.0 = Release|Any CPU
		{94318F08-2F60-4E7F-8C43-86B024BFF115}.Release-Signed|ARM.ActiveCfg = Release|Any CPU
		{94318F08-2F60-4E7F-8C43-86B024BFF115}.Release-Signed|ARM.Build.0 = Release|Any CPU
		{94318F08-2F60-4E7F-8C43-86B024BFF115}.Release-Signed|iPhone.ActiveCfg = Release|Any CPU
		{94318F08-2F60-4E7F-8C43-86B024BFF115}.Release-Signed|iPhone.Build.0 = Release|Any CPU
		{94318F08-2F60-4E7F-8C43-86B024BFF115}.Release-Signed|iPhoneSimulator.ActiveCfg = Release|Any CPU
		{94318F08-2F60-4E7F-8C43-86B024BFF115}.Release-Signed|iPhoneSimulator.Build.0 = Release|Any CPU
		{94318F08-2F60-4E7F-8C43-86B024BFF115}.Release-Signed|x86.ActiveCfg = Release|Any CPU
		{94318F08-2F60-4E7F-8C43-86B024BFF115}.Release-Signed|x86.Build.0 = Release|Any CPU
		{0DC35314-73CB-4B86-9623-3D7F2DE8D3BD}.Ad-Hoc|Any CPU.ActiveCfg = Ad-Hoc|iPhone
		{0DC35314-73CB-4B86-9623-3D7F2DE8D3BD}.Ad-Hoc|ARM.ActiveCfg = Ad-Hoc|iPhone
		{0DC35314-73CB-4B86-9623-3D7F2DE8D3BD}.Ad-Hoc|iPhone.ActiveCfg = Ad-Hoc|iPhone
		{0DC35314-73CB-4B86-9623-3D7F2DE8D3BD}.Ad-Hoc|iPhone.Build.0 = Ad-Hoc|iPhone
		{0DC35314-73CB-4B86-9623-3D7F2DE8D3BD}.Ad-Hoc|iPhoneSimulator.ActiveCfg = Ad-Hoc|iPhoneSimulator
		{0DC35314-73CB-4B86-9623-3D7F2DE8D3BD}.Ad-Hoc|iPhoneSimulator.Build.0 = Ad-Hoc|iPhoneSimulator
		{0DC35314-73CB-4B86-9623-3D7F2DE8D3BD}.Ad-Hoc|x86.ActiveCfg = Ad-Hoc|iPhone
		{0DC35314-73CB-4B86-9623-3D7F2DE8D3BD}.AppStore|Any CPU.ActiveCfg = AppStore|iPhone
		{0DC35314-73CB-4B86-9623-3D7F2DE8D3BD}.AppStore|ARM.ActiveCfg = AppStore|iPhone
		{0DC35314-73CB-4B86-9623-3D7F2DE8D3BD}.AppStore|iPhone.ActiveCfg = AppStore|iPhone
		{0DC35314-73CB-4B86-9623-3D7F2DE8D3BD}.AppStore|iPhone.Build.0 = AppStore|iPhone
		{0DC35314-73CB-4B86-9623-3D7F2DE8D3BD}.AppStore|iPhoneSimulator.ActiveCfg = AppStore|iPhoneSimulator
		{0DC35314-73CB-4B86-9623-3D7F2DE8D3BD}.AppStore|iPhoneSimulator.Build.0 = AppStore|iPhoneSimulator
		{0DC35314-73CB-4B86-9623-3D7F2DE8D3BD}.AppStore|x86.ActiveCfg = AppStore|iPhone
		{0DC35314-73CB-4B86-9623-3D7F2DE8D3BD}.Debug|Any CPU.ActiveCfg = Debug|iPhone
		{0DC35314-73CB-4B86-9623-3D7F2DE8D3BD}.Debug|ARM.ActiveCfg = Debug|iPhone
		{0DC35314-73CB-4B86-9623-3D7F2DE8D3BD}.Debug|iPhone.ActiveCfg = Debug|iPhone
		{0DC35314-73CB-4B86-9623-3D7F2DE8D3BD}.Debug|iPhone.Build.0 = Debug|iPhone
		{0DC35314-73CB-4B86-9623-3D7F2DE8D3BD}.Debug|iPhoneSimulator.ActiveCfg = Debug|iPhoneSimulator
		{0DC35314-73CB-4B86-9623-3D7F2DE8D3BD}.Debug|iPhoneSimulator.Build.0 = Debug|iPhoneSimulator
		{0DC35314-73CB-4B86-9623-3D7F2DE8D3BD}.Debug|iPhoneSimulator.Deploy.0 = Debug|iPhoneSimulator
		{0DC35314-73CB-4B86-9623-3D7F2DE8D3BD}.Debug|x86.ActiveCfg = Debug|iPhone
		{0DC35314-73CB-4B86-9623-3D7F2DE8D3BD}.Release|Any CPU.ActiveCfg = Release|iPhone
		{0DC35314-73CB-4B86-9623-3D7F2DE8D3BD}.Release|ARM.ActiveCfg = Release|iPhone
		{0DC35314-73CB-4B86-9623-3D7F2DE8D3BD}.Release|iPhone.ActiveCfg = Release|iPhone
		{0DC35314-73CB-4B86-9623-3D7F2DE8D3BD}.Release|iPhone.Build.0 = Release|iPhone
		{0DC35314-73CB-4B86-9623-3D7F2DE8D3BD}.Release|iPhoneSimulator.ActiveCfg = Release|iPhoneSimulator
		{0DC35314-73CB-4B86-9623-3D7F2DE8D3BD}.Release|iPhoneSimulator.Build.0 = Release|iPhoneSimulator
		{0DC35314-73CB-4B86-9623-3D7F2DE8D3BD}.Release|x86.ActiveCfg = Release|iPhone
		{0DC35314-73CB-4B86-9623-3D7F2DE8D3BD}.Release-Signed|Any CPU.ActiveCfg = AppStore|iPhone
		{0DC35314-73CB-4B86-9623-3D7F2DE8D3BD}.Release-Signed|Any CPU.Build.0 = AppStore|iPhone
		{0DC35314-73CB-4B86-9623-3D7F2DE8D3BD}.Release-Signed|ARM.ActiveCfg = AppStore|iPhone
		{0DC35314-73CB-4B86-9623-3D7F2DE8D3BD}.Release-Signed|ARM.Build.0 = AppStore|iPhone
		{0DC35314-73CB-4B86-9623-3D7F2DE8D3BD}.Release-Signed|iPhone.ActiveCfg = Release|iPhone
		{0DC35314-73CB-4B86-9623-3D7F2DE8D3BD}.Release-Signed|iPhone.Build.0 = Release|iPhone
		{0DC35314-73CB-4B86-9623-3D7F2DE8D3BD}.Release-Signed|iPhoneSimulator.ActiveCfg = Release|iPhoneSimulator
		{0DC35314-73CB-4B86-9623-3D7F2DE8D3BD}.Release-Signed|iPhoneSimulator.Build.0 = Release|iPhoneSimulator
		{0DC35314-73CB-4B86-9623-3D7F2DE8D3BD}.Release-Signed|x86.ActiveCfg = AppStore|iPhone
		{0DC35314-73CB-4B86-9623-3D7F2DE8D3BD}.Release-Signed|x86.Build.0 = AppStore|iPhone
		{9774D4CB-99CD-470A-85C9-762647381972}.Ad-Hoc|Any CPU.ActiveCfg = Release|Any CPU
		{9774D4CB-99CD-470A-85C9-762647381972}.Ad-Hoc|Any CPU.Build.0 = Release|Any CPU
		{9774D4CB-99CD-470A-85C9-762647381972}.Ad-Hoc|Any CPU.Deploy.0 = Release|Any CPU
		{9774D4CB-99CD-470A-85C9-762647381972}.Ad-Hoc|ARM.ActiveCfg = Release|Any CPU
		{9774D4CB-99CD-470A-85C9-762647381972}.Ad-Hoc|ARM.Build.0 = Release|Any CPU
		{9774D4CB-99CD-470A-85C9-762647381972}.Ad-Hoc|ARM.Deploy.0 = Release|Any CPU
		{9774D4CB-99CD-470A-85C9-762647381972}.Ad-Hoc|iPhone.ActiveCfg = Release|Any CPU
		{9774D4CB-99CD-470A-85C9-762647381972}.Ad-Hoc|iPhone.Build.0 = Release|Any CPU
		{9774D4CB-99CD-470A-85C9-762647381972}.Ad-Hoc|iPhone.Deploy.0 = Release|Any CPU
		{9774D4CB-99CD-470A-85C9-762647381972}.Ad-Hoc|iPhoneSimulator.ActiveCfg = Release|Any CPU
		{9774D4CB-99CD-470A-85C9-762647381972}.Ad-Hoc|iPhoneSimulator.Build.0 = Release|Any CPU
		{9774D4CB-99CD-470A-85C9-762647381972}.Ad-Hoc|iPhoneSimulator.Deploy.0 = Release|Any CPU
		{9774D4CB-99CD-470A-85C9-762647381972}.Ad-Hoc|x86.ActiveCfg = Release|Any CPU
		{9774D4CB-99CD-470A-85C9-762647381972}.Ad-Hoc|x86.Build.0 = Release|Any CPU
		{9774D4CB-99CD-470A-85C9-762647381972}.Ad-Hoc|x86.Deploy.0 = Release|Any CPU
		{9774D4CB-99CD-470A-85C9-762647381972}.AppStore|Any CPU.ActiveCfg = Release|Any CPU
		{9774D4CB-99CD-470A-85C9-762647381972}.AppStore|Any CPU.Build.0 = Release|Any CPU
		{9774D4CB-99CD-470A-85C9-762647381972}.AppStore|Any CPU.Deploy.0 = Release|Any CPU
		{9774D4CB-99CD-470A-85C9-762647381972}.AppStore|ARM.ActiveCfg = Release|Any CPU
		{9774D4CB-99CD-470A-85C9-762647381972}.AppStore|ARM.Build.0 = Release|Any CPU
		{9774D4CB-99CD-470A-85C9-762647381972}.AppStore|ARM.Deploy.0 = Release|Any CPU
		{9774D4CB-99CD-470A-85C9-762647381972}.AppStore|iPhone.ActiveCfg = Release|Any CPU
		{9774D4CB-99CD-470A-85C9-762647381972}.AppStore|iPhone.Build.0 = Release|Any CPU
		{9774D4CB-99CD-470A-85C9-762647381972}.AppStore|iPhone.Deploy.0 = Release|Any CPU
		{9774D4CB-99CD-470A-85C9-762647381972}.AppStore|iPhoneSimulator.ActiveCfg = Release|Any CPU
		{9774D4CB-99CD-470A-85C9-762647381972}.AppStore|iPhoneSimulator.Build.0 = Release|Any CPU
		{9774D4CB-99CD-470A-85C9-762647381972}.AppStore|iPhoneSimulator.Deploy.0 = Release|Any CPU
		{9774D4CB-99CD-470A-85C9-762647381972}.AppStore|x86.ActiveCfg = Release|Any CPU
		{9774D4CB-99CD-470A-85C9-762647381972}.AppStore|x86.Build.0 = Release|Any CPU
		{9774D4CB-99CD-470A-85C9-762647381972}.AppStore|x86.Deploy.0 = Release|Any CPU
		{9774D4CB-99CD-470A-85C9-762647381972}.Debug|Any CPU.ActiveCfg = Debug|Any CPU
		{9774D4CB-99CD-470A-85C9-762647381972}.Debug|Any CPU.Build.0 = Debug|Any CPU
		{9774D4CB-99CD-470A-85C9-762647381972}.Debug|Any CPU.Deploy.0 = Debug|Any CPU
		{9774D4CB-99CD-470A-85C9-762647381972}.Debug|ARM.ActiveCfg = Debug|Any CPU
		{9774D4CB-99CD-470A-85C9-762647381972}.Debug|ARM.Build.0 = Debug|Any CPU
		{9774D4CB-99CD-470A-85C9-762647381972}.Debug|ARM.Deploy.0 = Debug|Any CPU
		{9774D4CB-99CD-470A-85C9-762647381972}.Debug|iPhone.ActiveCfg = Debug|Any CPU
		{9774D4CB-99CD-470A-85C9-762647381972}.Debug|iPhone.Build.0 = Debug|Any CPU
		{9774D4CB-99CD-470A-85C9-762647381972}.Debug|iPhone.Deploy.0 = Debug|Any CPU
		{9774D4CB-99CD-470A-85C9-762647381972}.Debug|iPhoneSimulator.ActiveCfg = Debug|Any CPU
		{9774D4CB-99CD-470A-85C9-762647381972}.Debug|iPhoneSimulator.Build.0 = Debug|Any CPU
		{9774D4CB-99CD-470A-85C9-762647381972}.Debug|iPhoneSimulator.Deploy.0 = Debug|Any CPU
		{9774D4CB-99CD-470A-85C9-762647381972}.Debug|x86.ActiveCfg = Debug|Any CPU
		{9774D4CB-99CD-470A-85C9-762647381972}.Debug|x86.Build.0 = Debug|Any CPU
		{9774D4CB-99CD-470A-85C9-762647381972}.Debug|x86.Deploy.0 = Debug|Any CPU
		{9774D4CB-99CD-470A-85C9-762647381972}.Release|Any CPU.ActiveCfg = Release|Any CPU
		{9774D4CB-99CD-470A-85C9-762647381972}.Release|Any CPU.Build.0 = Release|Any CPU
		{9774D4CB-99CD-470A-85C9-762647381972}.Release|Any CPU.Deploy.0 = Release|Any CPU
		{9774D4CB-99CD-470A-85C9-762647381972}.Release|ARM.ActiveCfg = Release|Any CPU
		{9774D4CB-99CD-470A-85C9-762647381972}.Release|ARM.Build.0 = Release|Any CPU
		{9774D4CB-99CD-470A-85C9-762647381972}.Release|ARM.Deploy.0 = Release|Any CPU
		{9774D4CB-99CD-470A-85C9-762647381972}.Release|iPhone.ActiveCfg = Release|Any CPU
		{9774D4CB-99CD-470A-85C9-762647381972}.Release|iPhone.Build.0 = Release|Any CPU
		{9774D4CB-99CD-470A-85C9-762647381972}.Release|iPhone.Deploy.0 = Release|Any CPU
		{9774D4CB-99CD-470A-85C9-762647381972}.Release|iPhoneSimulator.ActiveCfg = Release|Any CPU
		{9774D4CB-99CD-470A-85C9-762647381972}.Release|iPhoneSimulator.Build.0 = Release|Any CPU
		{9774D4CB-99CD-470A-85C9-762647381972}.Release|iPhoneSimulator.Deploy.0 = Release|Any CPU
		{9774D4CB-99CD-470A-85C9-762647381972}.Release|x86.ActiveCfg = Release|Any CPU
		{9774D4CB-99CD-470A-85C9-762647381972}.Release|x86.Build.0 = Release|Any CPU
		{9774D4CB-99CD-470A-85C9-762647381972}.Release|x86.Deploy.0 = Release|Any CPU
		{9774D4CB-99CD-470A-85C9-762647381972}.Release-Signed|Any CPU.ActiveCfg = Release|Any CPU
		{9774D4CB-99CD-470A-85C9-762647381972}.Release-Signed|Any CPU.Build.0 = Release|Any CPU
		{9774D4CB-99CD-470A-85C9-762647381972}.Release-Signed|Any CPU.Deploy.0 = Release|Any CPU
		{9774D4CB-99CD-470A-85C9-762647381972}.Release-Signed|ARM.ActiveCfg = Release|Any CPU
		{9774D4CB-99CD-470A-85C9-762647381972}.Release-Signed|ARM.Build.0 = Release|Any CPU
		{9774D4CB-99CD-470A-85C9-762647381972}.Release-Signed|ARM.Deploy.0 = Release|Any CPU
		{9774D4CB-99CD-470A-85C9-762647381972}.Release-Signed|iPhone.ActiveCfg = Release|Any CPU
		{9774D4CB-99CD-470A-85C9-762647381972}.Release-Signed|iPhone.Build.0 = Release|Any CPU
		{9774D4CB-99CD-470A-85C9-762647381972}.Release-Signed|iPhone.Deploy.0 = Release|Any CPU
		{9774D4CB-99CD-470A-85C9-762647381972}.Release-Signed|iPhoneSimulator.ActiveCfg = Release|Any CPU
		{9774D4CB-99CD-470A-85C9-762647381972}.Release-Signed|iPhoneSimulator.Build.0 = Release|Any CPU
		{9774D4CB-99CD-470A-85C9-762647381972}.Release-Signed|iPhoneSimulator.Deploy.0 = Release|Any CPU
		{9774D4CB-99CD-470A-85C9-762647381972}.Release-Signed|x86.ActiveCfg = Release|Any CPU
		{9774D4CB-99CD-470A-85C9-762647381972}.Release-Signed|x86.Build.0 = Release|Any CPU
		{9774D4CB-99CD-470A-85C9-762647381972}.Release-Signed|x86.Deploy.0 = Release|Any CPU
		{121FF39C-5515-4D99-A369-4EB48F4360A6}.Ad-Hoc|Any CPU.ActiveCfg = Release|Any CPU
		{121FF39C-5515-4D99-A369-4EB48F4360A6}.Ad-Hoc|Any CPU.Build.0 = Release|Any CPU
		{121FF39C-5515-4D99-A369-4EB48F4360A6}.Ad-Hoc|Any CPU.Deploy.0 = Release|Any CPU
		{121FF39C-5515-4D99-A369-4EB48F4360A6}.Ad-Hoc|ARM.ActiveCfg = Release|ARM
		{121FF39C-5515-4D99-A369-4EB48F4360A6}.Ad-Hoc|ARM.Build.0 = Release|ARM
		{121FF39C-5515-4D99-A369-4EB48F4360A6}.Ad-Hoc|ARM.Deploy.0 = Release|ARM
		{121FF39C-5515-4D99-A369-4EB48F4360A6}.Ad-Hoc|iPhone.ActiveCfg = Release|Any CPU
		{121FF39C-5515-4D99-A369-4EB48F4360A6}.Ad-Hoc|iPhone.Build.0 = Release|Any CPU
		{121FF39C-5515-4D99-A369-4EB48F4360A6}.Ad-Hoc|iPhone.Deploy.0 = Release|Any CPU
		{121FF39C-5515-4D99-A369-4EB48F4360A6}.Ad-Hoc|iPhoneSimulator.ActiveCfg = Release|Any CPU
		{121FF39C-5515-4D99-A369-4EB48F4360A6}.Ad-Hoc|iPhoneSimulator.Build.0 = Release|Any CPU
		{121FF39C-5515-4D99-A369-4EB48F4360A6}.Ad-Hoc|iPhoneSimulator.Deploy.0 = Release|Any CPU
		{121FF39C-5515-4D99-A369-4EB48F4360A6}.Ad-Hoc|x86.ActiveCfg = Release|x86
		{121FF39C-5515-4D99-A369-4EB48F4360A6}.Ad-Hoc|x86.Build.0 = Release|x86
		{121FF39C-5515-4D99-A369-4EB48F4360A6}.Ad-Hoc|x86.Deploy.0 = Release|x86
		{121FF39C-5515-4D99-A369-4EB48F4360A6}.AppStore|Any CPU.ActiveCfg = Release|Any CPU
		{121FF39C-5515-4D99-A369-4EB48F4360A6}.AppStore|Any CPU.Build.0 = Release|Any CPU
		{121FF39C-5515-4D99-A369-4EB48F4360A6}.AppStore|Any CPU.Deploy.0 = Release|Any CPU
		{121FF39C-5515-4D99-A369-4EB48F4360A6}.AppStore|ARM.ActiveCfg = Release|ARM
		{121FF39C-5515-4D99-A369-4EB48F4360A6}.AppStore|ARM.Build.0 = Release|ARM
		{121FF39C-5515-4D99-A369-4EB48F4360A6}.AppStore|ARM.Deploy.0 = Release|ARM
		{121FF39C-5515-4D99-A369-4EB48F4360A6}.AppStore|iPhone.ActiveCfg = Release|Any CPU
		{121FF39C-5515-4D99-A369-4EB48F4360A6}.AppStore|iPhone.Build.0 = Release|Any CPU
		{121FF39C-5515-4D99-A369-4EB48F4360A6}.AppStore|iPhone.Deploy.0 = Release|Any CPU
		{121FF39C-5515-4D99-A369-4EB48F4360A6}.AppStore|iPhoneSimulator.ActiveCfg = Release|Any CPU
		{121FF39C-5515-4D99-A369-4EB48F4360A6}.AppStore|iPhoneSimulator.Build.0 = Release|Any CPU
		{121FF39C-5515-4D99-A369-4EB48F4360A6}.AppStore|iPhoneSimulator.Deploy.0 = Release|Any CPU
		{121FF39C-5515-4D99-A369-4EB48F4360A6}.AppStore|x86.ActiveCfg = Release|x86
		{121FF39C-5515-4D99-A369-4EB48F4360A6}.AppStore|x86.Build.0 = Release|x86
		{121FF39C-5515-4D99-A369-4EB48F4360A6}.AppStore|x86.Deploy.0 = Release|x86
		{121FF39C-5515-4D99-A369-4EB48F4360A6}.Debug|Any CPU.ActiveCfg = Debug|Any CPU
		{121FF39C-5515-4D99-A369-4EB48F4360A6}.Debug|Any CPU.Build.0 = Debug|Any CPU
		{121FF39C-5515-4D99-A369-4EB48F4360A6}.Debug|Any CPU.Deploy.0 = Debug|Any CPU
		{121FF39C-5515-4D99-A369-4EB48F4360A6}.Debug|ARM.ActiveCfg = Debug|ARM
		{121FF39C-5515-4D99-A369-4EB48F4360A6}.Debug|ARM.Build.0 = Debug|ARM
		{121FF39C-5515-4D99-A369-4EB48F4360A6}.Debug|ARM.Deploy.0 = Debug|ARM
		{121FF39C-5515-4D99-A369-4EB48F4360A6}.Debug|iPhone.ActiveCfg = Debug|Any CPU
		{121FF39C-5515-4D99-A369-4EB48F4360A6}.Debug|iPhone.Build.0 = Debug|Any CPU
		{121FF39C-5515-4D99-A369-4EB48F4360A6}.Debug|iPhone.Deploy.0 = Debug|Any CPU
		{121FF39C-5515-4D99-A369-4EB48F4360A6}.Debug|iPhoneSimulator.ActiveCfg = Debug|Any CPU
		{121FF39C-5515-4D99-A369-4EB48F4360A6}.Debug|iPhoneSimulator.Build.0 = Debug|Any CPU
		{121FF39C-5515-4D99-A369-4EB48F4360A6}.Debug|iPhoneSimulator.Deploy.0 = Debug|Any CPU
		{121FF39C-5515-4D99-A369-4EB48F4360A6}.Debug|x86.ActiveCfg = Debug|x86
		{121FF39C-5515-4D99-A369-4EB48F4360A6}.Debug|x86.Build.0 = Debug|x86
		{121FF39C-5515-4D99-A369-4EB48F4360A6}.Debug|x86.Deploy.0 = Debug|x86
		{121FF39C-5515-4D99-A369-4EB48F4360A6}.Release|Any CPU.ActiveCfg = Release|Any CPU
		{121FF39C-5515-4D99-A369-4EB48F4360A6}.Release|Any CPU.Build.0 = Release|Any CPU
		{121FF39C-5515-4D99-A369-4EB48F4360A6}.Release|Any CPU.Deploy.0 = Release|Any CPU
		{121FF39C-5515-4D99-A369-4EB48F4360A6}.Release|ARM.ActiveCfg = Release|ARM
		{121FF39C-5515-4D99-A369-4EB48F4360A6}.Release|ARM.Build.0 = Release|ARM
		{121FF39C-5515-4D99-A369-4EB48F4360A6}.Release|ARM.Deploy.0 = Release|ARM
		{121FF39C-5515-4D99-A369-4EB48F4360A6}.Release|iPhone.ActiveCfg = Release|Any CPU
		{121FF39C-5515-4D99-A369-4EB48F4360A6}.Release|iPhone.Build.0 = Release|Any CPU
		{121FF39C-5515-4D99-A369-4EB48F4360A6}.Release|iPhone.Deploy.0 = Release|Any CPU
		{121FF39C-5515-4D99-A369-4EB48F4360A6}.Release|iPhoneSimulator.ActiveCfg = Release|Any CPU
		{121FF39C-5515-4D99-A369-4EB48F4360A6}.Release|iPhoneSimulator.Build.0 = Release|Any CPU
		{121FF39C-5515-4D99-A369-4EB48F4360A6}.Release|iPhoneSimulator.Deploy.0 = Release|Any CPU
		{121FF39C-5515-4D99-A369-4EB48F4360A6}.Release|x86.ActiveCfg = Release|x86
		{121FF39C-5515-4D99-A369-4EB48F4360A6}.Release|x86.Build.0 = Release|x86
		{121FF39C-5515-4D99-A369-4EB48F4360A6}.Release|x86.Deploy.0 = Release|x86
		{121FF39C-5515-4D99-A369-4EB48F4360A6}.Release-Signed|Any CPU.ActiveCfg = Release|Any CPU
		{121FF39C-5515-4D99-A369-4EB48F4360A6}.Release-Signed|Any CPU.Build.0 = Release|Any CPU
		{121FF39C-5515-4D99-A369-4EB48F4360A6}.Release-Signed|Any CPU.Deploy.0 = Release|Any CPU
		{121FF39C-5515-4D99-A369-4EB48F4360A6}.Release-Signed|ARM.ActiveCfg = Release|ARM
		{121FF39C-5515-4D99-A369-4EB48F4360A6}.Release-Signed|ARM.Build.0 = Release|ARM
		{121FF39C-5515-4D99-A369-4EB48F4360A6}.Release-Signed|ARM.Deploy.0 = Release|ARM
		{121FF39C-5515-4D99-A369-4EB48F4360A6}.Release-Signed|iPhone.ActiveCfg = Release|Any CPU
		{121FF39C-5515-4D99-A369-4EB48F4360A6}.Release-Signed|iPhone.Build.0 = Release|Any CPU
		{121FF39C-5515-4D99-A369-4EB48F4360A6}.Release-Signed|iPhone.Deploy.0 = Release|Any CPU
		{121FF39C-5515-4D99-A369-4EB48F4360A6}.Release-Signed|iPhoneSimulator.ActiveCfg = Release|Any CPU
		{121FF39C-5515-4D99-A369-4EB48F4360A6}.Release-Signed|iPhoneSimulator.Build.0 = Release|Any CPU
		{121FF39C-5515-4D99-A369-4EB48F4360A6}.Release-Signed|iPhoneSimulator.Deploy.0 = Release|Any CPU
		{121FF39C-5515-4D99-A369-4EB48F4360A6}.Release-Signed|x86.ActiveCfg = Release|x86
		{121FF39C-5515-4D99-A369-4EB48F4360A6}.Release-Signed|x86.Build.0 = Release|x86
		{121FF39C-5515-4D99-A369-4EB48F4360A6}.Release-Signed|x86.Deploy.0 = Release|x86
		{E6C50355-D01E-4CAA-884D-D7929861315C}.Ad-Hoc|Any CPU.ActiveCfg = Release-Signed|Any CPU
		{E6C50355-D01E-4CAA-884D-D7929861315C}.Ad-Hoc|Any CPU.Build.0 = Release-Signed|Any CPU
		{E6C50355-D01E-4CAA-884D-D7929861315C}.Ad-Hoc|ARM.ActiveCfg = Release-Signed|Any CPU
		{E6C50355-D01E-4CAA-884D-D7929861315C}.Ad-Hoc|ARM.Build.0 = Release-Signed|Any CPU
		{E6C50355-D01E-4CAA-884D-D7929861315C}.Ad-Hoc|iPhone.ActiveCfg = Release-Signed|Any CPU
		{E6C50355-D01E-4CAA-884D-D7929861315C}.Ad-Hoc|iPhone.Build.0 = Release-Signed|Any CPU
		{E6C50355-D01E-4CAA-884D-D7929861315C}.Ad-Hoc|iPhoneSimulator.ActiveCfg = Release-Signed|Any CPU
		{E6C50355-D01E-4CAA-884D-D7929861315C}.Ad-Hoc|iPhoneSimulator.Build.0 = Release-Signed|Any CPU
		{E6C50355-D01E-4CAA-884D-D7929861315C}.Ad-Hoc|x86.ActiveCfg = Release-Signed|Any CPU
		{E6C50355-D01E-4CAA-884D-D7929861315C}.Ad-Hoc|x86.Build.0 = Release-Signed|Any CPU
		{E6C50355-D01E-4CAA-884D-D7929861315C}.AppStore|Any CPU.ActiveCfg = Release-Signed|Any CPU
		{E6C50355-D01E-4CAA-884D-D7929861315C}.AppStore|Any CPU.Build.0 = Release-Signed|Any CPU
		{E6C50355-D01E-4CAA-884D-D7929861315C}.AppStore|ARM.ActiveCfg = Release-Signed|Any CPU
		{E6C50355-D01E-4CAA-884D-D7929861315C}.AppStore|ARM.Build.0 = Release-Signed|Any CPU
		{E6C50355-D01E-4CAA-884D-D7929861315C}.AppStore|iPhone.ActiveCfg = Release-Signed|Any CPU
		{E6C50355-D01E-4CAA-884D-D7929861315C}.AppStore|iPhone.Build.0 = Release-Signed|Any CPU
		{E6C50355-D01E-4CAA-884D-D7929861315C}.AppStore|iPhoneSimulator.ActiveCfg = Release-Signed|Any CPU
		{E6C50355-D01E-4CAA-884D-D7929861315C}.AppStore|iPhoneSimulator.Build.0 = Release-Signed|Any CPU
		{E6C50355-D01E-4CAA-884D-D7929861315C}.AppStore|x86.ActiveCfg = Release-Signed|Any CPU
		{E6C50355-D01E-4CAA-884D-D7929861315C}.AppStore|x86.Build.0 = Release-Signed|Any CPU
		{E6C50355-D01E-4CAA-884D-D7929861315C}.Debug|Any CPU.ActiveCfg = Debug|Any CPU
		{E6C50355-D01E-4CAA-884D-D7929861315C}.Debug|Any CPU.Build.0 = Debug|Any CPU
		{E6C50355-D01E-4CAA-884D-D7929861315C}.Debug|ARM.ActiveCfg = Debug|Any CPU
		{E6C50355-D01E-4CAA-884D-D7929861315C}.Debug|ARM.Build.0 = Debug|Any CPU
		{E6C50355-D01E-4CAA-884D-D7929861315C}.Debug|iPhone.ActiveCfg = Debug|Any CPU
		{E6C50355-D01E-4CAA-884D-D7929861315C}.Debug|iPhone.Build.0 = Debug|Any CPU
		{E6C50355-D01E-4CAA-884D-D7929861315C}.Debug|iPhoneSimulator.ActiveCfg = Debug|Any CPU
		{E6C50355-D01E-4CAA-884D-D7929861315C}.Debug|iPhoneSimulator.Build.0 = Debug|Any CPU
		{E6C50355-D01E-4CAA-884D-D7929861315C}.Debug|x86.ActiveCfg = Debug|Any CPU
		{E6C50355-D01E-4CAA-884D-D7929861315C}.Debug|x86.Build.0 = Debug|Any CPU
		{E6C50355-D01E-4CAA-884D-D7929861315C}.Release|Any CPU.ActiveCfg = Release|Any CPU
		{E6C50355-D01E-4CAA-884D-D7929861315C}.Release|Any CPU.Build.0 = Release|Any CPU
		{E6C50355-D01E-4CAA-884D-D7929861315C}.Release|ARM.ActiveCfg = Release|Any CPU
		{E6C50355-D01E-4CAA-884D-D7929861315C}.Release|ARM.Build.0 = Release|Any CPU
		{E6C50355-D01E-4CAA-884D-D7929861315C}.Release|iPhone.ActiveCfg = Release|Any CPU
		{E6C50355-D01E-4CAA-884D-D7929861315C}.Release|iPhone.Build.0 = Release|Any CPU
		{E6C50355-D01E-4CAA-884D-D7929861315C}.Release|iPhoneSimulator.ActiveCfg = Release|Any CPU
		{E6C50355-D01E-4CAA-884D-D7929861315C}.Release|iPhoneSimulator.Build.0 = Release|Any CPU
		{E6C50355-D01E-4CAA-884D-D7929861315C}.Release|x86.ActiveCfg = Release|Any CPU
		{E6C50355-D01E-4CAA-884D-D7929861315C}.Release|x86.Build.0 = Release|Any CPU
		{E6C50355-D01E-4CAA-884D-D7929861315C}.Release-Signed|Any CPU.ActiveCfg = Release-Signed|Any CPU
		{E6C50355-D01E-4CAA-884D-D7929861315C}.Release-Signed|Any CPU.Build.0 = Release-Signed|Any CPU
		{E6C50355-D01E-4CAA-884D-D7929861315C}.Release-Signed|ARM.ActiveCfg = Release-Signed|Any CPU
		{E6C50355-D01E-4CAA-884D-D7929861315C}.Release-Signed|ARM.Build.0 = Release-Signed|Any CPU
		{E6C50355-D01E-4CAA-884D-D7929861315C}.Release-Signed|iPhone.ActiveCfg = Release-Signed|Any CPU
		{E6C50355-D01E-4CAA-884D-D7929861315C}.Release-Signed|iPhone.Build.0 = Release-Signed|Any CPU
		{E6C50355-D01E-4CAA-884D-D7929861315C}.Release-Signed|iPhoneSimulator.ActiveCfg = Release-Signed|Any CPU
		{E6C50355-D01E-4CAA-884D-D7929861315C}.Release-Signed|iPhoneSimulator.Build.0 = Release-Signed|Any CPU
		{E6C50355-D01E-4CAA-884D-D7929861315C}.Release-Signed|x86.ActiveCfg = Release-Signed|Any CPU
		{E6C50355-D01E-4CAA-884D-D7929861315C}.Release-Signed|x86.Build.0 = Release-Signed|Any CPU
		{67F9D3A8-F71E-4428-913F-C37AE82CDB24}.Ad-Hoc|Any CPU.ActiveCfg = Release-Signed|Any CPU
		{67F9D3A8-F71E-4428-913F-C37AE82CDB24}.Ad-Hoc|Any CPU.Build.0 = Release-Signed|Any CPU
		{67F9D3A8-F71E-4428-913F-C37AE82CDB24}.Ad-Hoc|ARM.ActiveCfg = Release-Signed|Any CPU
		{67F9D3A8-F71E-4428-913F-C37AE82CDB24}.Ad-Hoc|ARM.Build.0 = Release-Signed|Any CPU
		{67F9D3A8-F71E-4428-913F-C37AE82CDB24}.Ad-Hoc|iPhone.ActiveCfg = Release-Signed|Any CPU
		{67F9D3A8-F71E-4428-913F-C37AE82CDB24}.Ad-Hoc|iPhone.Build.0 = Release-Signed|Any CPU
		{67F9D3A8-F71E-4428-913F-C37AE82CDB24}.Ad-Hoc|iPhoneSimulator.ActiveCfg = Release-Signed|Any CPU
		{67F9D3A8-F71E-4428-913F-C37AE82CDB24}.Ad-Hoc|iPhoneSimulator.Build.0 = Release-Signed|Any CPU
		{67F9D3A8-F71E-4428-913F-C37AE82CDB24}.Ad-Hoc|x86.ActiveCfg = Release-Signed|Any CPU
		{67F9D3A8-F71E-4428-913F-C37AE82CDB24}.Ad-Hoc|x86.Build.0 = Release-Signed|Any CPU
		{67F9D3A8-F71E-4428-913F-C37AE82CDB24}.AppStore|Any CPU.ActiveCfg = Release-Signed|Any CPU
		{67F9D3A8-F71E-4428-913F-C37AE82CDB24}.AppStore|Any CPU.Build.0 = Release-Signed|Any CPU
		{67F9D3A8-F71E-4428-913F-C37AE82CDB24}.AppStore|ARM.ActiveCfg = Release-Signed|Any CPU
		{67F9D3A8-F71E-4428-913F-C37AE82CDB24}.AppStore|ARM.Build.0 = Release-Signed|Any CPU
		{67F9D3A8-F71E-4428-913F-C37AE82CDB24}.AppStore|iPhone.ActiveCfg = Release-Signed|Any CPU
		{67F9D3A8-F71E-4428-913F-C37AE82CDB24}.AppStore|iPhone.Build.0 = Release-Signed|Any CPU
		{67F9D3A8-F71E-4428-913F-C37AE82CDB24}.AppStore|iPhoneSimulator.ActiveCfg = Release-Signed|Any CPU
		{67F9D3A8-F71E-4428-913F-C37AE82CDB24}.AppStore|iPhoneSimulator.Build.0 = Release-Signed|Any CPU
		{67F9D3A8-F71E-4428-913F-C37AE82CDB24}.AppStore|x86.ActiveCfg = Release-Signed|Any CPU
		{67F9D3A8-F71E-4428-913F-C37AE82CDB24}.AppStore|x86.Build.0 = Release-Signed|Any CPU
		{67F9D3A8-F71E-4428-913F-C37AE82CDB24}.Debug|Any CPU.ActiveCfg = Debug|Any CPU
		{67F9D3A8-F71E-4428-913F-C37AE82CDB24}.Debug|Any CPU.Build.0 = Debug|Any CPU
		{67F9D3A8-F71E-4428-913F-C37AE82CDB24}.Debug|ARM.ActiveCfg = Debug|Any CPU
		{67F9D3A8-F71E-4428-913F-C37AE82CDB24}.Debug|ARM.Build.0 = Debug|Any CPU
		{67F9D3A8-F71E-4428-913F-C37AE82CDB24}.Debug|iPhone.ActiveCfg = Debug|Any CPU
		{67F9D3A8-F71E-4428-913F-C37AE82CDB24}.Debug|iPhone.Build.0 = Debug|Any CPU
		{67F9D3A8-F71E-4428-913F-C37AE82CDB24}.Debug|iPhoneSimulator.ActiveCfg = Debug|Any CPU
		{67F9D3A8-F71E-4428-913F-C37AE82CDB24}.Debug|iPhoneSimulator.Build.0 = Debug|Any CPU
		{67F9D3A8-F71E-4428-913F-C37AE82CDB24}.Debug|x86.ActiveCfg = Debug|Any CPU
		{67F9D3A8-F71E-4428-913F-C37AE82CDB24}.Debug|x86.Build.0 = Debug|Any CPU
		{67F9D3A8-F71E-4428-913F-C37AE82CDB24}.Release|Any CPU.ActiveCfg = Release|Any CPU
		{67F9D3A8-F71E-4428-913F-C37AE82CDB24}.Release|Any CPU.Build.0 = Release|Any CPU
		{67F9D3A8-F71E-4428-913F-C37AE82CDB24}.Release|ARM.ActiveCfg = Release|Any CPU
		{67F9D3A8-F71E-4428-913F-C37AE82CDB24}.Release|ARM.Build.0 = Release|Any CPU
		{67F9D3A8-F71E-4428-913F-C37AE82CDB24}.Release|iPhone.ActiveCfg = Release|Any CPU
		{67F9D3A8-F71E-4428-913F-C37AE82CDB24}.Release|iPhone.Build.0 = Release|Any CPU
		{67F9D3A8-F71E-4428-913F-C37AE82CDB24}.Release|iPhoneSimulator.ActiveCfg = Release|Any CPU
		{67F9D3A8-F71E-4428-913F-C37AE82CDB24}.Release|iPhoneSimulator.Build.0 = Release|Any CPU
		{67F9D3A8-F71E-4428-913F-C37AE82CDB24}.Release|x86.ActiveCfg = Release|Any CPU
		{67F9D3A8-F71E-4428-913F-C37AE82CDB24}.Release|x86.Build.0 = Release|Any CPU
		{67F9D3A8-F71E-4428-913F-C37AE82CDB24}.Release-Signed|Any CPU.ActiveCfg = Release-Signed|Any CPU
		{67F9D3A8-F71E-4428-913F-C37AE82CDB24}.Release-Signed|Any CPU.Build.0 = Release-Signed|Any CPU
		{67F9D3A8-F71E-4428-913F-C37AE82CDB24}.Release-Signed|ARM.ActiveCfg = Release-Signed|Any CPU
		{67F9D3A8-F71E-4428-913F-C37AE82CDB24}.Release-Signed|ARM.Build.0 = Release-Signed|Any CPU
		{67F9D3A8-F71E-4428-913F-C37AE82CDB24}.Release-Signed|iPhone.ActiveCfg = Release-Signed|Any CPU
		{67F9D3A8-F71E-4428-913F-C37AE82CDB24}.Release-Signed|iPhone.Build.0 = Release-Signed|Any CPU
		{67F9D3A8-F71E-4428-913F-C37AE82CDB24}.Release-Signed|iPhoneSimulator.ActiveCfg = Release-Signed|Any CPU
		{67F9D3A8-F71E-4428-913F-C37AE82CDB24}.Release-Signed|iPhoneSimulator.Build.0 = Release-Signed|Any CPU
		{67F9D3A8-F71E-4428-913F-C37AE82CDB24}.Release-Signed|x86.ActiveCfg = Release-Signed|Any CPU
		{67F9D3A8-F71E-4428-913F-C37AE82CDB24}.Release-Signed|x86.Build.0 = Release-Signed|Any CPU
		{79EBB8F1-5D80-4EA1-9100-EBDC1EC51CB7}.Ad-Hoc|Any CPU.ActiveCfg = Release-Signed|Any CPU
		{79EBB8F1-5D80-4EA1-9100-EBDC1EC51CB7}.Ad-Hoc|Any CPU.Build.0 = Release-Signed|Any CPU
		{79EBB8F1-5D80-4EA1-9100-EBDC1EC51CB7}.Ad-Hoc|ARM.ActiveCfg = Release-Signed|Any CPU
		{79EBB8F1-5D80-4EA1-9100-EBDC1EC51CB7}.Ad-Hoc|ARM.Build.0 = Release-Signed|Any CPU
		{79EBB8F1-5D80-4EA1-9100-EBDC1EC51CB7}.Ad-Hoc|iPhone.ActiveCfg = Release-Signed|Any CPU
		{79EBB8F1-5D80-4EA1-9100-EBDC1EC51CB7}.Ad-Hoc|iPhone.Build.0 = Release-Signed|Any CPU
		{79EBB8F1-5D80-4EA1-9100-EBDC1EC51CB7}.Ad-Hoc|iPhoneSimulator.ActiveCfg = Release-Signed|Any CPU
		{79EBB8F1-5D80-4EA1-9100-EBDC1EC51CB7}.Ad-Hoc|iPhoneSimulator.Build.0 = Release-Signed|Any CPU
		{79EBB8F1-5D80-4EA1-9100-EBDC1EC51CB7}.Ad-Hoc|x86.ActiveCfg = Release-Signed|Any CPU
		{79EBB8F1-5D80-4EA1-9100-EBDC1EC51CB7}.Ad-Hoc|x86.Build.0 = Release-Signed|Any CPU
		{79EBB8F1-5D80-4EA1-9100-EBDC1EC51CB7}.AppStore|Any CPU.ActiveCfg = Release-Signed|Any CPU
		{79EBB8F1-5D80-4EA1-9100-EBDC1EC51CB7}.AppStore|Any CPU.Build.0 = Release-Signed|Any CPU
		{79EBB8F1-5D80-4EA1-9100-EBDC1EC51CB7}.AppStore|ARM.ActiveCfg = Release-Signed|Any CPU
		{79EBB8F1-5D80-4EA1-9100-EBDC1EC51CB7}.AppStore|ARM.Build.0 = Release-Signed|Any CPU
		{79EBB8F1-5D80-4EA1-9100-EBDC1EC51CB7}.AppStore|iPhone.ActiveCfg = Release-Signed|Any CPU
		{79EBB8F1-5D80-4EA1-9100-EBDC1EC51CB7}.AppStore|iPhone.Build.0 = Release-Signed|Any CPU
		{79EBB8F1-5D80-4EA1-9100-EBDC1EC51CB7}.AppStore|iPhoneSimulator.ActiveCfg = Release-Signed|Any CPU
		{79EBB8F1-5D80-4EA1-9100-EBDC1EC51CB7}.AppStore|iPhoneSimulator.Build.0 = Release-Signed|Any CPU
		{79EBB8F1-5D80-4EA1-9100-EBDC1EC51CB7}.AppStore|x86.ActiveCfg = Release-Signed|Any CPU
		{79EBB8F1-5D80-4EA1-9100-EBDC1EC51CB7}.AppStore|x86.Build.0 = Release-Signed|Any CPU
		{79EBB8F1-5D80-4EA1-9100-EBDC1EC51CB7}.Debug|Any CPU.ActiveCfg = Debug|Any CPU
		{79EBB8F1-5D80-4EA1-9100-EBDC1EC51CB7}.Debug|Any CPU.Build.0 = Debug|Any CPU
		{79EBB8F1-5D80-4EA1-9100-EBDC1EC51CB7}.Debug|ARM.ActiveCfg = Debug|Any CPU
		{79EBB8F1-5D80-4EA1-9100-EBDC1EC51CB7}.Debug|ARM.Build.0 = Debug|Any CPU
		{79EBB8F1-5D80-4EA1-9100-EBDC1EC51CB7}.Debug|iPhone.ActiveCfg = Debug|Any CPU
		{79EBB8F1-5D80-4EA1-9100-EBDC1EC51CB7}.Debug|iPhone.Build.0 = Debug|Any CPU
		{79EBB8F1-5D80-4EA1-9100-EBDC1EC51CB7}.Debug|iPhoneSimulator.ActiveCfg = Debug|Any CPU
		{79EBB8F1-5D80-4EA1-9100-EBDC1EC51CB7}.Debug|iPhoneSimulator.Build.0 = Debug|Any CPU
		{79EBB8F1-5D80-4EA1-9100-EBDC1EC51CB7}.Debug|x86.ActiveCfg = Debug|Any CPU
		{79EBB8F1-5D80-4EA1-9100-EBDC1EC51CB7}.Debug|x86.Build.0 = Debug|Any CPU
		{79EBB8F1-5D80-4EA1-9100-EBDC1EC51CB7}.Release|Any CPU.ActiveCfg = Release|Any CPU
		{79EBB8F1-5D80-4EA1-9100-EBDC1EC51CB7}.Release|Any CPU.Build.0 = Release|Any CPU
		{79EBB8F1-5D80-4EA1-9100-EBDC1EC51CB7}.Release|ARM.ActiveCfg = Release|Any CPU
		{79EBB8F1-5D80-4EA1-9100-EBDC1EC51CB7}.Release|ARM.Build.0 = Release|Any CPU
		{79EBB8F1-5D80-4EA1-9100-EBDC1EC51CB7}.Release|iPhone.ActiveCfg = Release|Any CPU
		{79EBB8F1-5D80-4EA1-9100-EBDC1EC51CB7}.Release|iPhone.Build.0 = Release|Any CPU
		{79EBB8F1-5D80-4EA1-9100-EBDC1EC51CB7}.Release|iPhoneSimulator.ActiveCfg = Release|Any CPU
		{79EBB8F1-5D80-4EA1-9100-EBDC1EC51CB7}.Release|iPhoneSimulator.Build.0 = Release|Any CPU
		{79EBB8F1-5D80-4EA1-9100-EBDC1EC51CB7}.Release|x86.ActiveCfg = Release|Any CPU
		{79EBB8F1-5D80-4EA1-9100-EBDC1EC51CB7}.Release|x86.Build.0 = Release|Any CPU
		{79EBB8F1-5D80-4EA1-9100-EBDC1EC51CB7}.Release-Signed|Any CPU.ActiveCfg = Release-Signed|Any CPU
		{79EBB8F1-5D80-4EA1-9100-EBDC1EC51CB7}.Release-Signed|Any CPU.Build.0 = Release-Signed|Any CPU
		{79EBB8F1-5D80-4EA1-9100-EBDC1EC51CB7}.Release-Signed|ARM.ActiveCfg = Release-Signed|Any CPU
		{79EBB8F1-5D80-4EA1-9100-EBDC1EC51CB7}.Release-Signed|ARM.Build.0 = Release-Signed|Any CPU
		{79EBB8F1-5D80-4EA1-9100-EBDC1EC51CB7}.Release-Signed|iPhone.ActiveCfg = Release-Signed|Any CPU
		{79EBB8F1-5D80-4EA1-9100-EBDC1EC51CB7}.Release-Signed|iPhone.Build.0 = Release-Signed|Any CPU
		{79EBB8F1-5D80-4EA1-9100-EBDC1EC51CB7}.Release-Signed|iPhoneSimulator.ActiveCfg = Release-Signed|Any CPU
		{79EBB8F1-5D80-4EA1-9100-EBDC1EC51CB7}.Release-Signed|iPhoneSimulator.Build.0 = Release-Signed|Any CPU
		{79EBB8F1-5D80-4EA1-9100-EBDC1EC51CB7}.Release-Signed|x86.ActiveCfg = Release-Signed|Any CPU
		{79EBB8F1-5D80-4EA1-9100-EBDC1EC51CB7}.Release-Signed|x86.Build.0 = Release-Signed|Any CPU
		{F8424F1D-A7BF-4113-AF23-0F0A7BE6BBB1}.Ad-Hoc|Any CPU.ActiveCfg = Release-Signed|Any CPU
		{F8424F1D-A7BF-4113-AF23-0F0A7BE6BBB1}.Ad-Hoc|Any CPU.Build.0 = Release-Signed|Any CPU
		{F8424F1D-A7BF-4113-AF23-0F0A7BE6BBB1}.Ad-Hoc|ARM.ActiveCfg = Release-Signed|Any CPU
		{F8424F1D-A7BF-4113-AF23-0F0A7BE6BBB1}.Ad-Hoc|ARM.Build.0 = Release-Signed|Any CPU
		{F8424F1D-A7BF-4113-AF23-0F0A7BE6BBB1}.Ad-Hoc|iPhone.ActiveCfg = Release-Signed|Any CPU
		{F8424F1D-A7BF-4113-AF23-0F0A7BE6BBB1}.Ad-Hoc|iPhone.Build.0 = Release-Signed|Any CPU
		{F8424F1D-A7BF-4113-AF23-0F0A7BE6BBB1}.Ad-Hoc|iPhoneSimulator.ActiveCfg = Release-Signed|Any CPU
		{F8424F1D-A7BF-4113-AF23-0F0A7BE6BBB1}.Ad-Hoc|iPhoneSimulator.Build.0 = Release-Signed|Any CPU
		{F8424F1D-A7BF-4113-AF23-0F0A7BE6BBB1}.Ad-Hoc|x86.ActiveCfg = Release-Signed|Any CPU
		{F8424F1D-A7BF-4113-AF23-0F0A7BE6BBB1}.Ad-Hoc|x86.Build.0 = Release-Signed|Any CPU
		{F8424F1D-A7BF-4113-AF23-0F0A7BE6BBB1}.AppStore|Any CPU.ActiveCfg = Release-Signed|Any CPU
		{F8424F1D-A7BF-4113-AF23-0F0A7BE6BBB1}.AppStore|Any CPU.Build.0 = Release-Signed|Any CPU
		{F8424F1D-A7BF-4113-AF23-0F0A7BE6BBB1}.AppStore|ARM.ActiveCfg = Release-Signed|Any CPU
		{F8424F1D-A7BF-4113-AF23-0F0A7BE6BBB1}.AppStore|ARM.Build.0 = Release-Signed|Any CPU
		{F8424F1D-A7BF-4113-AF23-0F0A7BE6BBB1}.AppStore|iPhone.ActiveCfg = Release-Signed|Any CPU
		{F8424F1D-A7BF-4113-AF23-0F0A7BE6BBB1}.AppStore|iPhone.Build.0 = Release-Signed|Any CPU
		{F8424F1D-A7BF-4113-AF23-0F0A7BE6BBB1}.AppStore|iPhoneSimulator.ActiveCfg = Release-Signed|Any CPU
		{F8424F1D-A7BF-4113-AF23-0F0A7BE6BBB1}.AppStore|iPhoneSimulator.Build.0 = Release-Signed|Any CPU
		{F8424F1D-A7BF-4113-AF23-0F0A7BE6BBB1}.AppStore|x86.ActiveCfg = Release-Signed|Any CPU
		{F8424F1D-A7BF-4113-AF23-0F0A7BE6BBB1}.AppStore|x86.Build.0 = Release-Signed|Any CPU
		{F8424F1D-A7BF-4113-AF23-0F0A7BE6BBB1}.Debug|Any CPU.ActiveCfg = Debug|Any CPU
		{F8424F1D-A7BF-4113-AF23-0F0A7BE6BBB1}.Debug|Any CPU.Build.0 = Debug|Any CPU
		{F8424F1D-A7BF-4113-AF23-0F0A7BE6BBB1}.Debug|ARM.ActiveCfg = Debug|Any CPU
		{F8424F1D-A7BF-4113-AF23-0F0A7BE6BBB1}.Debug|ARM.Build.0 = Debug|Any CPU
		{F8424F1D-A7BF-4113-AF23-0F0A7BE6BBB1}.Debug|iPhone.ActiveCfg = Debug|Any CPU
		{F8424F1D-A7BF-4113-AF23-0F0A7BE6BBB1}.Debug|iPhone.Build.0 = Debug|Any CPU
		{F8424F1D-A7BF-4113-AF23-0F0A7BE6BBB1}.Debug|iPhoneSimulator.ActiveCfg = Debug|Any CPU
		{F8424F1D-A7BF-4113-AF23-0F0A7BE6BBB1}.Debug|iPhoneSimulator.Build.0 = Debug|Any CPU
		{F8424F1D-A7BF-4113-AF23-0F0A7BE6BBB1}.Debug|x86.ActiveCfg = Debug|Any CPU
		{F8424F1D-A7BF-4113-AF23-0F0A7BE6BBB1}.Debug|x86.Build.0 = Debug|Any CPU
		{F8424F1D-A7BF-4113-AF23-0F0A7BE6BBB1}.Release|Any CPU.ActiveCfg = Release|Any CPU
		{F8424F1D-A7BF-4113-AF23-0F0A7BE6BBB1}.Release|Any CPU.Build.0 = Release|Any CPU
		{F8424F1D-A7BF-4113-AF23-0F0A7BE6BBB1}.Release|ARM.ActiveCfg = Release|Any CPU
		{F8424F1D-A7BF-4113-AF23-0F0A7BE6BBB1}.Release|ARM.Build.0 = Release|Any CPU
		{F8424F1D-A7BF-4113-AF23-0F0A7BE6BBB1}.Release|iPhone.ActiveCfg = Release|Any CPU
		{F8424F1D-A7BF-4113-AF23-0F0A7BE6BBB1}.Release|iPhone.Build.0 = Release|Any CPU
		{F8424F1D-A7BF-4113-AF23-0F0A7BE6BBB1}.Release|iPhoneSimulator.ActiveCfg = Release|Any CPU
		{F8424F1D-A7BF-4113-AF23-0F0A7BE6BBB1}.Release|iPhoneSimulator.Build.0 = Release|Any CPU
		{F8424F1D-A7BF-4113-AF23-0F0A7BE6BBB1}.Release|x86.ActiveCfg = Release|Any CPU
		{F8424F1D-A7BF-4113-AF23-0F0A7BE6BBB1}.Release|x86.Build.0 = Release|Any CPU
		{F8424F1D-A7BF-4113-AF23-0F0A7BE6BBB1}.Release-Signed|Any CPU.ActiveCfg = Release-Signed|Any CPU
		{F8424F1D-A7BF-4113-AF23-0F0A7BE6BBB1}.Release-Signed|Any CPU.Build.0 = Release-Signed|Any CPU
		{F8424F1D-A7BF-4113-AF23-0F0A7BE6BBB1}.Release-Signed|ARM.ActiveCfg = Release-Signed|Any CPU
		{F8424F1D-A7BF-4113-AF23-0F0A7BE6BBB1}.Release-Signed|ARM.Build.0 = Release-Signed|Any CPU
		{F8424F1D-A7BF-4113-AF23-0F0A7BE6BBB1}.Release-Signed|iPhone.ActiveCfg = Release-Signed|Any CPU
		{F8424F1D-A7BF-4113-AF23-0F0A7BE6BBB1}.Release-Signed|iPhone.Build.0 = Release-Signed|Any CPU
		{F8424F1D-A7BF-4113-AF23-0F0A7BE6BBB1}.Release-Signed|iPhoneSimulator.ActiveCfg = Release-Signed|Any CPU
		{F8424F1D-A7BF-4113-AF23-0F0A7BE6BBB1}.Release-Signed|iPhoneSimulator.Build.0 = Release-Signed|Any CPU
		{F8424F1D-A7BF-4113-AF23-0F0A7BE6BBB1}.Release-Signed|x86.ActiveCfg = Release-Signed|Any CPU
		{F8424F1D-A7BF-4113-AF23-0F0A7BE6BBB1}.Release-Signed|x86.Build.0 = Release-Signed|Any CPU
	EndGlobalSection
	GlobalSection(SolutionProperties) = preSolution
		HideSolutionNode = FALSE
	EndGlobalSection
	GlobalSection(NestedProjects) = preSolution
		{94318F08-2F60-4E7F-8C43-86B024BFF115} = {1F38DE96-6945-4467-92C4-20D9DF20121E}
		{0DC35314-73CB-4B86-9623-3D7F2DE8D3BD} = {1F38DE96-6945-4467-92C4-20D9DF20121E}
		{9774D4CB-99CD-470A-85C9-762647381972} = {1F38DE96-6945-4467-92C4-20D9DF20121E}
		{121FF39C-5515-4D99-A369-4EB48F4360A6} = {1F38DE96-6945-4467-92C4-20D9DF20121E}
		{E6C50355-D01E-4CAA-884D-D7929861315C} = {1FFDC467-1594-4138-A3DA-91ABC5D45BFA}
		{67F9D3A8-F71E-4428-913F-C37AE82CDB24} = {1FFDC467-1594-4138-A3DA-91ABC5D45BFA}
		{79EBB8F1-5D80-4EA1-9100-EBDC1EC51CB7} = {1FFDC467-1594-4138-A3DA-91ABC5D45BFA}
		{F8424F1D-A7BF-4113-AF23-0F0A7BE6BBB1} = {1FFDC467-1594-4138-A3DA-91ABC5D45BFA}
	EndGlobalSection
EndGlobal
