
Microsoft Visual Studio Solution File, Format Version 12.00
# Visual Studio 2013
VisualStudioVersion = 12.0.31101.0
MinimumVisualStudioVersion = 10.0.40219.1
Project("{FAE04EC0-301F-11D3-BF4B-00C04F79EFBC}") = "Sandbox", "Sandbox\Sandbox\Sandbox.csproj", "{89821DD2-C05B-48FE-85D3-2B9658A8B510}"
EndProject
Project("{FAE04EC0-301F-11D3-BF4B-00C04F79EFBC}") = "Sandbox.iOS", "Sandbox\Sandbox.iOS\Sandbox.iOS.csproj", "{056C0F30-C961-4384-B2FF-1D1F082D950E}"
EndProject
Project("{FAE04EC0-301F-11D3-BF4B-00C04F79EFBC}") = "Sandbox.Droid", "Sandbox\Sandbox.Droid\Sandbox.Droid.csproj", "{12DE06CE-C57C-42B3-A4EE-CE6DE40BC510}"
EndProject
Project("{FAE04EC0-301F-11D3-BF4B-00C04F79EFBC}") = "Sandbox.WinPhone", "Sandbox\Sandbox.WinPhone\Sandbox.WinPhone.csproj", "{C42D3817-0539-4FA7-BB11-FEBC0EA3774D}"
EndProject
Project("{2150E333-8FDC-42A3-9474-1A3956D46DE8}") = "Prism", "Prism", "{53C60E2F-E891-4F40-9377-382E57465440}"
EndProject
Project("{FAE04EC0-301F-11D3-BF4B-00C04F79EFBC}") = "Prism", "..\..\Source\Prism\Prism.csproj", "{E6C50355-D01E-4CAA-884D-D7929861315C}"
EndProject
Project("{FAE04EC0-301F-11D3-BF4B-00C04F79EFBC}") = "Prism.Forms", "..\..\Source\Xamarin\Prism.Forms\Prism.Forms.csproj", "{67F9D3A8-F71E-4428-913F-C37AE82CDB24}"
EndProject
Project("{FAE04EC0-301F-11D3-BF4B-00C04F79EFBC}") = "Prism.Forms.Unity", "..\..\Source\Xamarin\Prism.Forms.Unity\Prism.Forms.Unity.csproj", "{79EBB8F1-5D80-4EA1-9100-EBDC1EC51CB7}"
EndProject
Project("{2150E333-8FDC-42A3-9474-1A3956D46DE8}") = ".nuget", ".nuget", "{93634177-89CC-4C86-A7EE-F757BF32A1F8}"
	ProjectSection(SolutionItems) = preProject
		.nuget\NuGet.Config = .nuget\NuGet.Config
		.nuget\NuGet.exe = .nuget\NuGet.exe
		.nuget\NuGet.targets = .nuget\NuGet.targets
	EndProjectSection
EndProject
Global
	GlobalSection(SolutionConfigurationPlatforms) = preSolution
		Ad-Hoc|Any CPU = Ad-Hoc|Any CPU
		Ad-Hoc|ARM = Ad-Hoc|ARM
		Ad-Hoc|iPhone = Ad-Hoc|iPhone
		Ad-Hoc|iPhoneSimulator = Ad-Hoc|iPhoneSimulator
		Ad-Hoc|Mixed Platforms = Ad-Hoc|Mixed Platforms
		Ad-Hoc|x86 = Ad-Hoc|x86
		AppStore|Any CPU = AppStore|Any CPU
		AppStore|ARM = AppStore|ARM
		AppStore|iPhone = AppStore|iPhone
		AppStore|iPhoneSimulator = AppStore|iPhoneSimulator
		AppStore|Mixed Platforms = AppStore|Mixed Platforms
		AppStore|x86 = AppStore|x86
		Debug|Any CPU = Debug|Any CPU
		Debug|ARM = Debug|ARM
		Debug|iPhone = Debug|iPhone
		Debug|iPhoneSimulator = Debug|iPhoneSimulator
		Debug|Mixed Platforms = Debug|Mixed Platforms
		Debug|x86 = Debug|x86
		Release|Any CPU = Release|Any CPU
		Release|ARM = Release|ARM
		Release|iPhone = Release|iPhone
		Release|iPhoneSimulator = Release|iPhoneSimulator
		Release|Mixed Platforms = Release|Mixed Platforms
		Release|x86 = Release|x86
	EndGlobalSection
	GlobalSection(ProjectConfigurationPlatforms) = postSolution
		{89821DD2-C05B-48FE-85D3-2B9658A8B510}.Ad-Hoc|Any CPU.ActiveCfg = Release|Any CPU
		{89821DD2-C05B-48FE-85D3-2B9658A8B510}.Ad-Hoc|Any CPU.Build.0 = Release|Any CPU
		{89821DD2-C05B-48FE-85D3-2B9658A8B510}.Ad-Hoc|ARM.ActiveCfg = Release|Any CPU
		{89821DD2-C05B-48FE-85D3-2B9658A8B510}.Ad-Hoc|iPhone.ActiveCfg = Release|Any CPU
		{89821DD2-C05B-48FE-85D3-2B9658A8B510}.Ad-Hoc|iPhoneSimulator.ActiveCfg = Release|Any CPU
		{89821DD2-C05B-48FE-85D3-2B9658A8B510}.Ad-Hoc|Mixed Platforms.ActiveCfg = Release|Any CPU
		{89821DD2-C05B-48FE-85D3-2B9658A8B510}.Ad-Hoc|Mixed Platforms.Build.0 = Release|Any CPU
		{89821DD2-C05B-48FE-85D3-2B9658A8B510}.Ad-Hoc|x86.ActiveCfg = Release|Any CPU
		{89821DD2-C05B-48FE-85D3-2B9658A8B510}.AppStore|Any CPU.ActiveCfg = Release|Any CPU
		{89821DD2-C05B-48FE-85D3-2B9658A8B510}.AppStore|Any CPU.Build.0 = Release|Any CPU
		{89821DD2-C05B-48FE-85D3-2B9658A8B510}.AppStore|ARM.ActiveCfg = Release|Any CPU
		{89821DD2-C05B-48FE-85D3-2B9658A8B510}.AppStore|iPhone.ActiveCfg = Release|Any CPU
		{89821DD2-C05B-48FE-85D3-2B9658A8B510}.AppStore|iPhoneSimulator.ActiveCfg = Release|Any CPU
		{89821DD2-C05B-48FE-85D3-2B9658A8B510}.AppStore|Mixed Platforms.ActiveCfg = Release|Any CPU
		{89821DD2-C05B-48FE-85D3-2B9658A8B510}.AppStore|Mixed Platforms.Build.0 = Release|Any CPU
		{89821DD2-C05B-48FE-85D3-2B9658A8B510}.AppStore|x86.ActiveCfg = Release|Any CPU
		{89821DD2-C05B-48FE-85D3-2B9658A8B510}.Debug|Any CPU.ActiveCfg = Debug|Any CPU
		{89821DD2-C05B-48FE-85D3-2B9658A8B510}.Debug|Any CPU.Build.0 = Debug|Any CPU
		{89821DD2-C05B-48FE-85D3-2B9658A8B510}.Debug|ARM.ActiveCfg = Debug|Any CPU
		{89821DD2-C05B-48FE-85D3-2B9658A8B510}.Debug|iPhone.ActiveCfg = Debug|Any CPU
		{89821DD2-C05B-48FE-85D3-2B9658A8B510}.Debug|iPhoneSimulator.ActiveCfg = Debug|Any CPU
		{89821DD2-C05B-48FE-85D3-2B9658A8B510}.Debug|Mixed Platforms.ActiveCfg = Debug|Any CPU
		{89821DD2-C05B-48FE-85D3-2B9658A8B510}.Debug|Mixed Platforms.Build.0 = Debug|Any CPU
		{89821DD2-C05B-48FE-85D3-2B9658A8B510}.Debug|x86.ActiveCfg = Debug|Any CPU
		{89821DD2-C05B-48FE-85D3-2B9658A8B510}.Release|Any CPU.ActiveCfg = Release|Any CPU
		{89821DD2-C05B-48FE-85D3-2B9658A8B510}.Release|Any CPU.Build.0 = Release|Any CPU
		{89821DD2-C05B-48FE-85D3-2B9658A8B510}.Release|ARM.ActiveCfg = Release|Any CPU
		{89821DD2-C05B-48FE-85D3-2B9658A8B510}.Release|iPhone.ActiveCfg = Release|Any CPU
		{89821DD2-C05B-48FE-85D3-2B9658A8B510}.Release|iPhoneSimulator.ActiveCfg = Release|Any CPU
		{89821DD2-C05B-48FE-85D3-2B9658A8B510}.Release|Mixed Platforms.ActiveCfg = Release|Any CPU
		{89821DD2-C05B-48FE-85D3-2B9658A8B510}.Release|Mixed Platforms.Build.0 = Release|Any CPU
		{89821DD2-C05B-48FE-85D3-2B9658A8B510}.Release|x86.ActiveCfg = Release|Any CPU
		{056C0F30-C961-4384-B2FF-1D1F082D950E}.Ad-Hoc|Any CPU.ActiveCfg = Ad-Hoc|iPhone
		{056C0F30-C961-4384-B2FF-1D1F082D950E}.Ad-Hoc|ARM.ActiveCfg = Ad-Hoc|iPhone
		{056C0F30-C961-4384-B2FF-1D1F082D950E}.Ad-Hoc|iPhone.ActiveCfg = Ad-Hoc|iPhone
		{056C0F30-C961-4384-B2FF-1D1F082D950E}.Ad-Hoc|iPhone.Build.0 = Ad-Hoc|iPhone
		{056C0F30-C961-4384-B2FF-1D1F082D950E}.Ad-Hoc|iPhoneSimulator.ActiveCfg = Ad-Hoc|iPhoneSimulator
		{056C0F30-C961-4384-B2FF-1D1F082D950E}.Ad-Hoc|iPhoneSimulator.Build.0 = Ad-Hoc|iPhoneSimulator
		{056C0F30-C961-4384-B2FF-1D1F082D950E}.Ad-Hoc|Mixed Platforms.ActiveCfg = Ad-Hoc|iPhone
		{056C0F30-C961-4384-B2FF-1D1F082D950E}.Ad-Hoc|Mixed Platforms.Build.0 = Ad-Hoc|iPhone
		{056C0F30-C961-4384-B2FF-1D1F082D950E}.Ad-Hoc|x86.ActiveCfg = Ad-Hoc|iPhone
		{056C0F30-C961-4384-B2FF-1D1F082D950E}.AppStore|Any CPU.ActiveCfg = AppStore|iPhone
		{056C0F30-C961-4384-B2FF-1D1F082D950E}.AppStore|ARM.ActiveCfg = AppStore|iPhone
		{056C0F30-C961-4384-B2FF-1D1F082D950E}.AppStore|iPhone.ActiveCfg = AppStore|iPhone
		{056C0F30-C961-4384-B2FF-1D1F082D950E}.AppStore|iPhone.Build.0 = AppStore|iPhone
		{056C0F30-C961-4384-B2FF-1D1F082D950E}.AppStore|iPhoneSimulator.ActiveCfg = AppStore|iPhoneSimulator
		{056C0F30-C961-4384-B2FF-1D1F082D950E}.AppStore|iPhoneSimulator.Build.0 = AppStore|iPhoneSimulator
		{056C0F30-C961-4384-B2FF-1D1F082D950E}.AppStore|Mixed Platforms.ActiveCfg = AppStore|iPhone
		{056C0F30-C961-4384-B2FF-1D1F082D950E}.AppStore|Mixed Platforms.Build.0 = AppStore|iPhone
		{056C0F30-C961-4384-B2FF-1D1F082D950E}.AppStore|x86.ActiveCfg = AppStore|iPhone
		{056C0F30-C961-4384-B2FF-1D1F082D950E}.Debug|Any CPU.ActiveCfg = Debug|iPhone
		{056C0F30-C961-4384-B2FF-1D1F082D950E}.Debug|ARM.ActiveCfg = Debug|iPhone
		{056C0F30-C961-4384-B2FF-1D1F082D950E}.Debug|iPhone.ActiveCfg = Debug|iPhone
		{056C0F30-C961-4384-B2FF-1D1F082D950E}.Debug|iPhone.Build.0 = Debug|iPhone
		{056C0F30-C961-4384-B2FF-1D1F082D950E}.Debug|iPhoneSimulator.ActiveCfg = Debug|iPhoneSimulator
		{056C0F30-C961-4384-B2FF-1D1F082D950E}.Debug|iPhoneSimulator.Build.0 = Debug|iPhoneSimulator
		{056C0F30-C961-4384-B2FF-1D1F082D950E}.Debug|Mixed Platforms.ActiveCfg = Debug|iPhone
		{056C0F30-C961-4384-B2FF-1D1F082D950E}.Debug|Mixed Platforms.Build.0 = Debug|iPhone
		{056C0F30-C961-4384-B2FF-1D1F082D950E}.Debug|x86.ActiveCfg = Debug|iPhone
		{056C0F30-C961-4384-B2FF-1D1F082D950E}.Release|Any CPU.ActiveCfg = Release|iPhone
		{056C0F30-C961-4384-B2FF-1D1F082D950E}.Release|ARM.ActiveCfg = Release|iPhone
		{056C0F30-C961-4384-B2FF-1D1F082D950E}.Release|iPhone.ActiveCfg = Release|iPhone
		{056C0F30-C961-4384-B2FF-1D1F082D950E}.Release|iPhone.Build.0 = Release|iPhone
		{056C0F30-C961-4384-B2FF-1D1F082D950E}.Release|iPhoneSimulator.ActiveCfg = Release|iPhoneSimulator
		{056C0F30-C961-4384-B2FF-1D1F082D950E}.Release|iPhoneSimulator.Build.0 = Release|iPhoneSimulator
		{056C0F30-C961-4384-B2FF-1D1F082D950E}.Release|Mixed Platforms.ActiveCfg = Release|iPhone
		{056C0F30-C961-4384-B2FF-1D1F082D950E}.Release|Mixed Platforms.Build.0 = Release|iPhone
		{056C0F30-C961-4384-B2FF-1D1F082D950E}.Release|x86.ActiveCfg = Release|iPhone
		{12DE06CE-C57C-42B3-A4EE-CE6DE40BC510}.Ad-Hoc|Any CPU.ActiveCfg = Release|Any CPU
		{12DE06CE-C57C-42B3-A4EE-CE6DE40BC510}.Ad-Hoc|Any CPU.Build.0 = Release|Any CPU
		{12DE06CE-C57C-42B3-A4EE-CE6DE40BC510}.Ad-Hoc|Any CPU.Deploy.0 = Release|Any CPU
		{12DE06CE-C57C-42B3-A4EE-CE6DE40BC510}.Ad-Hoc|ARM.ActiveCfg = Release|Any CPU
		{12DE06CE-C57C-42B3-A4EE-CE6DE40BC510}.Ad-Hoc|iPhone.ActiveCfg = Release|Any CPU
		{12DE06CE-C57C-42B3-A4EE-CE6DE40BC510}.Ad-Hoc|iPhoneSimulator.ActiveCfg = Release|Any CPU
		{12DE06CE-C57C-42B3-A4EE-CE6DE40BC510}.Ad-Hoc|Mixed Platforms.ActiveCfg = Release|Any CPU
		{12DE06CE-C57C-42B3-A4EE-CE6DE40BC510}.Ad-Hoc|Mixed Platforms.Build.0 = Release|Any CPU
		{12DE06CE-C57C-42B3-A4EE-CE6DE40BC510}.Ad-Hoc|Mixed Platforms.Deploy.0 = Release|Any CPU
		{12DE06CE-C57C-42B3-A4EE-CE6DE40BC510}.Ad-Hoc|x86.ActiveCfg = Release|Any CPU
		{12DE06CE-C57C-42B3-A4EE-CE6DE40BC510}.AppStore|Any CPU.ActiveCfg = Release|Any CPU
		{12DE06CE-C57C-42B3-A4EE-CE6DE40BC510}.AppStore|Any CPU.Build.0 = Release|Any CPU
		{12DE06CE-C57C-42B3-A4EE-CE6DE40BC510}.AppStore|Any CPU.Deploy.0 = Release|Any CPU
		{12DE06CE-C57C-42B3-A4EE-CE6DE40BC510}.AppStore|ARM.ActiveCfg = Release|Any CPU
		{12DE06CE-C57C-42B3-A4EE-CE6DE40BC510}.AppStore|iPhone.ActiveCfg = Release|Any CPU
		{12DE06CE-C57C-42B3-A4EE-CE6DE40BC510}.AppStore|iPhoneSimulator.ActiveCfg = Release|Any CPU
		{12DE06CE-C57C-42B3-A4EE-CE6DE40BC510}.AppStore|Mixed Platforms.ActiveCfg = Release|Any CPU
		{12DE06CE-C57C-42B3-A4EE-CE6DE40BC510}.AppStore|Mixed Platforms.Build.0 = Release|Any CPU
		{12DE06CE-C57C-42B3-A4EE-CE6DE40BC510}.AppStore|Mixed Platforms.Deploy.0 = Release|Any CPU
		{12DE06CE-C57C-42B3-A4EE-CE6DE40BC510}.AppStore|x86.ActiveCfg = Release|Any CPU
		{12DE06CE-C57C-42B3-A4EE-CE6DE40BC510}.Debug|Any CPU.ActiveCfg = Debug|Any CPU
		{12DE06CE-C57C-42B3-A4EE-CE6DE40BC510}.Debug|Any CPU.Build.0 = Debug|Any CPU
		{12DE06CE-C57C-42B3-A4EE-CE6DE40BC510}.Debug|Any CPU.Deploy.0 = Debug|Any CPU
		{12DE06CE-C57C-42B3-A4EE-CE6DE40BC510}.Debug|ARM.ActiveCfg = Debug|Any CPU
		{12DE06CE-C57C-42B3-A4EE-CE6DE40BC510}.Debug|iPhone.ActiveCfg = Debug|Any CPU
		{12DE06CE-C57C-42B3-A4EE-CE6DE40BC510}.Debug|iPhoneSimulator.ActiveCfg = Debug|Any CPU
		{12DE06CE-C57C-42B3-A4EE-CE6DE40BC510}.Debug|Mixed Platforms.ActiveCfg = Debug|Any CPU
		{12DE06CE-C57C-42B3-A4EE-CE6DE40BC510}.Debug|Mixed Platforms.Build.0 = Debug|Any CPU
		{12DE06CE-C57C-42B3-A4EE-CE6DE40BC510}.Debug|Mixed Platforms.Deploy.0 = Debug|Any CPU
		{12DE06CE-C57C-42B3-A4EE-CE6DE40BC510}.Debug|x86.ActiveCfg = Debug|Any CPU
		{12DE06CE-C57C-42B3-A4EE-CE6DE40BC510}.Release|Any CPU.ActiveCfg = Release|Any CPU
		{12DE06CE-C57C-42B3-A4EE-CE6DE40BC510}.Release|Any CPU.Build.0 = Release|Any CPU
		{12DE06CE-C57C-42B3-A4EE-CE6DE40BC510}.Release|Any CPU.Deploy.0 = Release|Any CPU
		{12DE06CE-C57C-42B3-A4EE-CE6DE40BC510}.Release|ARM.ActiveCfg = Release|Any CPU
		{12DE06CE-C57C-42B3-A4EE-CE6DE40BC510}.Release|iPhone.ActiveCfg = Release|Any CPU
		{12DE06CE-C57C-42B3-A4EE-CE6DE40BC510}.Release|iPhoneSimulator.ActiveCfg = Release|Any CPU
		{12DE06CE-C57C-42B3-A4EE-CE6DE40BC510}.Release|Mixed Platforms.ActiveCfg = Release|Any CPU
		{12DE06CE-C57C-42B3-A4EE-CE6DE40BC510}.Release|Mixed Platforms.Build.0 = Release|Any CPU
		{12DE06CE-C57C-42B3-A4EE-CE6DE40BC510}.Release|Mixed Platforms.Deploy.0 = Release|Any CPU
		{12DE06CE-C57C-42B3-A4EE-CE6DE40BC510}.Release|x86.ActiveCfg = Release|Any CPU
		{C42D3817-0539-4FA7-BB11-FEBC0EA3774D}.Ad-Hoc|Any CPU.ActiveCfg = Release|Any CPU
		{C42D3817-0539-4FA7-BB11-FEBC0EA3774D}.Ad-Hoc|Any CPU.Build.0 = Release|Any CPU
		{C42D3817-0539-4FA7-BB11-FEBC0EA3774D}.Ad-Hoc|Any CPU.Deploy.0 = Release|Any CPU
		{C42D3817-0539-4FA7-BB11-FEBC0EA3774D}.Ad-Hoc|ARM.ActiveCfg = Release|ARM
		{C42D3817-0539-4FA7-BB11-FEBC0EA3774D}.Ad-Hoc|ARM.Build.0 = Release|ARM
		{C42D3817-0539-4FA7-BB11-FEBC0EA3774D}.Ad-Hoc|ARM.Deploy.0 = Release|ARM
		{C42D3817-0539-4FA7-BB11-FEBC0EA3774D}.Ad-Hoc|iPhone.ActiveCfg = Release|Any CPU
		{C42D3817-0539-4FA7-BB11-FEBC0EA3774D}.Ad-Hoc|iPhoneSimulator.ActiveCfg = Release|Any CPU
		{C42D3817-0539-4FA7-BB11-FEBC0EA3774D}.Ad-Hoc|Mixed Platforms.ActiveCfg = Release|x86
		{C42D3817-0539-4FA7-BB11-FEBC0EA3774D}.Ad-Hoc|Mixed Platforms.Build.0 = Release|x86
		{C42D3817-0539-4FA7-BB11-FEBC0EA3774D}.Ad-Hoc|Mixed Platforms.Deploy.0 = Release|x86
		{C42D3817-0539-4FA7-BB11-FEBC0EA3774D}.Ad-Hoc|x86.ActiveCfg = Release|x86
		{C42D3817-0539-4FA7-BB11-FEBC0EA3774D}.Ad-Hoc|x86.Build.0 = Release|x86
		{C42D3817-0539-4FA7-BB11-FEBC0EA3774D}.Ad-Hoc|x86.Deploy.0 = Release|x86
		{C42D3817-0539-4FA7-BB11-FEBC0EA3774D}.AppStore|Any CPU.ActiveCfg = Release|Any CPU
		{C42D3817-0539-4FA7-BB11-FEBC0EA3774D}.AppStore|Any CPU.Build.0 = Release|Any CPU
		{C42D3817-0539-4FA7-BB11-FEBC0EA3774D}.AppStore|Any CPU.Deploy.0 = Release|Any CPU
		{C42D3817-0539-4FA7-BB11-FEBC0EA3774D}.AppStore|ARM.ActiveCfg = Release|ARM
		{C42D3817-0539-4FA7-BB11-FEBC0EA3774D}.AppStore|ARM.Build.0 = Release|ARM
		{C42D3817-0539-4FA7-BB11-FEBC0EA3774D}.AppStore|ARM.Deploy.0 = Release|ARM
		{C42D3817-0539-4FA7-BB11-FEBC0EA3774D}.AppStore|iPhone.ActiveCfg = Release|Any CPU
		{C42D3817-0539-4FA7-BB11-FEBC0EA3774D}.AppStore|iPhoneSimulator.ActiveCfg = Release|Any CPU
		{C42D3817-0539-4FA7-BB11-FEBC0EA3774D}.AppStore|Mixed Platforms.ActiveCfg = Release|x86
		{C42D3817-0539-4FA7-BB11-FEBC0EA3774D}.AppStore|Mixed Platforms.Build.0 = Release|x86
		{C42D3817-0539-4FA7-BB11-FEBC0EA3774D}.AppStore|Mixed Platforms.Deploy.0 = Release|x86
		{C42D3817-0539-4FA7-BB11-FEBC0EA3774D}.AppStore|x86.ActiveCfg = Release|x86
		{C42D3817-0539-4FA7-BB11-FEBC0EA3774D}.AppStore|x86.Build.0 = Release|x86
		{C42D3817-0539-4FA7-BB11-FEBC0EA3774D}.AppStore|x86.Deploy.0 = Release|x86
		{C42D3817-0539-4FA7-BB11-FEBC0EA3774D}.Debug|Any CPU.ActiveCfg = Debug|Any CPU
		{C42D3817-0539-4FA7-BB11-FEBC0EA3774D}.Debug|Any CPU.Build.0 = Debug|Any CPU
		{C42D3817-0539-4FA7-BB11-FEBC0EA3774D}.Debug|Any CPU.Deploy.0 = Debug|Any CPU
		{C42D3817-0539-4FA7-BB11-FEBC0EA3774D}.Debug|ARM.ActiveCfg = Debug|ARM
		{C42D3817-0539-4FA7-BB11-FEBC0EA3774D}.Debug|ARM.Build.0 = Debug|ARM
		{C42D3817-0539-4FA7-BB11-FEBC0EA3774D}.Debug|ARM.Deploy.0 = Debug|ARM
		{C42D3817-0539-4FA7-BB11-FEBC0EA3774D}.Debug|iPhone.ActiveCfg = Debug|Any CPU
		{C42D3817-0539-4FA7-BB11-FEBC0EA3774D}.Debug|iPhoneSimulator.ActiveCfg = Debug|Any CPU
		{C42D3817-0539-4FA7-BB11-FEBC0EA3774D}.Debug|Mixed Platforms.ActiveCfg = Debug|x86
		{C42D3817-0539-4FA7-BB11-FEBC0EA3774D}.Debug|Mixed Platforms.Build.0 = Debug|x86
		{C42D3817-0539-4FA7-BB11-FEBC0EA3774D}.Debug|Mixed Platforms.Deploy.0 = Debug|x86
		{C42D3817-0539-4FA7-BB11-FEBC0EA3774D}.Debug|x86.ActiveCfg = Debug|x86
		{C42D3817-0539-4FA7-BB11-FEBC0EA3774D}.Debug|x86.Build.0 = Debug|x86
		{C42D3817-0539-4FA7-BB11-FEBC0EA3774D}.Debug|x86.Deploy.0 = Debug|x86
		{C42D3817-0539-4FA7-BB11-FEBC0EA3774D}.Release|Any CPU.ActiveCfg = Release|Any CPU
		{C42D3817-0539-4FA7-BB11-FEBC0EA3774D}.Release|Any CPU.Build.0 = Release|Any CPU
		{C42D3817-0539-4FA7-BB11-FEBC0EA3774D}.Release|Any CPU.Deploy.0 = Release|Any CPU
		{C42D3817-0539-4FA7-BB11-FEBC0EA3774D}.Release|ARM.ActiveCfg = Release|ARM
		{C42D3817-0539-4FA7-BB11-FEBC0EA3774D}.Release|ARM.Build.0 = Release|ARM
		{C42D3817-0539-4FA7-BB11-FEBC0EA3774D}.Release|ARM.Deploy.0 = Release|ARM
		{C42D3817-0539-4FA7-BB11-FEBC0EA3774D}.Release|iPhone.ActiveCfg = Release|Any CPU
		{C42D3817-0539-4FA7-BB11-FEBC0EA3774D}.Release|iPhoneSimulator.ActiveCfg = Release|Any CPU
		{C42D3817-0539-4FA7-BB11-FEBC0EA3774D}.Release|Mixed Platforms.ActiveCfg = Release|x86
		{C42D3817-0539-4FA7-BB11-FEBC0EA3774D}.Release|Mixed Platforms.Build.0 = Release|x86
		{C42D3817-0539-4FA7-BB11-FEBC0EA3774D}.Release|Mixed Platforms.Deploy.0 = Release|x86
		{C42D3817-0539-4FA7-BB11-FEBC0EA3774D}.Release|x86.ActiveCfg = Release|x86
		{C42D3817-0539-4FA7-BB11-FEBC0EA3774D}.Release|x86.Build.0 = Release|x86
		{C42D3817-0539-4FA7-BB11-FEBC0EA3774D}.Release|x86.Deploy.0 = Release|x86
		{E6C50355-D01E-4CAA-884D-D7929861315C}.Ad-Hoc|Any CPU.ActiveCfg = Release|Any CPU
		{E6C50355-D01E-4CAA-884D-D7929861315C}.Ad-Hoc|Any CPU.Build.0 = Release|Any CPU
		{E6C50355-D01E-4CAA-884D-D7929861315C}.Ad-Hoc|ARM.ActiveCfg = Release|Any CPU
		{E6C50355-D01E-4CAA-884D-D7929861315C}.Ad-Hoc|iPhone.ActiveCfg = Release|Any CPU
		{E6C50355-D01E-4CAA-884D-D7929861315C}.Ad-Hoc|iPhoneSimulator.ActiveCfg = Release|Any CPU
		{E6C50355-D01E-4CAA-884D-D7929861315C}.Ad-Hoc|Mixed Platforms.ActiveCfg = Release|Any CPU
		{E6C50355-D01E-4CAA-884D-D7929861315C}.Ad-Hoc|Mixed Platforms.Build.0 = Release|Any CPU
		{E6C50355-D01E-4CAA-884D-D7929861315C}.Ad-Hoc|x86.ActiveCfg = Release|Any CPU
		{E6C50355-D01E-4CAA-884D-D7929861315C}.AppStore|Any CPU.ActiveCfg = Release|Any CPU
		{E6C50355-D01E-4CAA-884D-D7929861315C}.AppStore|Any CPU.Build.0 = Release|Any CPU
		{E6C50355-D01E-4CAA-884D-D7929861315C}.AppStore|ARM.ActiveCfg = Release|Any CPU
		{E6C50355-D01E-4CAA-884D-D7929861315C}.AppStore|iPhone.ActiveCfg = Release|Any CPU
		{E6C50355-D01E-4CAA-884D-D7929861315C}.AppStore|iPhoneSimulator.ActiveCfg = Release|Any CPU
		{E6C50355-D01E-4CAA-884D-D7929861315C}.AppStore|Mixed Platforms.ActiveCfg = Release|Any CPU
		{E6C50355-D01E-4CAA-884D-D7929861315C}.AppStore|Mixed Platforms.Build.0 = Release|Any CPU
		{E6C50355-D01E-4CAA-884D-D7929861315C}.AppStore|x86.ActiveCfg = Release|Any CPU
		{E6C50355-D01E-4CAA-884D-D7929861315C}.Debug|Any CPU.ActiveCfg = Debug|Any CPU
		{E6C50355-D01E-4CAA-884D-D7929861315C}.Debug|Any CPU.Build.0 = Debug|Any CPU
		{E6C50355-D01E-4CAA-884D-D7929861315C}.Debug|ARM.ActiveCfg = Debug|Any CPU
		{E6C50355-D01E-4CAA-884D-D7929861315C}.Debug|iPhone.ActiveCfg = Debug|Any CPU
		{E6C50355-D01E-4CAA-884D-D7929861315C}.Debug|iPhoneSimulator.ActiveCfg = Debug|Any CPU
		{E6C50355-D01E-4CAA-884D-D7929861315C}.Debug|Mixed Platforms.ActiveCfg = Debug|Any CPU
		{E6C50355-D01E-4CAA-884D-D7929861315C}.Debug|Mixed Platforms.Build.0 = Debug|Any CPU
		{E6C50355-D01E-4CAA-884D-D7929861315C}.Debug|x86.ActiveCfg = Debug|Any CPU
		{E6C50355-D01E-4CAA-884D-D7929861315C}.Release|Any CPU.ActiveCfg = Release|Any CPU
		{E6C50355-D01E-4CAA-884D-D7929861315C}.Release|Any CPU.Build.0 = Release|Any CPU
		{E6C50355-D01E-4CAA-884D-D7929861315C}.Release|ARM.ActiveCfg = Release|Any CPU
		{E6C50355-D01E-4CAA-884D-D7929861315C}.Release|iPhone.ActiveCfg = Release|Any CPU
		{E6C50355-D01E-4CAA-884D-D7929861315C}.Release|iPhoneSimulator.ActiveCfg = Release|Any CPU
		{E6C50355-D01E-4CAA-884D-D7929861315C}.Release|Mixed Platforms.ActiveCfg = Release|Any CPU
		{E6C50355-D01E-4CAA-884D-D7929861315C}.Release|Mixed Platforms.Build.0 = Release|Any CPU
		{E6C50355-D01E-4CAA-884D-D7929861315C}.Release|x86.ActiveCfg = Release|Any CPU
		{67F9D3A8-F71E-4428-913F-C37AE82CDB24}.Ad-Hoc|Any CPU.ActiveCfg = Release|Any CPU
		{67F9D3A8-F71E-4428-913F-C37AE82CDB24}.Ad-Hoc|Any CPU.Build.0 = Release|Any CPU
		{67F9D3A8-F71E-4428-913F-C37AE82CDB24}.Ad-Hoc|ARM.ActiveCfg = Release|Any CPU
		{67F9D3A8-F71E-4428-913F-C37AE82CDB24}.Ad-Hoc|iPhone.ActiveCfg = Release|Any CPU
		{67F9D3A8-F71E-4428-913F-C37AE82CDB24}.Ad-Hoc|iPhoneSimulator.ActiveCfg = Release|Any CPU
		{67F9D3A8-F71E-4428-913F-C37AE82CDB24}.Ad-Hoc|Mixed Platforms.ActiveCfg = Release|Any CPU
		{67F9D3A8-F71E-4428-913F-C37AE82CDB24}.Ad-Hoc|Mixed Platforms.Build.0 = Release|Any CPU
		{67F9D3A8-F71E-4428-913F-C37AE82CDB24}.Ad-Hoc|x86.ActiveCfg = Release|Any CPU
		{67F9D3A8-F71E-4428-913F-C37AE82CDB24}.AppStore|Any CPU.ActiveCfg = Release|Any CPU
		{67F9D3A8-F71E-4428-913F-C37AE82CDB24}.AppStore|Any CPU.Build.0 = Release|Any CPU
		{67F9D3A8-F71E-4428-913F-C37AE82CDB24}.AppStore|ARM.ActiveCfg = Release|Any CPU
		{67F9D3A8-F71E-4428-913F-C37AE82CDB24}.AppStore|iPhone.ActiveCfg = Release|Any CPU
		{67F9D3A8-F71E-4428-913F-C37AE82CDB24}.AppStore|iPhoneSimulator.ActiveCfg = Release|Any CPU
		{67F9D3A8-F71E-4428-913F-C37AE82CDB24}.AppStore|Mixed Platforms.ActiveCfg = Release|Any CPU
		{67F9D3A8-F71E-4428-913F-C37AE82CDB24}.AppStore|Mixed Platforms.Build.0 = Release|Any CPU
		{67F9D3A8-F71E-4428-913F-C37AE82CDB24}.AppStore|x86.ActiveCfg = Release|Any CPU
		{67F9D3A8-F71E-4428-913F-C37AE82CDB24}.Debug|Any CPU.ActiveCfg = Debug|Any CPU
		{67F9D3A8-F71E-4428-913F-C37AE82CDB24}.Debug|Any CPU.Build.0 = Debug|Any CPU
		{67F9D3A8-F71E-4428-913F-C37AE82CDB24}.Debug|ARM.ActiveCfg = Debug|Any CPU
		{67F9D3A8-F71E-4428-913F-C37AE82CDB24}.Debug|iPhone.ActiveCfg = Debug|Any CPU
		{67F9D3A8-F71E-4428-913F-C37AE82CDB24}.Debug|iPhoneSimulator.ActiveCfg = Debug|Any CPU
		{67F9D3A8-F71E-4428-913F-C37AE82CDB24}.Debug|Mixed Platforms.ActiveCfg = Debug|Any CPU
		{67F9D3A8-F71E-4428-913F-C37AE82CDB24}.Debug|Mixed Platforms.Build.0 = Debug|Any CPU
		{67F9D3A8-F71E-4428-913F-C37AE82CDB24}.Debug|x86.ActiveCfg = Debug|Any CPU
		{67F9D3A8-F71E-4428-913F-C37AE82CDB24}.Release|Any CPU.ActiveCfg = Release|Any CPU
		{67F9D3A8-F71E-4428-913F-C37AE82CDB24}.Release|Any CPU.Build.0 = Release|Any CPU
		{67F9D3A8-F71E-4428-913F-C37AE82CDB24}.Release|ARM.ActiveCfg = Release|Any CPU
		{67F9D3A8-F71E-4428-913F-C37AE82CDB24}.Release|iPhone.ActiveCfg = Release|Any CPU
		{67F9D3A8-F71E-4428-913F-C37AE82CDB24}.Release|iPhoneSimulator.ActiveCfg = Release|Any CPU
		{67F9D3A8-F71E-4428-913F-C37AE82CDB24}.Release|Mixed Platforms.ActiveCfg = Release|Any CPU
		{67F9D3A8-F71E-4428-913F-C37AE82CDB24}.Release|Mixed Platforms.Build.0 = Release|Any CPU
		{67F9D3A8-F71E-4428-913F-C37AE82CDB24}.Release|x86.ActiveCfg = Release|Any CPU
		{79EBB8F1-5D80-4EA1-9100-EBDC1EC51CB7}.Ad-Hoc|Any CPU.ActiveCfg = Release|Any CPU
		{79EBB8F1-5D80-4EA1-9100-EBDC1EC51CB7}.Ad-Hoc|Any CPU.Build.0 = Release|Any CPU
		{79EBB8F1-5D80-4EA1-9100-EBDC1EC51CB7}.Ad-Hoc|ARM.ActiveCfg = Release|Any CPU
		{79EBB8F1-5D80-4EA1-9100-EBDC1EC51CB7}.Ad-Hoc|iPhone.ActiveCfg = Release|Any CPU
		{79EBB8F1-5D80-4EA1-9100-EBDC1EC51CB7}.Ad-Hoc|iPhoneSimulator.ActiveCfg = Release|Any CPU
		{79EBB8F1-5D80-4EA1-9100-EBDC1EC51CB7}.Ad-Hoc|Mixed Platforms.ActiveCfg = Release|Any CPU
		{79EBB8F1-5D80-4EA1-9100-EBDC1EC51CB7}.Ad-Hoc|Mixed Platforms.Build.0 = Release|Any CPU
		{79EBB8F1-5D80-4EA1-9100-EBDC1EC51CB7}.Ad-Hoc|x86.ActiveCfg = Release|Any CPU
		{79EBB8F1-5D80-4EA1-9100-EBDC1EC51CB7}.AppStore|Any CPU.ActiveCfg = Release|Any CPU
		{79EBB8F1-5D80-4EA1-9100-EBDC1EC51CB7}.AppStore|Any CPU.Build.0 = Release|Any CPU
		{79EBB8F1-5D80-4EA1-9100-EBDC1EC51CB7}.AppStore|ARM.ActiveCfg = Release|Any CPU
		{79EBB8F1-5D80-4EA1-9100-EBDC1EC51CB7}.AppStore|iPhone.ActiveCfg = Release|Any CPU
		{79EBB8F1-5D80-4EA1-9100-EBDC1EC51CB7}.AppStore|iPhoneSimulator.ActiveCfg = Release|Any CPU
		{79EBB8F1-5D80-4EA1-9100-EBDC1EC51CB7}.AppStore|Mixed Platforms.ActiveCfg = Release|Any CPU
		{79EBB8F1-5D80-4EA1-9100-EBDC1EC51CB7}.AppStore|Mixed Platforms.Build.0 = Release|Any CPU
		{79EBB8F1-5D80-4EA1-9100-EBDC1EC51CB7}.AppStore|x86.ActiveCfg = Release|Any CPU
		{79EBB8F1-5D80-4EA1-9100-EBDC1EC51CB7}.Debug|Any CPU.ActiveCfg = Debug|Any CPU
		{79EBB8F1-5D80-4EA1-9100-EBDC1EC51CB7}.Debug|Any CPU.Build.0 = Debug|Any CPU
		{79EBB8F1-5D80-4EA1-9100-EBDC1EC51CB7}.Debug|ARM.ActiveCfg = Debug|Any CPU
		{79EBB8F1-5D80-4EA1-9100-EBDC1EC51CB7}.Debug|iPhone.ActiveCfg = Debug|Any CPU
		{79EBB8F1-5D80-4EA1-9100-EBDC1EC51CB7}.Debug|iPhoneSimulator.ActiveCfg = Debug|Any CPU
		{79EBB8F1-5D80-4EA1-9100-EBDC1EC51CB7}.Debug|Mixed Platforms.ActiveCfg = Debug|Any CPU
		{79EBB8F1-5D80-4EA1-9100-EBDC1EC51CB7}.Debug|Mixed Platforms.Build.0 = Debug|Any CPU
		{79EBB8F1-5D80-4EA1-9100-EBDC1EC51CB7}.Debug|x86.ActiveCfg = Debug|Any CPU
		{79EBB8F1-5D80-4EA1-9100-EBDC1EC51CB7}.Release|Any CPU.ActiveCfg = Release|Any CPU
		{79EBB8F1-5D80-4EA1-9100-EBDC1EC51CB7}.Release|Any CPU.Build.0 = Release|Any CPU
		{79EBB8F1-5D80-4EA1-9100-EBDC1EC51CB7}.Release|ARM.ActiveCfg = Release|Any CPU
		{79EBB8F1-5D80-4EA1-9100-EBDC1EC51CB7}.Release|iPhone.ActiveCfg = Release|Any CPU
		{79EBB8F1-5D80-4EA1-9100-EBDC1EC51CB7}.Release|iPhoneSimulator.ActiveCfg = Release|Any CPU
		{79EBB8F1-5D80-4EA1-9100-EBDC1EC51CB7}.Release|Mixed Platforms.ActiveCfg = Release|Any CPU
		{79EBB8F1-5D80-4EA1-9100-EBDC1EC51CB7}.Release|Mixed Platforms.Build.0 = Release|Any CPU
		{79EBB8F1-5D80-4EA1-9100-EBDC1EC51CB7}.Release|x86.ActiveCfg = Release|Any CPU
	EndGlobalSection
	GlobalSection(SolutionProperties) = preSolution
		HideSolutionNode = FALSE
	EndGlobalSection
	GlobalSection(NestedProjects) = preSolution
		{E6C50355-D01E-4CAA-884D-D7929861315C} = {53C60E2F-E891-4F40-9377-382E57465440}
		{67F9D3A8-F71E-4428-913F-C37AE82CDB24} = {53C60E2F-E891-4F40-9377-382E57465440}
		{79EBB8F1-5D80-4EA1-9100-EBDC1EC51CB7} = {53C60E2F-E891-4F40-9377-382E57465440}
	EndGlobalSection
EndGlobal
