
Microsoft Visual Studio Solution File, Format Version 12.00
# Visual Studio Version 17
VisualStudioVersion = 17.0.31903.59
MinimumVisualStudioVersion = 10.0.40219.1
Project("{9A19103F-16F7-4668-BE54-9A1E7A4F7556}") = "MauiModule", "MauiModule\MauiModule.csproj", "{3B47AE8B-3773-4920-A012-B42182742ACA}"
EndProject
Project("{9A19103F-16F7-4668-BE54-9A1E7A4F7556}") = "MauiRegionsModule", "MauiRegionsModule\MauiRegionsModule.csproj", "{2FF1C748-EA4C-45B1-80BA-A7D9E9E2C8F9}"
EndProject
Project("{9A19103F-16F7-4668-BE54-9A1E7A4F7556}") = "PrismMauiDemo", "PrismMauiDemo\PrismMauiDemo.csproj", "{BB949746-5591-41FB-80B1-65BE609F6A0E}"
EndProject
Project("{9A19103F-16F7-4668-BE54-9A1E7A4F7556}") = "Prism.Core", "..\..\src\Prism.Core\Prism.Core.csproj", "{2323BE09-7036-4FA7-B5B5-63046BE825E8}"
EndProject
Project("{9A19103F-16F7-4668-BE54-9A1E7A4F7556}") = "Prism.Maui", "..\..\src\Maui\Prism.Maui\Prism.Maui.csproj", "{2B756425-AB8D-4A78-80C5-13EA97C1AC73}"
EndProject
Project("{9A19103F-16F7-4668-BE54-9A1E7A4F7556}") = "Prism.Maui.Rx", "..\..\src\Maui\Prism.Maui.Rx\Prism.Maui.Rx.csproj", "{CC05A6F0-D8FF-498C-80F0-59DC9AAEB08E}"
EndProject
Project("{2150E333-8FDC-42A3-9474-1A3956D46DE8}") = "src", "src", "{8202B92A-A573-4365-8A15-E246504A7CBD}"
EndProject
Project("{9A19103F-16F7-4668-BE54-9A1E7A4F7556}") = "Prism.DryIoc.Maui", "..\..\src\Maui\Prism.DryIoc.Maui\Prism.DryIoc.Maui.csproj", "{2CE09D7A-B67C-4586-8432-64EA2D1A3CE4}"
EndProject
Project("{2150E333-8FDC-42A3-9474-1A3956D46DE8}") = "tests", "tests", "{E91F80AA-3D61-4C28-B876-3EDFB5921E7D}"
EndProject
Project("{9A19103F-16F7-4668-BE54-9A1E7A4F7556}") = "Prism.DryIoc.Maui.Tests", "..\..\tests\Maui\Prism.DryIoc.Maui.Tests\Prism.DryIoc.Maui.Tests.csproj", "{EE6F0C99-61D1-4E2E-8185-FBA0D246D5C7}"
EndProject
Project("{9A19103F-16F7-4668-BE54-9A1E7A4F7556}") = "Prism.Maui.Tests", "..\..\tests\Maui\Prism.Maui.Tests\Prism.Maui.Tests.csproj", "{F3D2DFDB-95FB-4CBB-A624-35EB6550854D}"
EndProject
Project("{9A19103F-16F7-4668-BE54-9A1E7A4F7556}") = "Prism.Core.Tests", "..\..\tests\Prism.Core.Tests\Prism.Core.Tests.csproj", "{E0F13AA9-8083-47CA-B10D-93C5285D1505}"
EndProject
Project("{9A19103F-16F7-4668-BE54-9A1E7A4F7556}") = "Prism.Events", "..\..\src\Prism.Events\Prism.Events.csproj", "{5623CB62-59C1-49BC-BB16-4C5D63D82DAC}"
EndProject
Project("{2150E333-8FDC-42A3-9474-1A3956D46DE8}") = "Solution Items", "Solution Items", "{16C4C33B-CC0F-4FA4-A117-B9EF161CB7B8}"
	ProjectSection(SolutionItems) = preProject
		..\..\Directory.Packages.props = ..\..\Directory.Packages.props
	EndProjectSection
EndProject
Global
	GlobalSection(SolutionConfigurationPlatforms) = preSolution
		Debug|Any CPU = Debug|Any CPU
		Release|Any CPU = Release|Any CPU
	EndGlobalSection
	GlobalSection(ProjectConfigurationPlatforms) = postSolution
		{3B47AE8B-3773-4920-A012-B42182742ACA}.Debug|Any CPU.ActiveCfg = Debug|Any CPU
		{3B47AE8B-3773-4920-A012-B42182742ACA}.Debug|Any CPU.Build.0 = Debug|Any CPU
		{3B47AE8B-3773-4920-A012-B42182742ACA}.Release|Any CPU.ActiveCfg = Release|Any CPU
		{3B47AE8B-3773-4920-A012-B42182742ACA}.Release|Any CPU.Build.0 = Release|Any CPU
		{2FF1C748-EA4C-45B1-80BA-A7D9E9E2C8F9}.Debug|Any CPU.ActiveCfg = Debug|Any CPU
		{2FF1C748-EA4C-45B1-80BA-A7D9E9E2C8F9}.Debug|Any CPU.Build.0 = Debug|Any CPU
		{2FF1C748-EA4C-45B1-80BA-A7D9E9E2C8F9}.Release|Any CPU.ActiveCfg = Release|Any CPU
		{2FF1C748-EA4C-45B1-80BA-A7D9E9E2C8F9}.Release|Any CPU.Build.0 = Release|Any CPU
		{BB949746-5591-41FB-80B1-65BE609F6A0E}.Debug|Any CPU.ActiveCfg = Debug|Any CPU
		{BB949746-5591-41FB-80B1-65BE609F6A0E}.Debug|Any CPU.Build.0 = Debug|Any CPU
		{BB949746-5591-41FB-80B1-65BE609F6A0E}.Debug|Any CPU.Deploy.0 = Debug|Any CPU
		{BB949746-5591-41FB-80B1-65BE609F6A0E}.Release|Any CPU.ActiveCfg = Release|Any CPU
		{BB949746-5591-41FB-80B1-65BE609F6A0E}.Release|Any CPU.Build.0 = Release|Any CPU
		{2323BE09-7036-4FA7-B5B5-63046BE825E8}.Debug|Any CPU.ActiveCfg = Debug|Any CPU
		{2323BE09-7036-4FA7-B5B5-63046BE825E8}.Debug|Any CPU.Build.0 = Debug|Any CPU
		{2323BE09-7036-4FA7-B5B5-63046BE825E8}.Release|Any CPU.ActiveCfg = Release|Any CPU
		{2323BE09-7036-4FA7-B5B5-63046BE825E8}.Release|Any CPU.Build.0 = Release|Any CPU
		{2B756425-AB8D-4A78-80C5-13EA97C1AC73}.Debug|Any CPU.ActiveCfg = Debug|Any CPU
		{2B756425-AB8D-4A78-80C5-13EA97C1AC73}.Debug|Any CPU.Build.0 = Debug|Any CPU
		{2B756425-AB8D-4A78-80C5-13EA97C1AC73}.Release|Any CPU.ActiveCfg = Release|Any CPU
		{2B756425-AB8D-4A78-80C5-13EA97C1AC73}.Release|Any CPU.Build.0 = Release|Any CPU
		{CC05A6F0-D8FF-498C-80F0-59DC9AAEB08E}.Debug|Any CPU.ActiveCfg = Debug|Any CPU
		{CC05A6F0-D8FF-498C-80F0-59DC9AAEB08E}.Debug|Any CPU.Build.0 = Debug|Any CPU
		{CC05A6F0-D8FF-498C-80F0-59DC9AAEB08E}.Release|Any CPU.ActiveCfg = Release|Any CPU
		{CC05A6F0-D8FF-498C-80F0-59DC9AAEB08E}.Release|Any CPU.Build.0 = Release|Any CPU
		{2CE09D7A-B67C-4586-8432-64EA2D1A3CE4}.Debug|Any CPU.ActiveCfg = Debug|Any CPU
		{2CE09D7A-B67C-4586-8432-64EA2D1A3CE4}.Debug|Any CPU.Build.0 = Debug|Any CPU
		{2CE09D7A-B67C-4586-8432-64EA2D1A3CE4}.Release|Any CPU.ActiveCfg = Release|Any CPU
		{2CE09D7A-B67C-4586-8432-64EA2D1A3CE4}.Release|Any CPU.Build.0 = Release|Any CPU
		{EE6F0C99-61D1-4E2E-8185-FBA0D246D5C7}.Debug|Any CPU.ActiveCfg = Debug|Any CPU
		{EE6F0C99-61D1-4E2E-8185-FBA0D246D5C7}.Debug|Any CPU.Build.0 = Debug|Any CPU
		{EE6F0C99-61D1-4E2E-8185-FBA0D246D5C7}.Release|Any CPU.ActiveCfg = Release|Any CPU
		{EE6F0C99-61D1-4E2E-8185-FBA0D246D5C7}.Release|Any CPU.Build.0 = Release|Any CPU
		{F3D2DFDB-95FB-4CBB-A624-35EB6550854D}.Debug|Any CPU.ActiveCfg = Debug|Any CPU
		{F3D2DFDB-95FB-4CBB-A624-35EB6550854D}.Debug|Any CPU.Build.0 = Debug|Any CPU
		{F3D2DFDB-95FB-4CBB-A624-35EB6550854D}.Release|Any CPU.ActiveCfg = Release|Any CPU
		{F3D2DFDB-95FB-4CBB-A624-35EB6550854D}.Release|Any CPU.Build.0 = Release|Any CPU
		{E0F13AA9-8083-47CA-B10D-93C5285D1505}.Debug|Any CPU.ActiveCfg = Debug|Any CPU
		{E0F13AA9-8083-47CA-B10D-93C5285D1505}.Debug|Any CPU.Build.0 = Debug|Any CPU
		{E0F13AA9-8083-47CA-B10D-93C5285D1505}.Release|Any CPU.ActiveCfg = Release|Any CPU
		{E0F13AA9-8083-47CA-B10D-93C5285D1505}.Release|Any CPU.Build.0 = Release|Any CPU
		{5623CB62-59C1-49BC-BB16-4C5D63D82DAC}.Debug|Any CPU.ActiveCfg = Debug|Any CPU
		{5623CB62-59C1-49BC-BB16-4C5D63D82DAC}.Debug|Any CPU.Build.0 = Debug|Any CPU
		{5623CB62-59C1-49BC-BB16-4C5D63D82DAC}.Release|Any CPU.ActiveCfg = Release|Any CPU
		{5623CB62-59C1-49BC-BB16-4C5D63D82DAC}.Release|Any CPU.Build.0 = Release|Any CPU
	EndGlobalSection
	GlobalSection(SolutionProperties) = preSolution
		HideSolutionNode = FALSE
	EndGlobalSection
	GlobalSection(NestedProjects) = preSolution
		{2323BE09-7036-4FA7-B5B5-63046BE825E8} = {8202B92A-A573-4365-8A15-E246504A7CBD}
		{2B756425-AB8D-4A78-80C5-13EA97C1AC73} = {8202B92A-A573-4365-8A15-E246504A7CBD}
		{CC05A6F0-D8FF-498C-80F0-59DC9AAEB08E} = {8202B92A-A573-4365-8A15-E246504A7CBD}
		{2CE09D7A-B67C-4586-8432-64EA2D1A3CE4} = {8202B92A-A573-4365-8A15-E246504A7CBD}
		{EE6F0C99-61D1-4E2E-8185-FBA0D246D5C7} = {E91F80AA-3D61-4C28-B876-3EDFB5921E7D}
		{F3D2DFDB-95FB-4CBB-A624-35EB6550854D} = {E91F80AA-3D61-4C28-B876-3EDFB5921E7D}
		{E0F13AA9-8083-47CA-B10D-93C5285D1505} = {E91F80AA-3D61-4C28-B876-3EDFB5921E7D}
		{5623CB62-59C1-49BC-BB16-4C5D63D82DAC} = {8202B92A-A573-4365-8A15-E246504A7CBD}
	EndGlobalSection
	GlobalSection(ExtensibilityGlobals) = postSolution
		SolutionGuid = {50B0D1F3-D832-4C6C-858E-24F5F3B33632}
	EndGlobalSection
	GlobalSection(SharedMSBuildProjectFiles) = preSolution
		..\..\src\Containers\Prism.DryIoc.Shared\Prism.DryIoc.Shared.projitems*{2ce09d7a-b67c-4586-8432-64ea2d1a3ce4}*SharedItemsImports = 5
	EndGlobalSection
EndGlobal
