
Microsoft Visual Studio Solution File, Format Version 12.00
# Visual Studio 2013
VisualStudioVersion = 12.0.31101.0
MinimumVisualStudioVersion = 10.0.40219.1
Project("{FAE04EC0-301F-11D3-BF4B-00C04F79EFBC}") = "XamarinStore", "XamarinStore\XamarinStore\XamarinStore.csproj", "{B69C46D9-E839-44CE-BE6C-F23D104B17C1}"
EndProject
Project("{FAE04EC0-301F-11D3-BF4B-00C04F79EFBC}") = "XamarinStore.iOS", "XamarinStore\XamarinStore.iOS\XamarinStore.iOS.csproj", "{750A9CB4-F364-4BB7-9350-3F1F490666A1}"
EndProject
Project("{FAE04EC0-301F-11D3-BF4B-00C04F79EFBC}") = "XamarinStore.Droid", "XamarinStore\XamarinStore.Droid\XamarinStore.Droid.csproj", "{99F67933-9DC0-4002-A724-5EE9F0EEFCDE}"
EndProject
Project("{FAE04EC0-301F-11D3-BF4B-00C04F79EFBC}") = "XamarinStore.WinPhone", "XamarinStore\XamarinStore.WinPhone\XamarinStore.WinPhone.csproj", "{F125DB11-273E-4281-8041-50CF74D2BF95}"
EndProject
Project("{2150E333-8FDC-42A3-9474-1A3956D46DE8}") = ".nuget", ".nuget", "{C4662600-E50B-46DB-8306-3A0C73A2C1F1}"
	ProjectSection(SolutionItems) = preProject
		.nuget\NuGet.Config = .nuget\NuGet.Config
		.nuget\NuGet.exe = .nuget\NuGet.exe
		.nuget\NuGet.targets = .nuget\NuGet.targets
	EndProjectSection
EndProject
Project("{2150E333-8FDC-42A3-9474-1A3956D46DE8}") = "Prism", "Prism", "{32A15A92-9361-427A-8CD9-0A85A6098CE5}"
EndProject
Project("{FAE04EC0-301F-11D3-BF4B-00C04F79EFBC}") = "Prism", "..\..\Source\Prism\Prism.csproj", "{E6C50355-D01E-4CAA-884D-D7929861315C}"
EndProject
Project("{FAE04EC0-301F-11D3-BF4B-00C04F79EFBC}") = "Prism.Forms", "..\..\Source\Xamarin\Prism.Forms\Prism.Forms.csproj", "{67F9D3A8-F71E-4428-913F-C37AE82CDB24}"
EndProject
Project("{FAE04EC0-301F-11D3-BF4B-00C04F79EFBC}") = "Prism.Forms.Unity", "..\..\Source\Xamarin\Prism.Forms.Unity\Prism.Forms.Unity.csproj", "{79EBB8F1-5D80-4EA1-9100-EBDC1EC51CB7}"
EndProject
Project("{FAE04EC0-301F-11D3-BF4B-00C04F79EFBC}") = "XamarinStore.Core", "XamarinStore.Core\XamarinStore.Core.csproj", "{3ECF83D8-BB51-40CE-85C7-D87DF58B53F8}"
EndProject
Global
	GlobalSection(SolutionConfigurationPlatforms) = preSolution
		Ad-Hoc|Any CPU = Ad-Hoc|Any CPU
		Ad-Hoc|ARM = Ad-Hoc|ARM
		Ad-Hoc|iPhone = Ad-Hoc|iPhone
		Ad-Hoc|iPhoneSimulator = Ad-Hoc|iPhoneSimulator
		Ad-Hoc|Mixed Platforms = Ad-Hoc|Mixed Platforms
		Ad-Hoc|x86 = Ad-Hoc|x86
		AppStore|Any CPU = AppStore|Any CPU
		AppStore|ARM = AppStore|ARM
		AppStore|iPhone = AppStore|iPhone
		AppStore|iPhoneSimulator = AppStore|iPhoneSimulator
		AppStore|Mixed Platforms = AppStore|Mixed Platforms
		AppStore|x86 = AppStore|x86
		Debug|Any CPU = Debug|Any CPU
		Debug|ARM = Debug|ARM
		Debug|iPhone = Debug|iPhone
		Debug|iPhoneSimulator = Debug|iPhoneSimulator
		Debug|Mixed Platforms = Debug|Mixed Platforms
		Debug|x86 = Debug|x86
		Release|Any CPU = Release|Any CPU
		Release|ARM = Release|ARM
		Release|iPhone = Release|iPhone
		Release|iPhoneSimulator = Release|iPhoneSimulator
		Release|Mixed Platforms = Release|Mixed Platforms
		Release|x86 = Release|x86
	EndGlobalSection
	GlobalSection(ProjectConfigurationPlatforms) = postSolution
		{B69C46D9-E839-44CE-BE6C-F23D104B17C1}.Ad-Hoc|Any CPU.ActiveCfg = Release|Any CPU
		{B69C46D9-E839-44CE-BE6C-F23D104B17C1}.Ad-Hoc|Any CPU.Build.0 = Release|Any CPU
		{B69C46D9-E839-44CE-BE6C-F23D104B17C1}.Ad-Hoc|ARM.ActiveCfg = Release|Any CPU
		{B69C46D9-E839-44CE-BE6C-F23D104B17C1}.Ad-Hoc|iPhone.ActiveCfg = Release|Any CPU
		{B69C46D9-E839-44CE-BE6C-F23D104B17C1}.Ad-Hoc|iPhoneSimulator.ActiveCfg = Release|Any CPU
		{B69C46D9-E839-44CE-BE6C-F23D104B17C1}.Ad-Hoc|Mixed Platforms.ActiveCfg = Release|Any CPU
		{B69C46D9-E839-44CE-BE6C-F23D104B17C1}.Ad-Hoc|Mixed Platforms.Build.0 = Release|Any CPU
		{B69C46D9-E839-44CE-BE6C-F23D104B17C1}.Ad-Hoc|x86.ActiveCfg = Release|Any CPU
		{B69C46D9-E839-44CE-BE6C-F23D104B17C1}.AppStore|Any CPU.ActiveCfg = Release|Any CPU
		{B69C46D9-E839-44CE-BE6C-F23D104B17C1}.AppStore|Any CPU.Build.0 = Release|Any CPU
		{B69C46D9-E839-44CE-BE6C-F23D104B17C1}.AppStore|ARM.ActiveCfg = Release|Any CPU
		{B69C46D9-E839-44CE-BE6C-F23D104B17C1}.AppStore|iPhone.ActiveCfg = Release|Any CPU
		{B69C46D9-E839-44CE-BE6C-F23D104B17C1}.AppStore|iPhoneSimulator.ActiveCfg = Release|Any CPU
		{B69C46D9-E839-44CE-BE6C-F23D104B17C1}.AppStore|Mixed Platforms.ActiveCfg = Release|Any CPU
		{B69C46D9-E839-44CE-BE6C-F23D104B17C1}.AppStore|Mixed Platforms.Build.0 = Release|Any CPU
		{B69C46D9-E839-44CE-BE6C-F23D104B17C1}.AppStore|x86.ActiveCfg = Release|Any CPU
		{B69C46D9-E839-44CE-BE6C-F23D104B17C1}.Debug|Any CPU.ActiveCfg = Debug|Any CPU
		{B69C46D9-E839-44CE-BE6C-F23D104B17C1}.Debug|Any CPU.Build.0 = Debug|Any CPU
		{B69C46D9-E839-44CE-BE6C-F23D104B17C1}.Debug|ARM.ActiveCfg = Debug|Any CPU
		{B69C46D9-E839-44CE-BE6C-F23D104B17C1}.Debug|iPhone.ActiveCfg = Debug|Any CPU
		{B69C46D9-E839-44CE-BE6C-F23D104B17C1}.Debug|iPhoneSimulator.ActiveCfg = Debug|Any CPU
		{B69C46D9-E839-44CE-BE6C-F23D104B17C1}.Debug|Mixed Platforms.ActiveCfg = Debug|Any CPU
		{B69C46D9-E839-44CE-BE6C-F23D104B17C1}.Debug|Mixed Platforms.Build.0 = Debug|Any CPU
		{B69C46D9-E839-44CE-BE6C-F23D104B17C1}.Debug|x86.ActiveCfg = Debug|Any CPU
		{B69C46D9-E839-44CE-BE6C-F23D104B17C1}.Release|Any CPU.ActiveCfg = Release|Any CPU
		{B69C46D9-E839-44CE-BE6C-F23D104B17C1}.Release|Any CPU.Build.0 = Release|Any CPU
		{B69C46D9-E839-44CE-BE6C-F23D104B17C1}.Release|ARM.ActiveCfg = Release|Any CPU
		{B69C46D9-E839-44CE-BE6C-F23D104B17C1}.Release|iPhone.ActiveCfg = Release|Any CPU
		{B69C46D9-E839-44CE-BE6C-F23D104B17C1}.Release|iPhoneSimulator.ActiveCfg = Release|Any CPU
		{B69C46D9-E839-44CE-BE6C-F23D104B17C1}.Release|Mixed Platforms.ActiveCfg = Release|Any CPU
		{B69C46D9-E839-44CE-BE6C-F23D104B17C1}.Release|Mixed Platforms.Build.0 = Release|Any CPU
		{B69C46D9-E839-44CE-BE6C-F23D104B17C1}.Release|x86.ActiveCfg = Release|Any CPU
		{750A9CB4-F364-4BB7-9350-3F1F490666A1}.Ad-Hoc|Any CPU.ActiveCfg = Ad-Hoc|iPhone
		{750A9CB4-F364-4BB7-9350-3F1F490666A1}.Ad-Hoc|ARM.ActiveCfg = Ad-Hoc|iPhone
		{750A9CB4-F364-4BB7-9350-3F1F490666A1}.Ad-Hoc|iPhone.ActiveCfg = Ad-Hoc|iPhone
		{750A9CB4-F364-4BB7-9350-3F1F490666A1}.Ad-Hoc|iPhone.Build.0 = Ad-Hoc|iPhone
		{750A9CB4-F364-4BB7-9350-3F1F490666A1}.Ad-Hoc|iPhoneSimulator.ActiveCfg = Ad-Hoc|iPhoneSimulator
		{750A9CB4-F364-4BB7-9350-3F1F490666A1}.Ad-Hoc|iPhoneSimulator.Build.0 = Ad-Hoc|iPhoneSimulator
		{750A9CB4-F364-4BB7-9350-3F1F490666A1}.Ad-Hoc|Mixed Platforms.ActiveCfg = Ad-Hoc|iPhone
		{750A9CB4-F364-4BB7-9350-3F1F490666A1}.Ad-Hoc|Mixed Platforms.Build.0 = Ad-Hoc|iPhone
		{750A9CB4-F364-4BB7-9350-3F1F490666A1}.Ad-Hoc|x86.ActiveCfg = Ad-Hoc|iPhone
		{750A9CB4-F364-4BB7-9350-3F1F490666A1}.AppStore|Any CPU.ActiveCfg = AppStore|iPhone
		{750A9CB4-F364-4BB7-9350-3F1F490666A1}.AppStore|ARM.ActiveCfg = AppStore|iPhone
		{750A9CB4-F364-4BB7-9350-3F1F490666A1}.AppStore|iPhone.ActiveCfg = AppStore|iPhone
		{750A9CB4-F364-4BB7-9350-3F1F490666A1}.AppStore|iPhone.Build.0 = AppStore|iPhone
		{750A9CB4-F364-4BB7-9350-3F1F490666A1}.AppStore|iPhoneSimulator.ActiveCfg = AppStore|iPhoneSimulator
		{750A9CB4-F364-4BB7-9350-3F1F490666A1}.AppStore|iPhoneSimulator.Build.0 = AppStore|iPhoneSimulator
		{750A9CB4-F364-4BB7-9350-3F1F490666A1}.AppStore|Mixed Platforms.ActiveCfg = AppStore|iPhone
		{750A9CB4-F364-4BB7-9350-3F1F490666A1}.AppStore|Mixed Platforms.Build.0 = AppStore|iPhone
		{750A9CB4-F364-4BB7-9350-3F1F490666A1}.AppStore|x86.ActiveCfg = AppStore|iPhone
		{750A9CB4-F364-4BB7-9350-3F1F490666A1}.Debug|Any CPU.ActiveCfg = Debug|iPhone
		{750A9CB4-F364-4BB7-9350-3F1F490666A1}.Debug|ARM.ActiveCfg = Debug|iPhone
		{750A9CB4-F364-4BB7-9350-3F1F490666A1}.Debug|iPhone.ActiveCfg = Debug|iPhone
		{750A9CB4-F364-4BB7-9350-3F1F490666A1}.Debug|iPhone.Build.0 = Debug|iPhone
		{750A9CB4-F364-4BB7-9350-3F1F490666A1}.Debug|iPhoneSimulator.ActiveCfg = Debug|iPhoneSimulator
		{750A9CB4-F364-4BB7-9350-3F1F490666A1}.Debug|iPhoneSimulator.Build.0 = Debug|iPhoneSimulator
		{750A9CB4-F364-4BB7-9350-3F1F490666A1}.Debug|Mixed Platforms.ActiveCfg = Debug|iPhone
		{750A9CB4-F364-4BB7-9350-3F1F490666A1}.Debug|Mixed Platforms.Build.0 = Debug|iPhone
		{750A9CB4-F364-4BB7-9350-3F1F490666A1}.Debug|x86.ActiveCfg = Debug|iPhone
		{750A9CB4-F364-4BB7-9350-3F1F490666A1}.Release|Any CPU.ActiveCfg = Release|iPhone
		{750A9CB4-F364-4BB7-9350-3F1F490666A1}.Release|ARM.ActiveCfg = Release|iPhone
		{750A9CB4-F364-4BB7-9350-3F1F490666A1}.Release|iPhone.ActiveCfg = Release|iPhone
		{750A9CB4-F364-4BB7-9350-3F1F490666A1}.Release|iPhone.Build.0 = Release|iPhone
		{750A9CB4-F364-4BB7-9350-3F1F490666A1}.Release|iPhoneSimulator.ActiveCfg = Release|iPhoneSimulator
		{750A9CB4-F364-4BB7-9350-3F1F490666A1}.Release|iPhoneSimulator.Build.0 = Release|iPhoneSimulator
		{750A9CB4-F364-4BB7-9350-3F1F490666A1}.Release|Mixed Platforms.ActiveCfg = Release|iPhone
		{750A9CB4-F364-4BB7-9350-3F1F490666A1}.Release|Mixed Platforms.Build.0 = Release|iPhone
		{750A9CB4-F364-4BB7-9350-3F1F490666A1}.Release|x86.ActiveCfg = Release|iPhone
		{99F67933-9DC0-4002-A724-5EE9F0EEFCDE}.Ad-Hoc|Any CPU.ActiveCfg = Release|Any CPU
		{99F67933-9DC0-4002-A724-5EE9F0EEFCDE}.Ad-Hoc|Any CPU.Build.0 = Release|Any CPU
		{99F67933-9DC0-4002-A724-5EE9F0EEFCDE}.Ad-Hoc|Any CPU.Deploy.0 = Release|Any CPU
		{99F67933-9DC0-4002-A724-5EE9F0EEFCDE}.Ad-Hoc|ARM.ActiveCfg = Release|Any CPU
		{99F67933-9DC0-4002-A724-5EE9F0EEFCDE}.Ad-Hoc|iPhone.ActiveCfg = Release|Any CPU
		{99F67933-9DC0-4002-A724-5EE9F0EEFCDE}.Ad-Hoc|iPhoneSimulator.ActiveCfg = Release|Any CPU
		{99F67933-9DC0-4002-A724-5EE9F0EEFCDE}.Ad-Hoc|Mixed Platforms.ActiveCfg = Release|Any CPU
		{99F67933-9DC0-4002-A724-5EE9F0EEFCDE}.Ad-Hoc|Mixed Platforms.Build.0 = Release|Any CPU
		{99F67933-9DC0-4002-A724-5EE9F0EEFCDE}.Ad-Hoc|Mixed Platforms.Deploy.0 = Release|Any CPU
		{99F67933-9DC0-4002-A724-5EE9F0EEFCDE}.Ad-Hoc|x86.ActiveCfg = Release|Any CPU
		{99F67933-9DC0-4002-A724-5EE9F0EEFCDE}.AppStore|Any CPU.ActiveCfg = Release|Any CPU
		{99F67933-9DC0-4002-A724-5EE9F0EEFCDE}.AppStore|Any CPU.Build.0 = Release|Any CPU
		{99F67933-9DC0-4002-A724-5EE9F0EEFCDE}.AppStore|Any CPU.Deploy.0 = Release|Any CPU
		{99F67933-9DC0-4002-A724-5EE9F0EEFCDE}.AppStore|ARM.ActiveCfg = Release|Any CPU
		{99F67933-9DC0-4002-A724-5EE9F0EEFCDE}.AppStore|iPhone.ActiveCfg = Release|Any CPU
		{99F67933-9DC0-4002-A724-5EE9F0EEFCDE}.AppStore|iPhoneSimulator.ActiveCfg = Release|Any CPU
		{99F67933-9DC0-4002-A724-5EE9F0EEFCDE}.AppStore|Mixed Platforms.ActiveCfg = Release|Any CPU
		{99F67933-9DC0-4002-A724-5EE9F0EEFCDE}.AppStore|Mixed Platforms.Build.0 = Release|Any CPU
		{99F67933-9DC0-4002-A724-5EE9F0EEFCDE}.AppStore|Mixed Platforms.Deploy.0 = Release|Any CPU
		{99F67933-9DC0-4002-A724-5EE9F0EEFCDE}.AppStore|x86.ActiveCfg = Release|Any CPU
		{99F67933-9DC0-4002-A724-5EE9F0EEFCDE}.Debug|Any CPU.ActiveCfg = Debug|Any CPU
		{99F67933-9DC0-4002-A724-5EE9F0EEFCDE}.Debug|Any CPU.Build.0 = Debug|Any CPU
		{99F67933-9DC0-4002-A724-5EE9F0EEFCDE}.Debug|Any CPU.Deploy.0 = Debug|Any CPU
		{99F67933-9DC0-4002-A724-5EE9F0EEFCDE}.Debug|ARM.ActiveCfg = Debug|Any CPU
		{99F67933-9DC0-4002-A724-5EE9F0EEFCDE}.Debug|iPhone.ActiveCfg = Debug|Any CPU
		{99F67933-9DC0-4002-A724-5EE9F0EEFCDE}.Debug|iPhoneSimulator.ActiveCfg = Debug|Any CPU
		{99F67933-9DC0-4002-A724-5EE9F0EEFCDE}.Debug|Mixed Platforms.ActiveCfg = Debug|Any CPU
		{99F67933-9DC0-4002-A724-5EE9F0EEFCDE}.Debug|Mixed Platforms.Build.0 = Debug|Any CPU
		{99F67933-9DC0-4002-A724-5EE9F0EEFCDE}.Debug|Mixed Platforms.Deploy.0 = Debug|Any CPU
		{99F67933-9DC0-4002-A724-5EE9F0EEFCDE}.Debug|x86.ActiveCfg = Debug|Any CPU
		{99F67933-9DC0-4002-A724-5EE9F0EEFCDE}.Release|Any CPU.ActiveCfg = Release|Any CPU
		{99F67933-9DC0-4002-A724-5EE9F0EEFCDE}.Release|Any CPU.Build.0 = Release|Any CPU
		{99F67933-9DC0-4002-A724-5EE9F0EEFCDE}.Release|Any CPU.Deploy.0 = Release|Any CPU
		{99F67933-9DC0-4002-A724-5EE9F0EEFCDE}.Release|ARM.ActiveCfg = Release|Any CPU
		{99F67933-9DC0-4002-A724-5EE9F0EEFCDE}.Release|iPhone.ActiveCfg = Release|Any CPU
		{99F67933-9DC0-4002-A724-5EE9F0EEFCDE}.Release|iPhoneSimulator.ActiveCfg = Release|Any CPU
		{99F67933-9DC0-4002-A724-5EE9F0EEFCDE}.Release|Mixed Platforms.ActiveCfg = Release|Any CPU
		{99F67933-9DC0-4002-A724-5EE9F0EEFCDE}.Release|Mixed Platforms.Build.0 = Release|Any CPU
		{99F67933-9DC0-4002-A724-5EE9F0EEFCDE}.Release|Mixed Platforms.Deploy.0 = Release|Any CPU
		{99F67933-9DC0-4002-A724-5EE9F0EEFCDE}.Release|x86.ActiveCfg = Release|Any CPU
		{F125DB11-273E-4281-8041-50CF74D2BF95}.Ad-Hoc|Any CPU.ActiveCfg = Release|Any CPU
		{F125DB11-273E-4281-8041-50CF74D2BF95}.Ad-Hoc|Any CPU.Build.0 = Release|Any CPU
		{F125DB11-273E-4281-8041-50CF74D2BF95}.Ad-Hoc|Any CPU.Deploy.0 = Release|Any CPU
		{F125DB11-273E-4281-8041-50CF74D2BF95}.Ad-Hoc|ARM.ActiveCfg = Release|ARM
		{F125DB11-273E-4281-8041-50CF74D2BF95}.Ad-Hoc|ARM.Build.0 = Release|ARM
		{F125DB11-273E-4281-8041-50CF74D2BF95}.Ad-Hoc|ARM.Deploy.0 = Release|ARM
		{F125DB11-273E-4281-8041-50CF74D2BF95}.Ad-Hoc|iPhone.ActiveCfg = Release|Any CPU
		{F125DB11-273E-4281-8041-50CF74D2BF95}.Ad-Hoc|iPhoneSimulator.ActiveCfg = Release|Any CPU
		{F125DB11-273E-4281-8041-50CF74D2BF95}.Ad-Hoc|Mixed Platforms.ActiveCfg = Release|x86
		{F125DB11-273E-4281-8041-50CF74D2BF95}.Ad-Hoc|Mixed Platforms.Build.0 = Release|x86
		{F125DB11-273E-4281-8041-50CF74D2BF95}.Ad-Hoc|Mixed Platforms.Deploy.0 = Release|x86
		{F125DB11-273E-4281-8041-50CF74D2BF95}.Ad-Hoc|x86.ActiveCfg = Release|x86
		{F125DB11-273E-4281-8041-50CF74D2BF95}.Ad-Hoc|x86.Build.0 = Release|x86
		{F125DB11-273E-4281-8041-50CF74D2BF95}.Ad-Hoc|x86.Deploy.0 = Release|x86
		{F125DB11-273E-4281-8041-50CF74D2BF95}.AppStore|Any CPU.ActiveCfg = Release|Any CPU
		{F125DB11-273E-4281-8041-50CF74D2BF95}.AppStore|Any CPU.Build.0 = Release|Any CPU
		{F125DB11-273E-4281-8041-50CF74D2BF95}.AppStore|Any CPU.Deploy.0 = Release|Any CPU
		{F125DB11-273E-4281-8041-50CF74D2BF95}.AppStore|ARM.ActiveCfg = Release|ARM
		{F125DB11-273E-4281-8041-50CF74D2BF95}.AppStore|ARM.Build.0 = Release|ARM
		{F125DB11-273E-4281-8041-50CF74D2BF95}.AppStore|ARM.Deploy.0 = Release|ARM
		{F125DB11-273E-4281-8041-50CF74D2BF95}.AppStore|iPhone.ActiveCfg = Release|Any CPU
		{F125DB11-273E-4281-8041-50CF74D2BF95}.AppStore|iPhoneSimulator.ActiveCfg = Release|Any CPU
		{F125DB11-273E-4281-8041-50CF74D2BF95}.AppStore|Mixed Platforms.ActiveCfg = Release|x86
		{F125DB11-273E-4281-8041-50CF74D2BF95}.AppStore|Mixed Platforms.Build.0 = Release|x86
		{F125DB11-273E-4281-8041-50CF74D2BF95}.AppStore|Mixed Platforms.Deploy.0 = Release|x86
		{F125DB11-273E-4281-8041-50CF74D2BF95}.AppStore|x86.ActiveCfg = Release|x86
		{F125DB11-273E-4281-8041-50CF74D2BF95}.AppStore|x86.Build.0 = Release|x86
		{F125DB11-273E-4281-8041-50CF74D2BF95}.AppStore|x86.Deploy.0 = Release|x86
		{F125DB11-273E-4281-8041-50CF74D2BF95}.Debug|Any CPU.ActiveCfg = Debug|Any CPU
		{F125DB11-273E-4281-8041-50CF74D2BF95}.Debug|Any CPU.Build.0 = Debug|Any CPU
		{F125DB11-273E-4281-8041-50CF74D2BF95}.Debug|Any CPU.Deploy.0 = Debug|Any CPU
		{F125DB11-273E-4281-8041-50CF74D2BF95}.Debug|ARM.ActiveCfg = Debug|ARM
		{F125DB11-273E-4281-8041-50CF74D2BF95}.Debug|ARM.Build.0 = Debug|ARM
		{F125DB11-273E-4281-8041-50CF74D2BF95}.Debug|ARM.Deploy.0 = Debug|ARM
		{F125DB11-273E-4281-8041-50CF74D2BF95}.Debug|iPhone.ActiveCfg = Debug|Any CPU
		{F125DB11-273E-4281-8041-50CF74D2BF95}.Debug|iPhoneSimulator.ActiveCfg = Debug|Any CPU
		{F125DB11-273E-4281-8041-50CF74D2BF95}.Debug|Mixed Platforms.ActiveCfg = Debug|x86
		{F125DB11-273E-4281-8041-50CF74D2BF95}.Debug|Mixed Platforms.Build.0 = Debug|x86
		{F125DB11-273E-4281-8041-50CF74D2BF95}.Debug|Mixed Platforms.Deploy.0 = Debug|x86
		{F125DB11-273E-4281-8041-50CF74D2BF95}.Debug|x86.ActiveCfg = Debug|x86
		{F125DB11-273E-4281-8041-50CF74D2BF95}.Debug|x86.Build.0 = Debug|x86
		{F125DB11-273E-4281-8041-50CF74D2BF95}.Debug|x86.Deploy.0 = Debug|x86
		{F125DB11-273E-4281-8041-50CF74D2BF95}.Release|Any CPU.ActiveCfg = Release|Any CPU
		{F125DB11-273E-4281-8041-50CF74D2BF95}.Release|Any CPU.Build.0 = Release|Any CPU
		{F125DB11-273E-4281-8041-50CF74D2BF95}.Release|Any CPU.Deploy.0 = Release|Any CPU
		{F125DB11-273E-4281-8041-50CF74D2BF95}.Release|ARM.ActiveCfg = Release|ARM
		{F125DB11-273E-4281-8041-50CF74D2BF95}.Release|ARM.Build.0 = Release|ARM
		{F125DB11-273E-4281-8041-50CF74D2BF95}.Release|ARM.Deploy.0 = Release|ARM
		{F125DB11-273E-4281-8041-50CF74D2BF95}.Release|iPhone.ActiveCfg = Release|Any CPU
		{F125DB11-273E-4281-8041-50CF74D2BF95}.Release|iPhoneSimulator.ActiveCfg = Release|Any CPU
		{F125DB11-273E-4281-8041-50CF74D2BF95}.Release|Mixed Platforms.ActiveCfg = Release|x86
		{F125DB11-273E-4281-8041-50CF74D2BF95}.Release|Mixed Platforms.Build.0 = Release|x86
		{F125DB11-273E-4281-8041-50CF74D2BF95}.Release|Mixed Platforms.Deploy.0 = Release|x86
		{F125DB11-273E-4281-8041-50CF74D2BF95}.Release|x86.ActiveCfg = Release|x86
		{F125DB11-273E-4281-8041-50CF74D2BF95}.Release|x86.Build.0 = Release|x86
		{F125DB11-273E-4281-8041-50CF74D2BF95}.Release|x86.Deploy.0 = Release|x86
		{E6C50355-D01E-4CAA-884D-D7929861315C}.Ad-Hoc|Any CPU.ActiveCfg = Release|Any CPU
		{E6C50355-D01E-4CAA-884D-D7929861315C}.Ad-Hoc|Any CPU.Build.0 = Release|Any CPU
		{E6C50355-D01E-4CAA-884D-D7929861315C}.Ad-Hoc|ARM.ActiveCfg = Release|Any CPU
		{E6C50355-D01E-4CAA-884D-D7929861315C}.Ad-Hoc|iPhone.ActiveCfg = Release|Any CPU
		{E6C50355-D01E-4CAA-884D-D7929861315C}.Ad-Hoc|iPhoneSimulator.ActiveCfg = Release|Any CPU
		{E6C50355-D01E-4CAA-884D-D7929861315C}.Ad-Hoc|Mixed Platforms.ActiveCfg = Release|Any CPU
		{E6C50355-D01E-4CAA-884D-D7929861315C}.Ad-Hoc|Mixed Platforms.Build.0 = Release|Any CPU
		{E6C50355-D01E-4CAA-884D-D7929861315C}.Ad-Hoc|x86.ActiveCfg = Release|Any CPU
		{E6C50355-D01E-4CAA-884D-D7929861315C}.AppStore|Any CPU.ActiveCfg = Release|Any CPU
		{E6C50355-D01E-4CAA-884D-D7929861315C}.AppStore|Any CPU.Build.0 = Release|Any CPU
		{E6C50355-D01E-4CAA-884D-D7929861315C}.AppStore|ARM.ActiveCfg = Release|Any CPU
		{E6C50355-D01E-4CAA-884D-D7929861315C}.AppStore|iPhone.ActiveCfg = Release|Any CPU
		{E6C50355-D01E-4CAA-884D-D7929861315C}.AppStore|iPhoneSimulator.ActiveCfg = Release|Any CPU
		{E6C50355-D01E-4CAA-884D-D7929861315C}.AppStore|Mixed Platforms.ActiveCfg = Release|Any CPU
		{E6C50355-D01E-4CAA-884D-D7929861315C}.AppStore|Mixed Platforms.Build.0 = Release|Any CPU
		{E6C50355-D01E-4CAA-884D-D7929861315C}.AppStore|x86.ActiveCfg = Release|Any CPU
		{E6C50355-D01E-4CAA-884D-D7929861315C}.Debug|Any CPU.ActiveCfg = Debug|Any CPU
		{E6C50355-D01E-4CAA-884D-D7929861315C}.Debug|Any CPU.Build.0 = Debug|Any CPU
		{E6C50355-D01E-4CAA-884D-D7929861315C}.Debug|ARM.ActiveCfg = Debug|Any CPU
		{E6C50355-D01E-4CAA-884D-D7929861315C}.Debug|iPhone.ActiveCfg = Debug|Any CPU
		{E6C50355-D01E-4CAA-884D-D7929861315C}.Debug|iPhoneSimulator.ActiveCfg = Debug|Any CPU
		{E6C50355-D01E-4CAA-884D-D7929861315C}.Debug|Mixed Platforms.ActiveCfg = Debug|Any CPU
		{E6C50355-D01E-4CAA-884D-D7929861315C}.Debug|Mixed Platforms.Build.0 = Debug|Any CPU
		{E6C50355-D01E-4CAA-884D-D7929861315C}.Debug|x86.ActiveCfg = Debug|Any CPU
		{E6C50355-D01E-4CAA-884D-D7929861315C}.Release|Any CPU.ActiveCfg = Release|Any CPU
		{E6C50355-D01E-4CAA-884D-D7929861315C}.Release|Any CPU.Build.0 = Release|Any CPU
		{E6C50355-D01E-4CAA-884D-D7929861315C}.Release|ARM.ActiveCfg = Release|Any CPU
		{E6C50355-D01E-4CAA-884D-D7929861315C}.Release|iPhone.ActiveCfg = Release|Any CPU
		{E6C50355-D01E-4CAA-884D-D7929861315C}.Release|iPhoneSimulator.ActiveCfg = Release|Any CPU
		{E6C50355-D01E-4CAA-884D-D7929861315C}.Release|Mixed Platforms.ActiveCfg = Release|Any CPU
		{E6C50355-D01E-4CAA-884D-D7929861315C}.Release|Mixed Platforms.Build.0 = Release|Any CPU
		{E6C50355-D01E-4CAA-884D-D7929861315C}.Release|x86.ActiveCfg = Release|Any CPU
		{67F9D3A8-F71E-4428-913F-C37AE82CDB24}.Ad-Hoc|Any CPU.ActiveCfg = Release|Any CPU
		{67F9D3A8-F71E-4428-913F-C37AE82CDB24}.Ad-Hoc|Any CPU.Build.0 = Release|Any CPU
		{67F9D3A8-F71E-4428-913F-C37AE82CDB24}.Ad-Hoc|ARM.ActiveCfg = Release|Any CPU
		{67F9D3A8-F71E-4428-913F-C37AE82CDB24}.Ad-Hoc|iPhone.ActiveCfg = Release|Any CPU
		{67F9D3A8-F71E-4428-913F-C37AE82CDB24}.Ad-Hoc|iPhoneSimulator.ActiveCfg = Release|Any CPU
		{67F9D3A8-F71E-4428-913F-C37AE82CDB24}.Ad-Hoc|Mixed Platforms.ActiveCfg = Release|Any CPU
		{67F9D3A8-F71E-4428-913F-C37AE82CDB24}.Ad-Hoc|Mixed Platforms.Build.0 = Release|Any CPU
		{67F9D3A8-F71E-4428-913F-C37AE82CDB24}.Ad-Hoc|x86.ActiveCfg = Release|Any CPU
		{67F9D3A8-F71E-4428-913F-C37AE82CDB24}.AppStore|Any CPU.ActiveCfg = Release|Any CPU
		{67F9D3A8-F71E-4428-913F-C37AE82CDB24}.AppStore|Any CPU.Build.0 = Release|Any CPU
		{67F9D3A8-F71E-4428-913F-C37AE82CDB24}.AppStore|ARM.ActiveCfg = Release|Any CPU
		{67F9D3A8-F71E-4428-913F-C37AE82CDB24}.AppStore|iPhone.ActiveCfg = Release|Any CPU
		{67F9D3A8-F71E-4428-913F-C37AE82CDB24}.AppStore|iPhoneSimulator.ActiveCfg = Release|Any CPU
		{67F9D3A8-F71E-4428-913F-C37AE82CDB24}.AppStore|Mixed Platforms.ActiveCfg = Release|Any CPU
		{67F9D3A8-F71E-4428-913F-C37AE82CDB24}.AppStore|Mixed Platforms.Build.0 = Release|Any CPU
		{67F9D3A8-F71E-4428-913F-C37AE82CDB24}.AppStore|x86.ActiveCfg = Release|Any CPU
		{67F9D3A8-F71E-4428-913F-C37AE82CDB24}.Debug|Any CPU.ActiveCfg = Debug|Any CPU
		{67F9D3A8-F71E-4428-913F-C37AE82CDB24}.Debug|Any CPU.Build.0 = Debug|Any CPU
		{67F9D3A8-F71E-4428-913F-C37AE82CDB24}.Debug|ARM.ActiveCfg = Debug|Any CPU
		{67F9D3A8-F71E-4428-913F-C37AE82CDB24}.Debug|iPhone.ActiveCfg = Debug|Any CPU
		{67F9D3A8-F71E-4428-913F-C37AE82CDB24}.Debug|iPhoneSimulator.ActiveCfg = Debug|Any CPU
		{67F9D3A8-F71E-4428-913F-C37AE82CDB24}.Debug|Mixed Platforms.ActiveCfg = Debug|Any CPU
		{67F9D3A8-F71E-4428-913F-C37AE82CDB24}.Debug|Mixed Platforms.Build.0 = Debug|Any CPU
		{67F9D3A8-F71E-4428-913F-C37AE82CDB24}.Debug|x86.ActiveCfg = Debug|Any CPU
		{67F9D3A8-F71E-4428-913F-C37AE82CDB24}.Release|Any CPU.ActiveCfg = Release|Any CPU
		{67F9D3A8-F71E-4428-913F-C37AE82CDB24}.Release|Any CPU.Build.0 = Release|Any CPU
		{67F9D3A8-F71E-4428-913F-C37AE82CDB24}.Release|ARM.ActiveCfg = Release|Any CPU
		{67F9D3A8-F71E-4428-913F-C37AE82CDB24}.Release|iPhone.ActiveCfg = Release|Any CPU
		{67F9D3A8-F71E-4428-913F-C37AE82CDB24}.Release|iPhoneSimulator.ActiveCfg = Release|Any CPU
		{67F9D3A8-F71E-4428-913F-C37AE82CDB24}.Release|Mixed Platforms.ActiveCfg = Release|Any CPU
		{67F9D3A8-F71E-4428-913F-C37AE82CDB24}.Release|Mixed Platforms.Build.0 = Release|Any CPU
		{67F9D3A8-F71E-4428-913F-C37AE82CDB24}.Release|x86.ActiveCfg = Release|Any CPU
		{79EBB8F1-5D80-4EA1-9100-EBDC1EC51CB7}.Ad-Hoc|Any CPU.ActiveCfg = Release|Any CPU
		{79EBB8F1-5D80-4EA1-9100-EBDC1EC51CB7}.Ad-Hoc|Any CPU.Build.0 = Release|Any CPU
		{79EBB8F1-5D80-4EA1-9100-EBDC1EC51CB7}.Ad-Hoc|ARM.ActiveCfg = Release|Any CPU
		{79EBB8F1-5D80-4EA1-9100-EBDC1EC51CB7}.Ad-Hoc|iPhone.ActiveCfg = Release|Any CPU
		{79EBB8F1-5D80-4EA1-9100-EBDC1EC51CB7}.Ad-Hoc|iPhoneSimulator.ActiveCfg = Release|Any CPU
		{79EBB8F1-5D80-4EA1-9100-EBDC1EC51CB7}.Ad-Hoc|Mixed Platforms.ActiveCfg = Release|Any CPU
		{79EBB8F1-5D80-4EA1-9100-EBDC1EC51CB7}.Ad-Hoc|Mixed Platforms.Build.0 = Release|Any CPU
		{79EBB8F1-5D80-4EA1-9100-EBDC1EC51CB7}.Ad-Hoc|x86.ActiveCfg = Release|Any CPU
		{79EBB8F1-5D80-4EA1-9100-EBDC1EC51CB7}.AppStore|Any CPU.ActiveCfg = Release|Any CPU
		{79EBB8F1-5D80-4EA1-9100-EBDC1EC51CB7}.AppStore|Any CPU.Build.0 = Release|Any CPU
		{79EBB8F1-5D80-4EA1-9100-EBDC1EC51CB7}.AppStore|ARM.ActiveCfg = Release|Any CPU
		{79EBB8F1-5D80-4EA1-9100-EBDC1EC51CB7}.AppStore|iPhone.ActiveCfg = Release|Any CPU
		{79EBB8F1-5D80-4EA1-9100-EBDC1EC51CB7}.AppStore|iPhoneSimulator.ActiveCfg = Release|Any CPU
		{79EBB8F1-5D80-4EA1-9100-EBDC1EC51CB7}.AppStore|Mixed Platforms.ActiveCfg = Release|Any CPU
		{79EBB8F1-5D80-4EA1-9100-EBDC1EC51CB7}.AppStore|Mixed Platforms.Build.0 = Release|Any CPU
		{79EBB8F1-5D80-4EA1-9100-EBDC1EC51CB7}.AppStore|x86.ActiveCfg = Release|Any CPU
		{79EBB8F1-5D80-4EA1-9100-EBDC1EC51CB7}.Debug|Any CPU.ActiveCfg = Debug|Any CPU
		{79EBB8F1-5D80-4EA1-9100-EBDC1EC51CB7}.Debug|Any CPU.Build.0 = Debug|Any CPU
		{79EBB8F1-5D80-4EA1-9100-EBDC1EC51CB7}.Debug|ARM.ActiveCfg = Debug|Any CPU
		{79EBB8F1-5D80-4EA1-9100-EBDC1EC51CB7}.Debug|iPhone.ActiveCfg = Debug|Any CPU
		{79EBB8F1-5D80-4EA1-9100-EBDC1EC51CB7}.Debug|iPhoneSimulator.ActiveCfg = Debug|Any CPU
		{79EBB8F1-5D80-4EA1-9100-EBDC1EC51CB7}.Debug|Mixed Platforms.ActiveCfg = Debug|Any CPU
		{79EBB8F1-5D80-4EA1-9100-EBDC1EC51CB7}.Debug|Mixed Platforms.Build.0 = Debug|Any CPU
		{79EBB8F1-5D80-4EA1-9100-EBDC1EC51CB7}.Debug|x86.ActiveCfg = Debug|Any CPU
		{79EBB8F1-5D80-4EA1-9100-EBDC1EC51CB7}.Release|Any CPU.ActiveCfg = Release|Any CPU
		{79EBB8F1-5D80-4EA1-9100-EBDC1EC51CB7}.Release|Any CPU.Build.0 = Release|Any CPU
		{79EBB8F1-5D80-4EA1-9100-EBDC1EC51CB7}.Release|ARM.ActiveCfg = Release|Any CPU
		{79EBB8F1-5D80-4EA1-9100-EBDC1EC51CB7}.Release|iPhone.ActiveCfg = Release|Any CPU
		{79EBB8F1-5D80-4EA1-9100-EBDC1EC51CB7}.Release|iPhoneSimulator.ActiveCfg = Release|Any CPU
		{79EBB8F1-5D80-4EA1-9100-EBDC1EC51CB7}.Release|Mixed Platforms.ActiveCfg = Release|Any CPU
		{79EBB8F1-5D80-4EA1-9100-EBDC1EC51CB7}.Release|Mixed Platforms.Build.0 = Release|Any CPU
		{79EBB8F1-5D80-4EA1-9100-EBDC1EC51CB7}.Release|x86.ActiveCfg = Release|Any CPU
		{3ECF83D8-BB51-40CE-85C7-D87DF58B53F8}.Ad-Hoc|Any CPU.ActiveCfg = Release|Any CPU
		{3ECF83D8-BB51-40CE-85C7-D87DF58B53F8}.Ad-Hoc|Any CPU.Build.0 = Release|Any CPU
		{3ECF83D8-BB51-40CE-85C7-D87DF58B53F8}.Ad-Hoc|ARM.ActiveCfg = Release|Any CPU
		{3ECF83D8-BB51-40CE-85C7-D87DF58B53F8}.Ad-Hoc|iPhone.ActiveCfg = Release|Any CPU
		{3ECF83D8-BB51-40CE-85C7-D87DF58B53F8}.Ad-Hoc|iPhoneSimulator.ActiveCfg = Release|Any CPU
		{3ECF83D8-BB51-40CE-85C7-D87DF58B53F8}.Ad-Hoc|Mixed Platforms.ActiveCfg = Release|Any CPU
		{3ECF83D8-BB51-40CE-85C7-D87DF58B53F8}.Ad-Hoc|Mixed Platforms.Build.0 = Release|Any CPU
		{3ECF83D8-BB51-40CE-85C7-D87DF58B53F8}.Ad-Hoc|x86.ActiveCfg = Release|Any CPU
		{3ECF83D8-BB51-40CE-85C7-D87DF58B53F8}.AppStore|Any CPU.ActiveCfg = Release|Any CPU
		{3ECF83D8-BB51-40CE-85C7-D87DF58B53F8}.AppStore|Any CPU.Build.0 = Release|Any CPU
		{3ECF83D8-BB51-40CE-85C7-D87DF58B53F8}.AppStore|ARM.ActiveCfg = Release|Any CPU
		{3ECF83D8-BB51-40CE-85C7-D87DF58B53F8}.AppStore|iPhone.ActiveCfg = Release|Any CPU
		{3ECF83D8-BB51-40CE-85C7-D87DF58B53F8}.AppStore|iPhoneSimulator.ActiveCfg = Release|Any CPU
		{3ECF83D8-BB51-40CE-85C7-D87DF58B53F8}.AppStore|Mixed Platforms.ActiveCfg = Release|Any CPU
		{3ECF83D8-BB51-40CE-85C7-D87DF58B53F8}.AppStore|Mixed Platforms.Build.0 = Release|Any CPU
		{3ECF83D8-BB51-40CE-85C7-D87DF58B53F8}.AppStore|x86.ActiveCfg = Release|Any CPU
		{3ECF83D8-BB51-40CE-85C7-D87DF58B53F8}.Debug|Any CPU.ActiveCfg = Debug|Any CPU
		{3ECF83D8-BB51-40CE-85C7-D87DF58B53F8}.Debug|Any CPU.Build.0 = Debug|Any CPU
		{3ECF83D8-BB51-40CE-85C7-D87DF58B53F8}.Debug|ARM.ActiveCfg = Debug|Any CPU
		{3ECF83D8-BB51-40CE-85C7-D87DF58B53F8}.Debug|iPhone.ActiveCfg = Debug|Any CPU
		{3ECF83D8-BB51-40CE-85C7-D87DF58B53F8}.Debug|iPhoneSimulator.ActiveCfg = Debug|Any CPU
		{3ECF83D8-BB51-40CE-85C7-D87DF58B53F8}.Debug|Mixed Platforms.ActiveCfg = Debug|Any CPU
		{3ECF83D8-BB51-40CE-85C7-D87DF58B53F8}.Debug|Mixed Platforms.Build.0 = Debug|Any CPU
		{3ECF83D8-BB51-40CE-85C7-D87DF58B53F8}.Debug|x86.ActiveCfg = Debug|Any CPU
		{3ECF83D8-BB51-40CE-85C7-D87DF58B53F8}.Release|Any CPU.ActiveCfg = Release|Any CPU
		{3ECF83D8-BB51-40CE-85C7-D87DF58B53F8}.Release|Any CPU.Build.0 = Release|Any CPU
		{3ECF83D8-BB51-40CE-85C7-D87DF58B53F8}.Release|ARM.ActiveCfg = Release|Any CPU
		{3ECF83D8-BB51-40CE-85C7-D87DF58B53F8}.Release|iPhone.ActiveCfg = Release|Any CPU
		{3ECF83D8-BB51-40CE-85C7-D87DF58B53F8}.Release|iPhoneSimulator.ActiveCfg = Release|Any CPU
		{3ECF83D8-BB51-40CE-85C7-D87DF58B53F8}.Release|Mixed Platforms.ActiveCfg = Release|Any CPU
		{3ECF83D8-BB51-40CE-85C7-D87DF58B53F8}.Release|Mixed Platforms.Build.0 = Release|Any CPU
		{3ECF83D8-BB51-40CE-85C7-D87DF58B53F8}.Release|x86.ActiveCfg = Release|Any CPU
	EndGlobalSection
	GlobalSection(SolutionProperties) = preSolution
		HideSolutionNode = FALSE
	EndGlobalSection
	GlobalSection(NestedProjects) = preSolution
		{E6C50355-D01E-4CAA-884D-D7929861315C} = {32A15A92-9361-427A-8CD9-0A85A6098CE5}
		{67F9D3A8-F71E-4428-913F-C37AE82CDB24} = {32A15A92-9361-427A-8CD9-0A85A6098CE5}
		{79EBB8F1-5D80-4EA1-9100-EBDC1EC51CB7} = {32A15A92-9361-427A-8CD9-0A85A6098CE5}
	EndGlobalSection
EndGlobal
