
Microsoft Visual Studio Solution File, Format Version 12.00
# Visual Studio 2013
VisualStudioVersion = 12.0.31101.0
MinimumVisualStudioVersion = 10.0.40219.1
Project("{FAE04EC0-301F-11D3-BF4B-00C04F79EFBC}") = "Prism", "Prism\Prism.csproj", "{E6C50355-D01E-4CAA-884D-D7929861315C}"
EndProject
Project("{2150E333-8FDC-42A3-9474-1A3956D46DE8}") = "Wpf", "Wpf", "{6BED0A37-BE6B-42D2-AAF0-C612FF57D9EB}"
EndProject
Project("{2150E333-8FDC-42A3-9474-1A3956D46DE8}") = "Xamarin", "Xamarin", "{77BDC65B-6FFD-447F-82A5-BA026A7719AE}"
EndProject
Project("{FAE04EC0-301F-11D3-BF4B-00C04F79EFBC}") = "Prism.Wpf", "Wpf\Prism.Wpf\Prism.Wpf.csproj", "{5912FF03-C72B-4F56-BAA1-8642FDBFBC26}"
EndProject
Project("{FAE04EC0-301F-11D3-BF4B-00C04F79EFBC}") = "Prism.Mef.Wpf", "Wpf\Prism.Mef.Wpf\Prism.Mef.Wpf.csproj", "{3D6AEBE9-F824-4350-A007-EAC3CF030338}"
EndProject
Project("{FAE04EC0-301F-11D3-BF4B-00C04F79EFBC}") = "Prism.Unity.Wpf", "Wpf\Prism.Unity.Wpf\Prism.Unity.Wpf.csproj", "{C1CE34C7-6AC9-4D54-BAD0-8467E9F9F38D}"
EndProject
Project("{FAE04EC0-301F-11D3-BF4B-00C04F79EFBC}") = "Prism.Forms", "Xamarin\Prism.Forms\Prism.Forms.csproj", "{67F9D3A8-F71E-4428-913F-C37AE82CDB24}"
EndProject
Project("{FAE04EC0-301F-11D3-BF4B-00C04F79EFBC}") = "Prism.Unity.Forms", "Xamarin\Prism.Unity.Forms\Prism.Unity.Forms.csproj", "{79EBB8F1-5D80-4EA1-9100-EBDC1EC51CB7}"
EndProject
Project("{FAE04EC0-301F-11D3-BF4B-00C04F79EFBC}") = "Prism.Tests", "Prism.Tests\Prism.Tests.csproj", "{B6E74918-D92B-4690-BEC9-0BB199A6E933}"
EndProject
Project("{FAE04EC0-301F-11D3-BF4B-00C04F79EFBC}") = "Prism.Unity.Wpf.Tests", "Wpf\Prism.Unity.Wpf.Tests\Prism.Unity.Wpf.Tests.csproj", "{75511F4B-2602-4623-945C-AF8156B51F4E}"
EndProject
Project("{FAE04EC0-301F-11D3-BF4B-00C04F79EFBC}") = "Prism.Mef.Wpf.Tests.Support", "Wpf\Prism.Mef.Wpf.Tests.Support\Prism.Mef.Wpf.Tests.Support.csproj", "{F6443399-3E76-4B51-964A-95A166239D56}"
EndProject
Project("{FAE04EC0-301F-11D3-BF4B-00C04F79EFBC}") = "Prism.Mef.Wpf.Tests", "Wpf\Prism.Mef.Wpf.Tests\Prism.Mef.Wpf.Tests.csproj", "{B9BD4B23-8163-4EF3-955F-02B9578C45BA}"
EndProject
Project("{FAE04EC0-301F-11D3-BF4B-00C04F79EFBC}") = "Prism.Wpf.Tests", "Wpf\Prism.Wpf.Tests\Prism.Wpf.Tests.csproj", "{7DB8E74D-214F-4840-B294-58372D369958}"
EndProject
Project("{FAE04EC0-301F-11D3-BF4B-00C04F79EFBC}") = "Prism.Ninject.Wpf", "Wpf\Prism.Ninject.Wpf\Prism.Ninject.Wpf.csproj", "{A4E80E69-EED3-440A-A50C-F64BBFC0103C}"
EndProject
Project("{FAE04EC0-301F-11D3-BF4B-00C04F79EFBC}") = "Prism.IocContainer.Wpf.Tests.Support", "Wpf\Prism.IocContainer.Wpf.Tests.Support\Prism.IocContainer.Wpf.Tests.Support.csproj", "{FF6F1B2C-BECC-4477-B918-B75615BAA3A5}"
EndProject
Project("{2150E333-8FDC-42A3-9474-1A3956D46DE8}") = "Windows", "Windows", "{D3C342EC-E6FF-45EB-BBE9-169EB8CCA772}"
EndProject
Project("{2150E333-8FDC-42A3-9474-1A3956D46DE8}") = "WindowsPhone", "WindowsPhone", "{68872D05-970E-4C67-91F5-F8CFF699F110}"
EndProject
Project("{FAE04EC0-301F-11D3-BF4B-00C04F79EFBC}") = "Prism.Windows (81)", "Windows\Prism.Windows (81)\Prism.Windows (81).csproj", "{C4BD55D0-9512-44F8-84A6-DC244C7D4DED}"
EndProject
Project("{FAE04EC0-301F-11D3-BF4B-00C04F79EFBC}") = "Prism.WindowsPhone (81)", "WindowsPhone\Prism.WindowsPhone (81)\Prism.WindowsPhone (81).csproj", "{31BF0DAC-DAC0-4FC8-B557-B11A87E45E9D}"
EndProject
Project("{FAE04EC0-301F-11D3-BF4B-00C04F79EFBC}") = "Prism.WindowsPhone (SL80)", "WindowsPhone\Prism.WindowsPhone (SL80)\Prism.WindowsPhone (SL80).csproj", "{BF914832-56B0-4057-AE37-71204EFACA95}"
EndProject
Project("{FAE04EC0-301F-11D3-BF4B-00C04F79EFBC}") = "Prism.WindowsPhone (SL81)", "WindowsPhone\Prism.WindowsPhone (SL81)\Prism.WindowsPhone (SL81).csproj", "{BD627459-883A-4FB1-9CA2-D65876CE2E8E}"
EndProject
Project("{FAE04EC0-301F-11D3-BF4B-00C04F79EFBC}") = "Prism.Windows (81).Tests", "Windows\Prism.Windows (81).Tests\Prism.Windows (81).Tests.csproj", "{A1B3E8B8-65AE-4C59-97CE-08686EB7B8D4}"
EndProject
Project("{2150E333-8FDC-42A3-9474-1A3956D46DE8}") = "WindowsStore", "WindowsStore", "{866F6B9B-7415-44C6-A7A9-4EDD96E71BA0}"
EndProject
Project("{FAE04EC0-301F-11D3-BF4B-00C04F79EFBC}") = "Prism.WindowsStore (81)", "WindowsStore\Prism.WindowsStore (81)\Prism.WindowsStore (81).csproj", "{3E6538BA-AC58-4F64-9B1D-E3185570C1DC}"
EndProject
Project("{FAE04EC0-301F-11D3-BF4B-00C04F79EFBC}") = "Prism.WindowsStore (81).Tests", "Prism.WindowsStore (81).Tests\Prism.WindowsStore (81).Tests.csproj", "{49BB94E4-59E5-477B-9DFC-67EF3ED83895}"
EndProject
Global
	GlobalSection(SolutionConfigurationPlatforms) = preSolution
		Debug|Any CPU = Debug|Any CPU
		Debug|ARM = Debug|ARM
		Debug|x64 = Debug|x64
		Debug|x86 = Debug|x86
		Release|Any CPU = Release|Any CPU
		Release|ARM = Release|ARM
		Release|x64 = Release|x64
		Release|x86 = Release|x86
	EndGlobalSection
	GlobalSection(ProjectConfigurationPlatforms) = postSolution
		{E6C50355-D01E-4CAA-884D-D7929861315C}.Debug|Any CPU.ActiveCfg = Debug|Any CPU
		{E6C50355-D01E-4CAA-884D-D7929861315C}.Debug|Any CPU.Build.0 = Debug|Any CPU
		{E6C50355-D01E-4CAA-884D-D7929861315C}.Debug|ARM.ActiveCfg = Debug|Any CPU
		{E6C50355-D01E-4CAA-884D-D7929861315C}.Debug|x64.ActiveCfg = Debug|Any CPU
		{E6C50355-D01E-4CAA-884D-D7929861315C}.Debug|x86.ActiveCfg = Debug|Any CPU
		{E6C50355-D01E-4CAA-884D-D7929861315C}.Release|Any CPU.ActiveCfg = Release|Any CPU
		{E6C50355-D01E-4CAA-884D-D7929861315C}.Release|Any CPU.Build.0 = Release|Any CPU
		{E6C50355-D01E-4CAA-884D-D7929861315C}.Release|ARM.ActiveCfg = Release|Any CPU
		{E6C50355-D01E-4CAA-884D-D7929861315C}.Release|x64.ActiveCfg = Release|Any CPU
		{E6C50355-D01E-4CAA-884D-D7929861315C}.Release|x86.ActiveCfg = Release|Any CPU
		{5912FF03-C72B-4F56-BAA1-8642FDBFBC26}.Debug|Any CPU.ActiveCfg = Debug|Any CPU
		{5912FF03-C72B-4F56-BAA1-8642FDBFBC26}.Debug|Any CPU.Build.0 = Debug|Any CPU
		{5912FF03-C72B-4F56-BAA1-8642FDBFBC26}.Debug|ARM.ActiveCfg = Debug|Any CPU
		{5912FF03-C72B-4F56-BAA1-8642FDBFBC26}.Debug|x64.ActiveCfg = Debug|Any CPU
		{5912FF03-C72B-4F56-BAA1-8642FDBFBC26}.Debug|x86.ActiveCfg = Debug|Any CPU
		{5912FF03-C72B-4F56-BAA1-8642FDBFBC26}.Release|Any CPU.ActiveCfg = Release|Any CPU
		{5912FF03-C72B-4F56-BAA1-8642FDBFBC26}.Release|Any CPU.Build.0 = Release|Any CPU
		{5912FF03-C72B-4F56-BAA1-8642FDBFBC26}.Release|ARM.ActiveCfg = Release|Any CPU
		{5912FF03-C72B-4F56-BAA1-8642FDBFBC26}.Release|x64.ActiveCfg = Release|Any CPU
		{5912FF03-C72B-4F56-BAA1-8642FDBFBC26}.Release|x86.ActiveCfg = Release|Any CPU
		{3D6AEBE9-F824-4350-A007-EAC3CF030338}.Debug|Any CPU.ActiveCfg = Debug|Any CPU
		{3D6AEBE9-F824-4350-A007-EAC3CF030338}.Debug|Any CPU.Build.0 = Debug|Any CPU
		{3D6AEBE9-F824-4350-A007-EAC3CF030338}.Debug|ARM.ActiveCfg = Debug|Any CPU
		{3D6AEBE9-F824-4350-A007-EAC3CF030338}.Debug|x64.ActiveCfg = Debug|Any CPU
		{3D6AEBE9-F824-4350-A007-EAC3CF030338}.Debug|x86.ActiveCfg = Debug|Any CPU
		{3D6AEBE9-F824-4350-A007-EAC3CF030338}.Release|Any CPU.ActiveCfg = Release|Any CPU
		{3D6AEBE9-F824-4350-A007-EAC3CF030338}.Release|Any CPU.Build.0 = Release|Any CPU
		{3D6AEBE9-F824-4350-A007-EAC3CF030338}.Release|ARM.ActiveCfg = Release|Any CPU
		{3D6AEBE9-F824-4350-A007-EAC3CF030338}.Release|x64.ActiveCfg = Release|Any CPU
		{3D6AEBE9-F824-4350-A007-EAC3CF030338}.Release|x86.ActiveCfg = Release|Any CPU
		{C1CE34C7-6AC9-4D54-BAD0-8467E9F9F38D}.Debug|Any CPU.ActiveCfg = Debug|Any CPU
		{C1CE34C7-6AC9-4D54-BAD0-8467E9F9F38D}.Debug|Any CPU.Build.0 = Debug|Any CPU
		{C1CE34C7-6AC9-4D54-BAD0-8467E9F9F38D}.Debug|ARM.ActiveCfg = Debug|Any CPU
		{C1CE34C7-6AC9-4D54-BAD0-8467E9F9F38D}.Debug|x64.ActiveCfg = Debug|Any CPU
		{C1CE34C7-6AC9-4D54-BAD0-8467E9F9F38D}.Debug|x86.ActiveCfg = Debug|Any CPU
		{C1CE34C7-6AC9-4D54-BAD0-8467E9F9F38D}.Release|Any CPU.ActiveCfg = Release|Any CPU
		{C1CE34C7-6AC9-4D54-BAD0-8467E9F9F38D}.Release|Any CPU.Build.0 = Release|Any CPU
		{C1CE34C7-6AC9-4D54-BAD0-8467E9F9F38D}.Release|ARM.ActiveCfg = Release|Any CPU
		{C1CE34C7-6AC9-4D54-BAD0-8467E9F9F38D}.Release|x64.ActiveCfg = Release|Any CPU
		{C1CE34C7-6AC9-4D54-BAD0-8467E9F9F38D}.Release|x86.ActiveCfg = Release|Any CPU
		{67F9D3A8-F71E-4428-913F-C37AE82CDB24}.Debug|Any CPU.ActiveCfg = Debug|Any CPU
		{67F9D3A8-F71E-4428-913F-C37AE82CDB24}.Debug|Any CPU.Build.0 = Debug|Any CPU
		{67F9D3A8-F71E-4428-913F-C37AE82CDB24}.Debug|ARM.ActiveCfg = Debug|Any CPU
		{67F9D3A8-F71E-4428-913F-C37AE82CDB24}.Debug|x64.ActiveCfg = Debug|Any CPU
		{67F9D3A8-F71E-4428-913F-C37AE82CDB24}.Debug|x86.ActiveCfg = Debug|Any CPU
		{67F9D3A8-F71E-4428-913F-C37AE82CDB24}.Release|Any CPU.ActiveCfg = Release|Any CPU
		{67F9D3A8-F71E-4428-913F-C37AE82CDB24}.Release|Any CPU.Build.0 = Release|Any CPU
		{67F9D3A8-F71E-4428-913F-C37AE82CDB24}.Release|ARM.ActiveCfg = Release|Any CPU
		{67F9D3A8-F71E-4428-913F-C37AE82CDB24}.Release|x64.ActiveCfg = Release|Any CPU
		{67F9D3A8-F71E-4428-913F-C37AE82CDB24}.Release|x86.ActiveCfg = Release|Any CPU
		{79EBB8F1-5D80-4EA1-9100-EBDC1EC51CB7}.Debug|Any CPU.ActiveCfg = Debug|Any CPU
		{79EBB8F1-5D80-4EA1-9100-EBDC1EC51CB7}.Debug|Any CPU.Build.0 = Debug|Any CPU
		{79EBB8F1-5D80-4EA1-9100-EBDC1EC51CB7}.Debug|ARM.ActiveCfg = Debug|Any CPU
		{79EBB8F1-5D80-4EA1-9100-EBDC1EC51CB7}.Debug|x64.ActiveCfg = Debug|Any CPU
		{79EBB8F1-5D80-4EA1-9100-EBDC1EC51CB7}.Debug|x86.ActiveCfg = Debug|Any CPU
		{79EBB8F1-5D80-4EA1-9100-EBDC1EC51CB7}.Release|Any CPU.ActiveCfg = Release|Any CPU
		{79EBB8F1-5D80-4EA1-9100-EBDC1EC51CB7}.Release|Any CPU.Build.0 = Release|Any CPU
		{79EBB8F1-5D80-4EA1-9100-EBDC1EC51CB7}.Release|ARM.ActiveCfg = Release|Any CPU
		{79EBB8F1-5D80-4EA1-9100-EBDC1EC51CB7}.Release|x64.ActiveCfg = Release|Any CPU
		{79EBB8F1-5D80-4EA1-9100-EBDC1EC51CB7}.Release|x86.ActiveCfg = Release|Any CPU
		{B6E74918-D92B-4690-BEC9-0BB199A6E933}.Debug|Any CPU.ActiveCfg = Debug|Any CPU
		{B6E74918-D92B-4690-BEC9-0BB199A6E933}.Debug|Any CPU.Build.0 = Debug|Any CPU
		{B6E74918-D92B-4690-BEC9-0BB199A6E933}.Debug|ARM.ActiveCfg = Debug|Any CPU
		{B6E74918-D92B-4690-BEC9-0BB199A6E933}.Debug|x64.ActiveCfg = Debug|Any CPU
		{B6E74918-D92B-4690-BEC9-0BB199A6E933}.Debug|x86.ActiveCfg = Debug|Any CPU
		{B6E74918-D92B-4690-BEC9-0BB199A6E933}.Release|Any CPU.ActiveCfg = Release|Any CPU
		{B6E74918-D92B-4690-BEC9-0BB199A6E933}.Release|Any CPU.Build.0 = Release|Any CPU
		{B6E74918-D92B-4690-BEC9-0BB199A6E933}.Release|ARM.ActiveCfg = Release|Any CPU
		{B6E74918-D92B-4690-BEC9-0BB199A6E933}.Release|x64.ActiveCfg = Release|Any CPU
		{B6E74918-D92B-4690-BEC9-0BB199A6E933}.Release|x86.ActiveCfg = Release|Any CPU
		{75511F4B-2602-4623-945C-AF8156B51F4E}.Debug|Any CPU.ActiveCfg = Debug|Any CPU
		{75511F4B-2602-4623-945C-AF8156B51F4E}.Debug|Any CPU.Build.0 = Debug|Any CPU
		{75511F4B-2602-4623-945C-AF8156B51F4E}.Debug|ARM.ActiveCfg = Debug|Any CPU
		{75511F4B-2602-4623-945C-AF8156B51F4E}.Debug|x64.ActiveCfg = Debug|Any CPU
		{75511F4B-2602-4623-945C-AF8156B51F4E}.Debug|x86.ActiveCfg = Debug|Any CPU
		{75511F4B-2602-4623-945C-AF8156B51F4E}.Release|Any CPU.ActiveCfg = Release|Any CPU
		{75511F4B-2602-4623-945C-AF8156B51F4E}.Release|Any CPU.Build.0 = Release|Any CPU
		{75511F4B-2602-4623-945C-AF8156B51F4E}.Release|ARM.ActiveCfg = Release|Any CPU
		{75511F4B-2602-4623-945C-AF8156B51F4E}.Release|x64.ActiveCfg = Release|Any CPU
		{75511F4B-2602-4623-945C-AF8156B51F4E}.Release|x86.ActiveCfg = Release|Any CPU
		{F6443399-3E76-4B51-964A-95A166239D56}.Debug|Any CPU.ActiveCfg = Debug|Any CPU
		{F6443399-3E76-4B51-964A-95A166239D56}.Debug|Any CPU.Build.0 = Debug|Any CPU
		{F6443399-3E76-4B51-964A-95A166239D56}.Debug|ARM.ActiveCfg = Debug|Any CPU
		{F6443399-3E76-4B51-964A-95A166239D56}.Debug|x64.ActiveCfg = Debug|Any CPU
		{F6443399-3E76-4B51-964A-95A166239D56}.Debug|x86.ActiveCfg = Debug|Any CPU
		{F6443399-3E76-4B51-964A-95A166239D56}.Release|Any CPU.ActiveCfg = Release|Any CPU
		{F6443399-3E76-4B51-964A-95A166239D56}.Release|Any CPU.Build.0 = Release|Any CPU
		{F6443399-3E76-4B51-964A-95A166239D56}.Release|ARM.ActiveCfg = Release|Any CPU
		{F6443399-3E76-4B51-964A-95A166239D56}.Release|x64.ActiveCfg = Release|Any CPU
		{F6443399-3E76-4B51-964A-95A166239D56}.Release|x86.ActiveCfg = Release|Any CPU
		{B9BD4B23-8163-4EF3-955F-02B9578C45BA}.Debug|Any CPU.ActiveCfg = Debug|Any CPU
		{B9BD4B23-8163-4EF3-955F-02B9578C45BA}.Debug|Any CPU.Build.0 = Debug|Any CPU
		{B9BD4B23-8163-4EF3-955F-02B9578C45BA}.Debug|ARM.ActiveCfg = Debug|Any CPU
		{B9BD4B23-8163-4EF3-955F-02B9578C45BA}.Debug|x64.ActiveCfg = Debug|Any CPU
		{B9BD4B23-8163-4EF3-955F-02B9578C45BA}.Debug|x86.ActiveCfg = Debug|Any CPU
		{B9BD4B23-8163-4EF3-955F-02B9578C45BA}.Release|Any CPU.ActiveCfg = Release|Any CPU
		{B9BD4B23-8163-4EF3-955F-02B9578C45BA}.Release|Any CPU.Build.0 = Release|Any CPU
		{B9BD4B23-8163-4EF3-955F-02B9578C45BA}.Release|ARM.ActiveCfg = Release|Any CPU
		{B9BD4B23-8163-4EF3-955F-02B9578C45BA}.Release|x64.ActiveCfg = Release|Any CPU
		{B9BD4B23-8163-4EF3-955F-02B9578C45BA}.Release|x86.ActiveCfg = Release|Any CPU
		{7DB8E74D-214F-4840-B294-58372D369958}.Debug|Any CPU.ActiveCfg = Debug|Any CPU
		{7DB8E74D-214F-4840-B294-58372D369958}.Debug|Any CPU.Build.0 = Debug|Any CPU
		{7DB8E74D-214F-4840-B294-58372D369958}.Debug|ARM.ActiveCfg = Debug|Any CPU
		{7DB8E74D-214F-4840-B294-58372D369958}.Debug|x64.ActiveCfg = Debug|Any CPU
		{7DB8E74D-214F-4840-B294-58372D369958}.Debug|x86.ActiveCfg = Debug|Any CPU
		{7DB8E74D-214F-4840-B294-58372D369958}.Release|Any CPU.ActiveCfg = Release|Any CPU
		{7DB8E74D-214F-4840-B294-58372D369958}.Release|Any CPU.Build.0 = Release|Any CPU
		{7DB8E74D-214F-4840-B294-58372D369958}.Release|ARM.ActiveCfg = Release|Any CPU
		{7DB8E74D-214F-4840-B294-58372D369958}.Release|x64.ActiveCfg = Release|Any CPU
		{7DB8E74D-214F-4840-B294-58372D369958}.Release|x86.ActiveCfg = Release|Any CPU
		{A4E80E69-EED3-440A-A50C-F64BBFC0103C}.Debug|Any CPU.ActiveCfg = Debug|Any CPU
		{A4E80E69-EED3-440A-A50C-F64BBFC0103C}.Debug|Any CPU.Build.0 = Debug|Any CPU
		{A4E80E69-EED3-440A-A50C-F64BBFC0103C}.Debug|ARM.ActiveCfg = Debug|Any CPU
		{A4E80E69-EED3-440A-A50C-F64BBFC0103C}.Debug|x64.ActiveCfg = Debug|Any CPU
		{A4E80E69-EED3-440A-A50C-F64BBFC0103C}.Debug|x86.ActiveCfg = Debug|Any CPU
		{A4E80E69-EED3-440A-A50C-F64BBFC0103C}.Release|Any CPU.ActiveCfg = Release|Any CPU
		{A4E80E69-EED3-440A-A50C-F64BBFC0103C}.Release|Any CPU.Build.0 = Release|Any CPU
		{A4E80E69-EED3-440A-A50C-F64BBFC0103C}.Release|ARM.ActiveCfg = Release|Any CPU
		{A4E80E69-EED3-440A-A50C-F64BBFC0103C}.Release|x64.ActiveCfg = Release|Any CPU
		{A4E80E69-EED3-440A-A50C-F64BBFC0103C}.Release|x86.ActiveCfg = Release|Any CPU
		{FF6F1B2C-BECC-4477-B918-B75615BAA3A5}.Debug|Any CPU.ActiveCfg = Debug|Any CPU
		{FF6F1B2C-BECC-4477-B918-B75615BAA3A5}.Debug|Any CPU.Build.0 = Debug|Any CPU
		{FF6F1B2C-BECC-4477-B918-B75615BAA3A5}.Debug|ARM.ActiveCfg = Debug|Any CPU
		{FF6F1B2C-BECC-4477-B918-B75615BAA3A5}.Debug|x64.ActiveCfg = Debug|Any CPU
		{FF6F1B2C-BECC-4477-B918-B75615BAA3A5}.Debug|x86.ActiveCfg = Debug|Any CPU
		{FF6F1B2C-BECC-4477-B918-B75615BAA3A5}.Release|Any CPU.ActiveCfg = Release|Any CPU
		{FF6F1B2C-BECC-4477-B918-B75615BAA3A5}.Release|Any CPU.Build.0 = Release|Any CPU
		{FF6F1B2C-BECC-4477-B918-B75615BAA3A5}.Release|ARM.ActiveCfg = Release|Any CPU
		{FF6F1B2C-BECC-4477-B918-B75615BAA3A5}.Release|x64.ActiveCfg = Release|Any CPU
		{FF6F1B2C-BECC-4477-B918-B75615BAA3A5}.Release|x86.ActiveCfg = Release|Any CPU
		{C4BD55D0-9512-44F8-84A6-DC244C7D4DED}.Debug|Any CPU.ActiveCfg = Debug|Any CPU
		{C4BD55D0-9512-44F8-84A6-DC244C7D4DED}.Debug|Any CPU.Build.0 = Debug|Any CPU
		{C4BD55D0-9512-44F8-84A6-DC244C7D4DED}.Debug|ARM.ActiveCfg = Debug|ARM
		{C4BD55D0-9512-44F8-84A6-DC244C7D4DED}.Debug|ARM.Build.0 = Debug|ARM
		{C4BD55D0-9512-44F8-84A6-DC244C7D4DED}.Debug|x64.ActiveCfg = Debug|x64
		{C4BD55D0-9512-44F8-84A6-DC244C7D4DED}.Debug|x64.Build.0 = Debug|x64
		{C4BD55D0-9512-44F8-84A6-DC244C7D4DED}.Debug|x86.ActiveCfg = Debug|x86
		{C4BD55D0-9512-44F8-84A6-DC244C7D4DED}.Debug|x86.Build.0 = Debug|x86
		{C4BD55D0-9512-44F8-84A6-DC244C7D4DED}.Release|Any CPU.ActiveCfg = Release|Any CPU
		{C4BD55D0-9512-44F8-84A6-DC244C7D4DED}.Release|Any CPU.Build.0 = Release|Any CPU
		{C4BD55D0-9512-44F8-84A6-DC244C7D4DED}.Release|ARM.ActiveCfg = Release|ARM
		{C4BD55D0-9512-44F8-84A6-DC244C7D4DED}.Release|ARM.Build.0 = Release|ARM
		{C4BD55D0-9512-44F8-84A6-DC244C7D4DED}.Release|x64.ActiveCfg = Release|x64
		{C4BD55D0-9512-44F8-84A6-DC244C7D4DED}.Release|x64.Build.0 = Release|x64
		{C4BD55D0-9512-44F8-84A6-DC244C7D4DED}.Release|x86.ActiveCfg = Release|x86
		{C4BD55D0-9512-44F8-84A6-DC244C7D4DED}.Release|x86.Build.0 = Release|x86
		{31BF0DAC-DAC0-4FC8-B557-B11A87E45E9D}.Debug|Any CPU.ActiveCfg = Debug|Any CPU
		{31BF0DAC-DAC0-4FC8-B557-B11A87E45E9D}.Debug|Any CPU.Build.0 = Debug|Any CPU
		{31BF0DAC-DAC0-4FC8-B557-B11A87E45E9D}.Debug|ARM.ActiveCfg = Debug|ARM
		{31BF0DAC-DAC0-4FC8-B557-B11A87E45E9D}.Debug|ARM.Build.0 = Debug|ARM
		{31BF0DAC-DAC0-4FC8-B557-B11A87E45E9D}.Debug|x64.ActiveCfg = Debug|Any CPU
		{31BF0DAC-DAC0-4FC8-B557-B11A87E45E9D}.Debug|x86.ActiveCfg = Debug|x86
		{31BF0DAC-DAC0-4FC8-B557-B11A87E45E9D}.Debug|x86.Build.0 = Debug|x86
		{31BF0DAC-DAC0-4FC8-B557-B11A87E45E9D}.Release|Any CPU.ActiveCfg = Release|Any CPU
		{31BF0DAC-DAC0-4FC8-B557-B11A87E45E9D}.Release|Any CPU.Build.0 = Release|Any CPU
		{31BF0DAC-DAC0-4FC8-B557-B11A87E45E9D}.Release|ARM.ActiveCfg = Release|ARM
		{31BF0DAC-DAC0-4FC8-B557-B11A87E45E9D}.Release|ARM.Build.0 = Release|ARM
		{31BF0DAC-DAC0-4FC8-B557-B11A87E45E9D}.Release|x64.ActiveCfg = Release|Any CPU
		{31BF0DAC-DAC0-4FC8-B557-B11A87E45E9D}.Release|x86.ActiveCfg = Release|x86
		{31BF0DAC-DAC0-4FC8-B557-B11A87E45E9D}.Release|x86.Build.0 = Release|x86
		{BF914832-56B0-4057-AE37-71204EFACA95}.Debug|Any CPU.ActiveCfg = Debug|Any CPU
		{BF914832-56B0-4057-AE37-71204EFACA95}.Debug|Any CPU.Build.0 = Debug|Any CPU
		{BF914832-56B0-4057-AE37-71204EFACA95}.Debug|ARM.ActiveCfg = Debug|ARM
		{BF914832-56B0-4057-AE37-71204EFACA95}.Debug|ARM.Build.0 = Debug|ARM
		{BF914832-56B0-4057-AE37-71204EFACA95}.Debug|x64.ActiveCfg = Debug|Any CPU
		{BF914832-56B0-4057-AE37-71204EFACA95}.Debug|x86.ActiveCfg = Debug|x86
		{BF914832-56B0-4057-AE37-71204EFACA95}.Debug|x86.Build.0 = Debug|x86
		{BF914832-56B0-4057-AE37-71204EFACA95}.Release|Any CPU.ActiveCfg = Release|Any CPU
		{BF914832-56B0-4057-AE37-71204EFACA95}.Release|Any CPU.Build.0 = Release|Any CPU
		{BF914832-56B0-4057-AE37-71204EFACA95}.Release|ARM.ActiveCfg = Release|ARM
		{BF914832-56B0-4057-AE37-71204EFACA95}.Release|ARM.Build.0 = Release|ARM
		{BF914832-56B0-4057-AE37-71204EFACA95}.Release|x64.ActiveCfg = Release|Any CPU
		{BF914832-56B0-4057-AE37-71204EFACA95}.Release|x86.ActiveCfg = Release|x86
		{BF914832-56B0-4057-AE37-71204EFACA95}.Release|x86.Build.0 = Release|x86
		{BD627459-883A-4FB1-9CA2-D65876CE2E8E}.Debug|Any CPU.ActiveCfg = Debug|Any CPU
		{BD627459-883A-4FB1-9CA2-D65876CE2E8E}.Debug|Any CPU.Build.0 = Debug|Any CPU
		{BD627459-883A-4FB1-9CA2-D65876CE2E8E}.Debug|ARM.ActiveCfg = Debug|ARM
		{BD627459-883A-4FB1-9CA2-D65876CE2E8E}.Debug|ARM.Build.0 = Debug|ARM
		{BD627459-883A-4FB1-9CA2-D65876CE2E8E}.Debug|x64.ActiveCfg = Debug|Any CPU
		{BD627459-883A-4FB1-9CA2-D65876CE2E8E}.Debug|x86.ActiveCfg = Debug|x86
		{BD627459-883A-4FB1-9CA2-D65876CE2E8E}.Debug|x86.Build.0 = Debug|x86
		{BD627459-883A-4FB1-9CA2-D65876CE2E8E}.Release|Any CPU.ActiveCfg = Release|Any CPU
		{BD627459-883A-4FB1-9CA2-D65876CE2E8E}.Release|Any CPU.Build.0 = Release|Any CPU
		{BD627459-883A-4FB1-9CA2-D65876CE2E8E}.Release|ARM.ActiveCfg = Release|ARM
		{BD627459-883A-4FB1-9CA2-D65876CE2E8E}.Release|ARM.Build.0 = Release|ARM
		{BD627459-883A-4FB1-9CA2-D65876CE2E8E}.Release|x64.ActiveCfg = Release|Any CPU
		{BD627459-883A-4FB1-9CA2-D65876CE2E8E}.Release|x86.ActiveCfg = Release|x86
		{BD627459-883A-4FB1-9CA2-D65876CE2E8E}.Release|x86.Build.0 = Release|x86
		{A1B3E8B8-65AE-4C59-97CE-08686EB7B8D4}.Debug|Any CPU.ActiveCfg = Debug|Any CPU
		{A1B3E8B8-65AE-4C59-97CE-08686EB7B8D4}.Debug|Any CPU.Build.0 = Debug|Any CPU
		{A1B3E8B8-65AE-4C59-97CE-08686EB7B8D4}.Debug|Any CPU.Deploy.0 = Debug|Any CPU
		{A1B3E8B8-65AE-4C59-97CE-08686EB7B8D4}.Debug|ARM.ActiveCfg = Debug|ARM
		{A1B3E8B8-65AE-4C59-97CE-08686EB7B8D4}.Debug|ARM.Build.0 = Debug|ARM
		{A1B3E8B8-65AE-4C59-97CE-08686EB7B8D4}.Debug|ARM.Deploy.0 = Debug|ARM
		{A1B3E8B8-65AE-4C59-97CE-08686EB7B8D4}.Debug|x64.ActiveCfg = Debug|x64
		{A1B3E8B8-65AE-4C59-97CE-08686EB7B8D4}.Debug|x64.Build.0 = Debug|x64
		{A1B3E8B8-65AE-4C59-97CE-08686EB7B8D4}.Debug|x64.Deploy.0 = Debug|x64
		{A1B3E8B8-65AE-4C59-97CE-08686EB7B8D4}.Debug|x86.ActiveCfg = Debug|x86
		{A1B3E8B8-65AE-4C59-97CE-08686EB7B8D4}.Debug|x86.Build.0 = Debug|x86
		{A1B3E8B8-65AE-4C59-97CE-08686EB7B8D4}.Debug|x86.Deploy.0 = Debug|x86
		{A1B3E8B8-65AE-4C59-97CE-08686EB7B8D4}.Release|Any CPU.ActiveCfg = Release|Any CPU
		{A1B3E8B8-65AE-4C59-97CE-08686EB7B8D4}.Release|Any CPU.Build.0 = Release|Any CPU
		{A1B3E8B8-65AE-4C59-97CE-08686EB7B8D4}.Release|Any CPU.Deploy.0 = Release|Any CPU
		{A1B3E8B8-65AE-4C59-97CE-08686EB7B8D4}.Release|ARM.ActiveCfg = Release|ARM
		{A1B3E8B8-65AE-4C59-97CE-08686EB7B8D4}.Release|ARM.Build.0 = Release|ARM
		{A1B3E8B8-65AE-4C59-97CE-08686EB7B8D4}.Release|ARM.Deploy.0 = Release|ARM
		{A1B3E8B8-65AE-4C59-97CE-08686EB7B8D4}.Release|x64.ActiveCfg = Release|x64
		{A1B3E8B8-65AE-4C59-97CE-08686EB7B8D4}.Release|x64.Build.0 = Release|x64
		{A1B3E8B8-65AE-4C59-97CE-08686EB7B8D4}.Release|x64.Deploy.0 = Release|x64
		{A1B3E8B8-65AE-4C59-97CE-08686EB7B8D4}.Release|x86.ActiveCfg = Release|x86
		{A1B3E8B8-65AE-4C59-97CE-08686EB7B8D4}.Release|x86.Build.0 = Release|x86
		{A1B3E8B8-65AE-4C59-97CE-08686EB7B8D4}.Release|x86.Deploy.0 = Release|x86
		{3E6538BA-AC58-4F64-9B1D-E3185570C1DC}.Debug|Any CPU.ActiveCfg = Debug|Any CPU
		{3E6538BA-AC58-4F64-9B1D-E3185570C1DC}.Debug|Any CPU.Build.0 = Debug|Any CPU
		{3E6538BA-AC58-4F64-9B1D-E3185570C1DC}.Debug|ARM.ActiveCfg = Debug|ARM
		{3E6538BA-AC58-4F64-9B1D-E3185570C1DC}.Debug|ARM.Build.0 = Debug|ARM
		{3E6538BA-AC58-4F64-9B1D-E3185570C1DC}.Debug|x64.ActiveCfg = Debug|x64
		{3E6538BA-AC58-4F64-9B1D-E3185570C1DC}.Debug|x64.Build.0 = Debug|x64
		{3E6538BA-AC58-4F64-9B1D-E3185570C1DC}.Debug|x86.ActiveCfg = Debug|x86
		{3E6538BA-AC58-4F64-9B1D-E3185570C1DC}.Debug|x86.Build.0 = Debug|x86
		{3E6538BA-AC58-4F64-9B1D-E3185570C1DC}.Release|Any CPU.ActiveCfg = Release|Any CPU
		{3E6538BA-AC58-4F64-9B1D-E3185570C1DC}.Release|Any CPU.Build.0 = Release|Any CPU
		{3E6538BA-AC58-4F64-9B1D-E3185570C1DC}.Release|ARM.ActiveCfg = Release|ARM
		{3E6538BA-AC58-4F64-9B1D-E3185570C1DC}.Release|ARM.Build.0 = Release|ARM
		{3E6538BA-AC58-4F64-9B1D-E3185570C1DC}.Release|x64.ActiveCfg = Release|x64
		{3E6538BA-AC58-4F64-9B1D-E3185570C1DC}.Release|x64.Build.0 = Release|x64
		{3E6538BA-AC58-4F64-9B1D-E3185570C1DC}.Release|x86.ActiveCfg = Release|x86
		{3E6538BA-AC58-4F64-9B1D-E3185570C1DC}.Release|x86.Build.0 = Release|x86
		{49BB94E4-59E5-477B-9DFC-67EF3ED83895}.Debug|Any CPU.ActiveCfg = Debug|Any CPU
		{49BB94E4-59E5-477B-9DFC-67EF3ED83895}.Debug|Any CPU.Build.0 = Debug|Any CPU
		{49BB94E4-59E5-477B-9DFC-67EF3ED83895}.Debug|Any CPU.Deploy.0 = Debug|Any CPU
		{49BB94E4-59E5-477B-9DFC-67EF3ED83895}.Debug|ARM.ActiveCfg = Debug|ARM
		{49BB94E4-59E5-477B-9DFC-67EF3ED83895}.Debug|ARM.Build.0 = Debug|ARM
		{49BB94E4-59E5-477B-9DFC-67EF3ED83895}.Debug|ARM.Deploy.0 = Debug|ARM
		{49BB94E4-59E5-477B-9DFC-67EF3ED83895}.Debug|x64.ActiveCfg = Debug|x64
		{49BB94E4-59E5-477B-9DFC-67EF3ED83895}.Debug|x64.Build.0 = Debug|x64
		{49BB94E4-59E5-477B-9DFC-67EF3ED83895}.Debug|x64.Deploy.0 = Debug|x64
		{49BB94E4-59E5-477B-9DFC-67EF3ED83895}.Debug|x86.ActiveCfg = Debug|x86
		{49BB94E4-59E5-477B-9DFC-67EF3ED83895}.Debug|x86.Build.0 = Debug|x86
		{49BB94E4-59E5-477B-9DFC-67EF3ED83895}.Debug|x86.Deploy.0 = Debug|x86
		{49BB94E4-59E5-477B-9DFC-67EF3ED83895}.Release|Any CPU.ActiveCfg = Release|Any CPU
		{49BB94E4-59E5-477B-9DFC-67EF3ED83895}.Release|Any CPU.Build.0 = Release|Any CPU
		{49BB94E4-59E5-477B-9DFC-67EF3ED83895}.Release|Any CPU.Deploy.0 = Release|Any CPU
		{49BB94E4-59E5-477B-9DFC-67EF3ED83895}.Release|ARM.ActiveCfg = Release|ARM
		{49BB94E4-59E5-477B-9DFC-67EF3ED83895}.Release|ARM.Build.0 = Release|ARM
		{49BB94E4-59E5-477B-9DFC-67EF3ED83895}.Release|ARM.Deploy.0 = Release|ARM
		{49BB94E4-59E5-477B-9DFC-67EF3ED83895}.Release|x64.ActiveCfg = Release|x64
		{49BB94E4-59E5-477B-9DFC-67EF3ED83895}.Release|x64.Build.0 = Release|x64
		{49BB94E4-59E5-477B-9DFC-67EF3ED83895}.Release|x64.Deploy.0 = Release|x64
		{49BB94E4-59E5-477B-9DFC-67EF3ED83895}.Release|x86.ActiveCfg = Release|x86
		{49BB94E4-59E5-477B-9DFC-67EF3ED83895}.Release|x86.Build.0 = Release|x86
		{49BB94E4-59E5-477B-9DFC-67EF3ED83895}.Release|x86.Deploy.0 = Release|x86
	EndGlobalSection
	GlobalSection(SolutionProperties) = preSolution
		HideSolutionNode = FALSE
	EndGlobalSection
	GlobalSection(NestedProjects) = preSolution
		{5912FF03-C72B-4F56-BAA1-8642FDBFBC26} = {6BED0A37-BE6B-42D2-AAF0-C612FF57D9EB}
		{3D6AEBE9-F824-4350-A007-EAC3CF030338} = {6BED0A37-BE6B-42D2-AAF0-C612FF57D9EB}
		{C1CE34C7-6AC9-4D54-BAD0-8467E9F9F38D} = {6BED0A37-BE6B-42D2-AAF0-C612FF57D9EB}
		{67F9D3A8-F71E-4428-913F-C37AE82CDB24} = {77BDC65B-6FFD-447F-82A5-BA026A7719AE}
		{79EBB8F1-5D80-4EA1-9100-EBDC1EC51CB7} = {77BDC65B-6FFD-447F-82A5-BA026A7719AE}
		{75511F4B-2602-4623-945C-AF8156B51F4E} = {6BED0A37-BE6B-42D2-AAF0-C612FF57D9EB}
		{F6443399-3E76-4B51-964A-95A166239D56} = {6BED0A37-BE6B-42D2-AAF0-C612FF57D9EB}
		{B9BD4B23-8163-4EF3-955F-02B9578C45BA} = {6BED0A37-BE6B-42D2-AAF0-C612FF57D9EB}
		{7DB8E74D-214F-4840-B294-58372D369958} = {6BED0A37-BE6B-42D2-AAF0-C612FF57D9EB}
		{A4E80E69-EED3-440A-A50C-F64BBFC0103C} = {6BED0A37-BE6B-42D2-AAF0-C612FF57D9EB}
		{FF6F1B2C-BECC-4477-B918-B75615BAA3A5} = {6BED0A37-BE6B-42D2-AAF0-C612FF57D9EB}
		{C4BD55D0-9512-44F8-84A6-DC244C7D4DED} = {D3C342EC-E6FF-45EB-BBE9-169EB8CCA772}
		{31BF0DAC-DAC0-4FC8-B557-B11A87E45E9D} = {68872D05-970E-4C67-91F5-F8CFF699F110}
		{BF914832-56B0-4057-AE37-71204EFACA95} = {68872D05-970E-4C67-91F5-F8CFF699F110}
		{BD627459-883A-4FB1-9CA2-D65876CE2E8E} = {68872D05-970E-4C67-91F5-F8CFF699F110}
		{A1B3E8B8-65AE-4C59-97CE-08686EB7B8D4} = {D3C342EC-E6FF-45EB-BBE9-169EB8CCA772}
		{3E6538BA-AC58-4F64-9B1D-E3185570C1DC} = {866F6B9B-7415-44C6-A7A9-4EDD96E71BA0}
		{49BB94E4-59E5-477B-9DFC-67EF3ED83895} = {866F6B9B-7415-44C6-A7A9-4EDD96E71BA0}
	EndGlobalSection
EndGlobal
